// !$*UTF8*$!
{
	archiveVersion = 1;
	classes = {
	};
	objectVersion = 42;
	objects = {

/* Begin PBXApplicationTarget section */
		1601BCDBFEEE210811DB9C8B /* Jape */ = {
			isa = PBXApplicationTarget;
			buildConfigurationList = 797479EC088E9AEB001565A1 /* Build configuration list for PBXApplicationTarget "Jape" */;
			buildPhases = (
				1601BCDCFEEE210811DB9C8B /* Sources */,
				1601BCDEFEEE210811DB9C8B /* JavaArchive */,
				1601BCDFFEEE210811DB9C8B /* Resources */,
				1601BCE2FEEE210811DB9C8B /* Frameworks */,
			);
			buildSettings = {
				JAVA_COMPILER = /usr/bin/javac;
				JAVA_COMPILER_DEPRECATED_WARNINGS = YES;
				JAVA_COMPILER_TARGET_VM_VERSION = 1.4;
				JAVA_ONLY = YES;
				JAVA_SOURCE_SUBDIR = .;
				PRODUCT_NAME = Jape;
			};
			dependencies = (
			);
			name = Jape;
			productName = Jape;
			productReference = 06D05853FF24F2DB11DB9C8B /* Jape.app */;
			productSettingsXML = "<?xml version=\"1.0\" encoding=\"UTF-8\"?>
<!DOCTYPE plist PUBLIC \"-//Apple Computer//DTD PLIST 1.0//EN\" \"http://www.apple.com/DTDs/PropertyList-1.0.dtd\">
<plist version=\"1.0\">
<dict>
	<key>CFBundleDevelopmentRegion</key>
	<string>English</string>
	<key>CFBundleDocumentTypes</key>
	<array>
		<dict>
			<key>CFBundleTypeExtensions</key>
			<array>
				<string>jt</string>
			</array>
			<key>CFBundleTypeName</key>
			<string>Jape theory</string>
			<key>CFBundleTypeOSTypes</key>
			<array>
				<string>TEXT</string>
			</array>
			<key>CFBundleTypeRole</key>
			<string>Viewer</string>
		</dict>
	</array>
	<key>CFBundleExecutable</key>
	<string>Jape</string>
	<key>CFBundleGetInfoString</key>
	<string></string>
	<key>CFBundleIconFile</key>
	<string>Jape.icns</string>
	<key>CFBundleIdentifier</key>
	<string></string>
	<key>CFBundleInfoDictionaryVersion</key>
	<string>6.0</string>
	<key>CFBundleName</key>
	<string></string>
	<key>CFBundlePackageType</key>
	<string>APPL</string>
	<key>CFBundleShortVersionString</key>
	<string></string>
	<key>CFBundleSignature</key>
	<string>????</string>
	<key>CFBundleVersion</key>
	<string>0.1</string>
	<key>Java</key>
	<dict>
		<key>ClassPath</key>
		<array>
			<string>$JAVAROOT/Jape.jar</string>
		</array>
		<key>JVMVersion</key>
		<string>1.4*</string>
		<key>MainClass</key>
		<string>uk.org.jape.Jape</string>
		<key>Properties</key>
		<dict>
			<key>apple.awt.showGrowBox</key>
			<string>true</string>
			<key>apple.laf.useScreenMenuBar</key>
			<string>true</string>
			<key>com.apple.mrj.application.apple.menu.about.name</key>
			<string>Jape</string>
		</dict>
	</dict>
	<key>NSJavaNeeded</key>
	<string>YES</string>
	<key>NSJavaPath</key>
	<array>
		<string>Jape.jar</string>
	</array>
	<key>NSJavaRoot</key>
	<string>Contents/Resources/Java</string>
</dict>
</plist>
";
		};
		F5AB83160339F3B701A80116 /* nonlocalJape */ = {
			isa = PBXApplicationTarget;
			buildConfigurationList = 797479F0088E9AEB001565A1 /* Build configuration list for PBXApplicationTarget "nonlocalJape" */;
			buildPhases = (
				F5AB83120339F3B701A80116 /* Sources */,
				F5AB83130339F3B701A80116 /* Resources */,
				F5AB83140339F3B701A80116 /* JavaArchive */,
				F5AB83150339F3B701A80116 /* Frameworks */,
			);
			buildSettings = {
				JAVA_COMPILER = /usr/bin/javac;
				JAVA_COMPILER_DEPRECATED_WARNINGS = YES;
				JAVA_COMPILER_TARGET_VM_VERSION = 1.4;
				JAVA_ONLY = YES;
				JAVA_SOURCE_SUBDIR = .;
				PRODUCT_NAME = nonlocalJape;
			};
			dependencies = (
			);
			name = nonlocalJape;
			productInstallPath = "$(USER_APPS_DIR)";
			productName = nonlocalJape;
			productReference = F5AB83170339F3B701A80116 /* nonlocalJape.app */;
			productSettingsXML = "<?xml version=\"1.0\" encoding=\"UTF-8\"?>
<!DOCTYPE plist PUBLIC \"-//Apple Computer//DTD PLIST 1.0//EN\" \"http://www.apple.com/DTDs/PropertyList-1.0.dtd\">
<plist version=\"1.0\">
<dict>
	<key>CFBundleDevelopmentRegion</key>
	<string>English</string>
	<key>CFBundleExecutable</key>
	<string></string>
	<key>CFBundleGetInfoString</key>
	<string></string>
	<key>CFBundleIconFile</key>
	<string>Jape.icns</string>
	<key>CFBundleIdentifier</key>
	<string></string>
	<key>CFBundleInfoDictionaryVersion</key>
	<string>6.0</string>
	<key>CFBundleName</key>
	<string></string>
	<key>CFBundlePackageType</key>
	<string>APPL</string>
	<key>CFBundleShortVersionString</key>
	<string></string>
	<key>CFBundleSignature</key>
	<string>????</string>
	<key>CFBundleVersion</key>
	<string>0.0.1d1</string>
	<key>Java</key>
	<dict>
		<key>ClassPath</key>
		<array>
			<string>$JAVAROOT/nonlocalJape.jar</string>
		</array>
		<key>JVMVersion</key>
		<string>1.4*</string>
		<key>MainClass</key>
		<string>uk.org.jape.Jape</string>
	</dict>
	<key>NSJavaNeeded</key>
	<string>YES</string>
	<key>NSJavaPath</key>
	<array>
		<string>nonlocalJape.jar</string>
	</array>
	<key>NSJavaRoot</key>
	<string>Contents/Resources/Java</string>
</dict>
</plist>
";
		};
/* End PBXApplicationTarget section */

/* Begin PBXBuildFile section */
		010FB80D00814DD77F000001 /* Jape.icns in Resources */ = {isa = PBXBuildFile; fileRef = 10F9BF62FEEDA25E11DB9C8B /* Jape.icns */; };
		7909AA8007EDEFDF00FC10F3 /* DragIndicator.java in Sources */ = {isa = PBXBuildFile; fileRef = 7909AA7F07EDEFDF00FC10F3 /* DragIndicator.java */; };
		7909AA8107EDEFDF00FC10F3 /* DragIndicator.java in Sources */ = {isa = PBXBuildFile; fileRef = 7909AA7F07EDEFDF00FC10F3 /* DragIndicator.java */; };
		79135453067F2BC7002D81A7 /* LemmaDialog.java in Sources */ = {isa = PBXBuildFile; fileRef = 79135452067F2BC7002D81A7 /* LemmaDialog.java */; };
		79135454067F2BC7002D81A7 /* LemmaDialog.java in Sources */ = {isa = PBXBuildFile; fileRef = 79135452067F2BC7002D81A7 /* LemmaDialog.java */; };
		791C739305DCEDE00086E5C6 /* ButtonPane.java in Sources */ = {isa = PBXBuildFile; fileRef = 791C734405DCEDE00086E5C6 /* ButtonPane.java */; };
		791C739405DCEDE00086E5C6 /* JapeMouseListener.java in Sources */ = {isa = PBXBuildFile; fileRef = 791C734505DCEDE00086E5C6 /* JapeMouseListener.java */; };
		791C739505DCEDE00086E5C6 /* ProtocolConstants.java in Sources */ = {isa = PBXBuildFile; fileRef = 791C734605DCEDE00086E5C6 /* ProtocolConstants.java */; };
		791C739605DCEDE00086E5C6 /* PosIntHashMap.java in Sources */ = {isa = PBXBuildFile; fileRef = 791C734705DCEDE00086E5C6 /* PosIntHashMap.java */; };
		791C739705DCEDE00086E5C6 /* SelectableItem.java in Sources */ = {isa = PBXBuildFile; fileRef = 791C734805DCEDE00086E5C6 /* SelectableItem.java */; };
		791C739805DCEDE00086E5C6 /* WasteBin.java in Sources */ = {isa = PBXBuildFile; fileRef = 791C734905DCEDE00086E5C6 /* WasteBin.java */; };
		791C739905DCEDE00086E5C6 /* LocalSettings.java in Sources */ = {isa = PBXBuildFile; fileRef = 791C734A05DCEDE00086E5C6 /* LocalSettings.java */; };
		791C739A05DCEDE00086E5C6 /* CircleSelection.java in Sources */ = {isa = PBXBuildFile; fileRef = 791C734B05DCEDE00086E5C6 /* CircleSelection.java */; };
		791C739B05DCEDE00086E5C6 /* FileChooser.java in Sources */ = {isa = PBXBuildFile; fileRef = 791C734C05DCEDE00086E5C6 /* FileChooser.java */; };
		791C739C05DCEDE00086E5C6 /* DragImage.java in Sources */ = {isa = PBXBuildFile; fileRef = 791C734D05DCEDE00086E5C6 /* DragImage.java */; };
		791C739D05DCEDE00086E5C6 /* JapeMouseAdapter.java in Sources */ = {isa = PBXBuildFile; fileRef = 791C734E05DCEDE00086E5C6 /* JapeMouseAdapter.java */; };
		791C739E05DCEDE00086E5C6 /* ProofWindow.java in Sources */ = {isa = PBXBuildFile; fileRef = 791C734F05DCEDE00086E5C6 /* ProofWindow.java */; };
		791C739F05DCEDE00086E5C6 /* Reply.java in Sources */ = {isa = PBXBuildFile; fileRef = 791C735005DCEDE00086E5C6 /* Reply.java */; };
		791C73A005DCEDE00086E5C6 /* PanelWindowData.java in Sources */ = {isa = PBXBuildFile; fileRef = 791C735105DCEDE00086E5C6 /* PanelWindowData.java */; };
		791C73A105DCEDE00086E5C6 /* Jape.java in Sources */ = {isa = PBXBuildFile; fileRef = 791C735205DCEDE00086E5C6 /* Jape.java */; };
		791C73A205DCEDE00086E5C6 /* TileTarget.java in Sources */ = {isa = PBXBuildFile; fileRef = 791C735305DCEDE00086E5C6 /* TileTarget.java */; };
		791C73A305DCEDE00086E5C6 /* SurrogateWindow.java in Sources */ = {isa = PBXBuildFile; fileRef = 791C735405DCEDE00086E5C6 /* SurrogateWindow.java */; };
		791C73A405DCEDE00086E5C6 /* Dispatcher.java in Sources */ = {isa = PBXBuildFile; fileRef = 791C735505DCEDE00086E5C6 /* Dispatcher.java */; };
		791C73A505DCEDE00086E5C6 /* LineTarget.java in Sources */ = {isa = PBXBuildFile; fileRef = 791C735605DCEDE00086E5C6 /* LineTarget.java */; };
		791C73A605DCEDE00086E5C6 /* DebugConstants.java in Sources */ = {isa = PBXBuildFile; fileRef = 791C735705DCEDE00086E5C6 /* DebugConstants.java */; };
		791C73A705DCEDE00086E5C6 /* JapeMenu.java in Sources */ = {isa = PBXBuildFile; fileRef = 791C735805DCEDE00086E5C6 /* JapeMenu.java */; };
		791C73A805DCEDE00086E5C6 /* WorldTarget.java in Sources */ = {isa = PBXBuildFile; fileRef = 791C735905DCEDE00086E5C6 /* WorldTarget.java */; };
		791C73A905DCEDE00086E5C6 /* ProofCanvas.java in Sources */ = {isa = PBXBuildFile; fileRef = 791C735A05DCEDE00086E5C6 /* ProofCanvas.java */; };
		791C73AA05DCEDE00086E5C6 /* OutlineItem.java in Sources */ = {isa = PBXBuildFile; fileRef = 791C735B05DCEDE00086E5C6 /* OutlineItem.java */; };
		791C73AB05DCEDE00086E5C6 /* Images.java in Sources */ = {isa = PBXBuildFile; fileRef = 791C735C05DCEDE00086E5C6 /* Images.java */; };
		791C73AC05DCEDE00086E5C6 /* RectSelection.java in Sources */ = {isa = PBXBuildFile; fileRef = 791C735D05DCEDE00086E5C6 /* RectSelection.java */; };
		791C73AD05DCEDE00086E5C6 /* Tile.java in Sources */ = {isa = PBXBuildFile; fileRef = 791C735E05DCEDE00086E5C6 /* Tile.java */; };
		791C73AF05DCEDE00086E5C6 /* DisproofPane.java in Sources */ = {isa = PBXBuildFile; fileRef = 791C736005DCEDE00086E5C6 /* DisproofPane.java */; };
		791C73B005DCEDE00086E5C6 /* LineItem.java in Sources */ = {isa = PBXBuildFile; fileRef = 791C736105DCEDE00086E5C6 /* LineItem.java */; };
		791C73B105DCEDE00086E5C6 /* DisplayItem.java in Sources */ = {isa = PBXBuildFile; fileRef = 791C736205DCEDE00086E5C6 /* DisplayItem.java */; };
		791C73B205DCEDE00086E5C6 /* AnchoredScrollPane.java in Sources */ = {isa = PBXBuildFile; fileRef = 791C736305DCEDE00086E5C6 /* AnchoredScrollPane.java */; };
		791C73B305DCEDE00086E5C6 /* CircleItem.java in Sources */ = {isa = PBXBuildFile; fileRef = 791C736405DCEDE00086E5C6 /* CircleItem.java */; };
		791C73B405DCEDE00086E5C6 /* JapeFont.java in Sources */ = {isa = PBXBuildFile; fileRef = 791C736505DCEDE00086E5C6 /* JapeFont.java */; };
		791C73B505DCEDE00086E5C6 /* WorldSelection.java in Sources */ = {isa = PBXBuildFile; fileRef = 791C736605DCEDE00086E5C6 /* WorldSelection.java */; };
		791C73B605DCEDE00086E5C6 /* DragWorldLine.java in Sources */ = {isa = PBXBuildFile; fileRef = 791C736705DCEDE00086E5C6 /* DragWorldLine.java */; };
		791C73B705DCEDE00086E5C6 /* TextSelectableItem.java in Sources */ = {isa = PBXBuildFile; fileRef = 791C736805DCEDE00086E5C6 /* TextSelectableItem.java */; };
		791C73B805DCEDE00086E5C6 /* ChoiceDialog.java in Sources */ = {isa = PBXBuildFile; fileRef = 791C736905DCEDE00086E5C6 /* ChoiceDialog.java */; };
		791C73B905DCEDE00086E5C6 /* LineComponent.java in Sources */ = {isa = PBXBuildFile; fileRef = 791C736A05DCEDE00086E5C6 /* LineComponent.java */; };
		791C73BA05DCEDE00086E5C6 /* DisproofCanvas.java in Sources */ = {isa = PBXBuildFile; fileRef = 791C736B05DCEDE00086E5C6 /* DisproofCanvas.java */; };
		791C73BB05DCEDE00086E5C6 /* FilePrefs.java in Sources */ = {isa = PBXBuildFile; fileRef = 791C736C05DCEDE00086E5C6 /* FilePrefs.java */; };
		791C73BC05DCEDE00086E5C6 /* Alert.java in Sources */ = {isa = PBXBuildFile; fileRef = 791C736D05DCEDE00086E5C6 /* Alert.java */; };
		791C73BD05DCEDE00086E5C6 /* AboutBox.java in Sources */ = {isa = PBXBuildFile; fileRef = 791C736E05DCEDE00086E5C6 /* AboutBox.java */; };
		791C73BE05DCEDE00086E5C6 /* WorldLabel.java in Sources */ = {isa = PBXBuildFile; fileRef = 791C736F05DCEDE00086E5C6 /* WorldLabel.java */; };
		791C73BF05DCEDE00086E5C6 /* JapeCanvas.java in Sources */ = {isa = PBXBuildFile; fileRef = 791C737005DCEDE00086E5C6 /* JapeCanvas.java */; };
		791C73C005DCEDE00086E5C6 /* Export.java in Sources */ = {isa = PBXBuildFile; fileRef = 791C737105DCEDE00086E5C6 /* Export.java */; };
		791C73C105DCEDE10086E5C6 /* Flyback.java in Sources */ = {isa = PBXBuildFile; fileRef = 791C737205DCEDE00086E5C6 /* Flyback.java */; };
		791C73C205DCEDE10086E5C6 /* TextItem.java in Sources */ = {isa = PBXBuildFile; fileRef = 791C737305DCEDE00086E5C6 /* TextItem.java */; };
		791C73C305DCEDE10086E5C6 /* LabelTarget.java in Sources */ = {isa = PBXBuildFile; fileRef = 791C737405DCEDE00086E5C6 /* LabelTarget.java */; };
		791C73C405DCEDE10086E5C6 /* SelectionIndicator.java in Sources */ = {isa = PBXBuildFile; fileRef = 791C737505DCEDE00086E5C6 /* SelectionIndicator.java */; };
		791C73C505DCEDE10086E5C6 /* WorldItem.java in Sources */ = {isa = PBXBuildFile; fileRef = 791C737605DCEDE00086E5C6 /* WorldItem.java */; };
		791C73C605DCEDE10086E5C6 /* MiscellaneousConstants.java in Sources */ = {isa = PBXBuildFile; fileRef = 791C737705DCEDE00086E5C6 /* MiscellaneousConstants.java */; };
		791C73C705DCEDE10086E5C6 /* TextDimension.java in Sources */ = {isa = PBXBuildFile; fileRef = 791C737805DCEDE00086E5C6 /* TextDimension.java */; };
		791C73C805DCEDE10086E5C6 /* Engine.java in Sources */ = {isa = PBXBuildFile; fileRef = 791C737905DCEDE00086E5C6 /* Engine.java */; };
		791C73C905DCEDE10086E5C6 /* JapeWindow.java in Sources */ = {isa = PBXBuildFile; fileRef = 791C737A05DCEDE00086E5C6 /* JapeWindow.java */; };
		791C73CA05DCEDE10086E5C6 /* ControlWindow.java in Sources */ = {isa = PBXBuildFile; fileRef = 791C737B05DCEDE00086E5C6 /* ControlWindow.java */; };
		791C73CB05DCEDE10086E5C6 /* RectItem.java in Sources */ = {isa = PBXBuildFile; fileRef = 791C737C05DCEDE00086E5C6 /* RectItem.java */; };
		791C73CC05DCEDE10086E5C6 /* SelectionConstants.java in Sources */ = {isa = PBXBuildFile; fileRef = 791C737D05DCEDE00086E5C6 /* SelectionConstants.java */; };
		791C73CD05DCEDE10086E5C6 /* ContainerWithOrigin.java in Sources */ = {isa = PBXBuildFile; fileRef = 791C737E05DCEDE00086E5C6 /* ContainerWithOrigin.java */; };
		791C73CE05DCEDE10086E5C6 /* MinWaste.java in Sources */ = {isa = PBXBuildFile; fileRef = 791C737F05DCEDE00086E5C6 /* MinWaste.java */; };
		791C73CF05DCEDE10086E5C6 /* DragComponent.java in Sources */ = {isa = PBXBuildFile; fileRef = 791C738005DCEDE00086E5C6 /* DragComponent.java */; };
		791C73D005DCEDE10086E5C6 /* TextDialog.java in Sources */ = {isa = PBXBuildFile; fileRef = 791C738105DCEDE00086E5C6 /* TextDialog.java */; };
		791C73D105DCEDE10086E5C6 /* DebugVars.java in Sources */ = {isa = PBXBuildFile; fileRef = 791C738205DCEDE00086E5C6 /* DebugVars.java */; };
		791C73D205DCEDE10086E5C6 /* JapeUtils.java in Sources */ = {isa = PBXBuildFile; fileRef = 791C738305DCEDE00086E5C6 /* JapeUtils.java */; };
		791C73D305DCEDE10086E5C6 /* ProvisoCanvas.java in Sources */ = {isa = PBXBuildFile; fileRef = 791C738405DCEDE00086E5C6 /* ProvisoCanvas.java */; };
		791C73D405DCEDE10086E5C6 /* PrintProof.java in Sources */ = {isa = PBXBuildFile; fileRef = 791C738505DCEDE00086E5C6 /* PrintProof.java */; };
		791C73D505DCEDE10086E5C6 /* SelectableProofItem.java in Sources */ = {isa = PBXBuildFile; fileRef = 791C738605DCEDE00086E5C6 /* SelectableProofItem.java */; };
		791C73D605DCEDE10086E5C6 /* WorldConnector.java in Sources */ = {isa = PBXBuildFile; fileRef = 791C738705DCEDE00086E5C6 /* WorldConnector.java */; };
		791C73D705DCEDE10086E5C6 /* DirectedFormulaSelection.java in Sources */ = {isa = PBXBuildFile; fileRef = 791C738805DCEDE00086E5C6 /* DirectedFormulaSelection.java */; };
		791C73D805DCEDE10086E5C6 /* MenuHolder.java in Sources */ = {isa = PBXBuildFile; fileRef = 791C738905DCEDE00086E5C6 /* MenuHolder.java */; };
		791C73DA05DCEDE10086E5C6 /* JapeMouseTextAdapter.java in Sources */ = {isa = PBXBuildFile; fileRef = 791C738B05DCEDE00086E5C6 /* JapeMouseTextAdapter.java */; };
		791C73DB05DCEDE10086E5C6 /* ProtocolError.java in Sources */ = {isa = PBXBuildFile; fileRef = 791C738C05DCEDE00086E5C6 /* ProtocolError.java */; };
		791C73DC05DCEDE10086E5C6 /* JapePrefs.java in Sources */ = {isa = PBXBuildFile; fileRef = 791C738D05DCEDE00086E5C6 /* JapePrefs.java */; };
		791C73DD05DCEDE10086E5C6 /* ExportPic.java in Sources */ = {isa = PBXBuildFile; fileRef = 791C738E05DCEDE00086E5C6 /* ExportPic.java */; };
		791C73DE05DCEDE10086E5C6 /* WorldCanvas.java in Sources */ = {isa = PBXBuildFile; fileRef = 791C738F05DCEDE00086E5C6 /* WorldCanvas.java */; };
		791C73DF05DCEDE10086E5C6 /* DragLine.java in Sources */ = {isa = PBXBuildFile; fileRef = 791C739005DCEDE00086E5C6 /* DragLine.java */; };
		791C73E005DCEDE10086E5C6 /* EmphasisableItem.java in Sources */ = {isa = PBXBuildFile; fileRef = 791C739105DCEDE00086E5C6 /* EmphasisableItem.java */; };
		791C73E105DCEDE10086E5C6 /* Logger.java in Sources */ = {isa = PBXBuildFile; fileRef = 791C739205DCEDE00086E5C6 /* Logger.java */; };
		791C73E205DCEDE10086E5C6 /* ButtonPane.java in Sources */ = {isa = PBXBuildFile; fileRef = 791C734405DCEDE00086E5C6 /* ButtonPane.java */; };
		791C73E305DCEDE10086E5C6 /* JapeMouseListener.java in Sources */ = {isa = PBXBuildFile; fileRef = 791C734505DCEDE00086E5C6 /* JapeMouseListener.java */; };
		791C73E405DCEDE10086E5C6 /* ProtocolConstants.java in Sources */ = {isa = PBXBuildFile; fileRef = 791C734605DCEDE00086E5C6 /* ProtocolConstants.java */; };
		791C73E505DCEDE10086E5C6 /* PosIntHashMap.java in Sources */ = {isa = PBXBuildFile; fileRef = 791C734705DCEDE00086E5C6 /* PosIntHashMap.java */; };
		791C73E605DCEDE10086E5C6 /* SelectableItem.java in Sources */ = {isa = PBXBuildFile; fileRef = 791C734805DCEDE00086E5C6 /* SelectableItem.java */; };
		791C73E705DCEDE10086E5C6 /* WasteBin.java in Sources */ = {isa = PBXBuildFile; fileRef = 791C734905DCEDE00086E5C6 /* WasteBin.java */; };
		791C73E905DCEDE10086E5C6 /* CircleSelection.java in Sources */ = {isa = PBXBuildFile; fileRef = 791C734B05DCEDE00086E5C6 /* CircleSelection.java */; };
		791C73EA05DCEDE10086E5C6 /* FileChooser.java in Sources */ = {isa = PBXBuildFile; fileRef = 791C734C05DCEDE00086E5C6 /* FileChooser.java */; };
		791C73EB05DCEDE10086E5C6 /* DragImage.java in Sources */ = {isa = PBXBuildFile; fileRef = 791C734D05DCEDE00086E5C6 /* DragImage.java */; };
		791C73EC05DCEDE10086E5C6 /* JapeMouseAdapter.java in Sources */ = {isa = PBXBuildFile; fileRef = 791C734E05DCEDE00086E5C6 /* JapeMouseAdapter.java */; };
		791C73ED05DCEDE10086E5C6 /* ProofWindow.java in Sources */ = {isa = PBXBuildFile; fileRef = 791C734F05DCEDE00086E5C6 /* ProofWindow.java */; };
		791C73EE05DCEDE10086E5C6 /* Reply.java in Sources */ = {isa = PBXBuildFile; fileRef = 791C735005DCEDE00086E5C6 /* Reply.java */; };
		791C73EF05DCEDE10086E5C6 /* PanelWindowData.java in Sources */ = {isa = PBXBuildFile; fileRef = 791C735105DCEDE00086E5C6 /* PanelWindowData.java */; };
		791C73F005DCEDE10086E5C6 /* Jape.java in Sources */ = {isa = PBXBuildFile; fileRef = 791C735205DCEDE00086E5C6 /* Jape.java */; };
		791C73F105DCEDE10086E5C6 /* TileTarget.java in Sources */ = {isa = PBXBuildFile; fileRef = 791C735305DCEDE00086E5C6 /* TileTarget.java */; };
		791C73F205DCEDE10086E5C6 /* SurrogateWindow.java in Sources */ = {isa = PBXBuildFile; fileRef = 791C735405DCEDE00086E5C6 /* SurrogateWindow.java */; };
		791C73F305DCEDE10086E5C6 /* Dispatcher.java in Sources */ = {isa = PBXBuildFile; fileRef = 791C735505DCEDE00086E5C6 /* Dispatcher.java */; };
		791C73F405DCEDE10086E5C6 /* LineTarget.java in Sources */ = {isa = PBXBuildFile; fileRef = 791C735605DCEDE00086E5C6 /* LineTarget.java */; };
		791C73F505DCEDE10086E5C6 /* DebugConstants.java in Sources */ = {isa = PBXBuildFile; fileRef = 791C735705DCEDE00086E5C6 /* DebugConstants.java */; };
		791C73F605DCEDE10086E5C6 /* JapeMenu.java in Sources */ = {isa = PBXBuildFile; fileRef = 791C735805DCEDE00086E5C6 /* JapeMenu.java */; };
		791C73F705DCEDE10086E5C6 /* WorldTarget.java in Sources */ = {isa = PBXBuildFile; fileRef = 791C735905DCEDE00086E5C6 /* WorldTarget.java */; };
		791C73F805DCEDE10086E5C6 /* ProofCanvas.java in Sources */ = {isa = PBXBuildFile; fileRef = 791C735A05DCEDE00086E5C6 /* ProofCanvas.java */; };
		791C73F905DCEDE10086E5C6 /* OutlineItem.java in Sources */ = {isa = PBXBuildFile; fileRef = 791C735B05DCEDE00086E5C6 /* OutlineItem.java */; };
		791C73FA05DCEDE10086E5C6 /* Images.java in Sources */ = {isa = PBXBuildFile; fileRef = 791C735C05DCEDE00086E5C6 /* Images.java */; };
		791C73FB05DCEDE10086E5C6 /* RectSelection.java in Sources */ = {isa = PBXBuildFile; fileRef = 791C735D05DCEDE00086E5C6 /* RectSelection.java */; };
		791C73FC05DCEDE10086E5C6 /* Tile.java in Sources */ = {isa = PBXBuildFile; fileRef = 791C735E05DCEDE00086E5C6 /* Tile.java */; };
		791C73FE05DCEDE10086E5C6 /* DisproofPane.java in Sources */ = {isa = PBXBuildFile; fileRef = 791C736005DCEDE00086E5C6 /* DisproofPane.java */; };
		791C73FF05DCEDE10086E5C6 /* LineItem.java in Sources */ = {isa = PBXBuildFile; fileRef = 791C736105DCEDE00086E5C6 /* LineItem.java */; };
		791C740005DCEDE10086E5C6 /* DisplayItem.java in Sources */ = {isa = PBXBuildFile; fileRef = 791C736205DCEDE00086E5C6 /* DisplayItem.java */; };
		791C740105DCEDE10086E5C6 /* AnchoredScrollPane.java in Sources */ = {isa = PBXBuildFile; fileRef = 791C736305DCEDE00086E5C6 /* AnchoredScrollPane.java */; };
		791C740205DCEDE10086E5C6 /* CircleItem.java in Sources */ = {isa = PBXBuildFile; fileRef = 791C736405DCEDE00086E5C6 /* CircleItem.java */; };
		791C740305DCEDE10086E5C6 /* JapeFont.java in Sources */ = {isa = PBXBuildFile; fileRef = 791C736505DCEDE00086E5C6 /* JapeFont.java */; };
		791C740405DCEDE10086E5C6 /* WorldSelection.java in Sources */ = {isa = PBXBuildFile; fileRef = 791C736605DCEDE00086E5C6 /* WorldSelection.java */; };
		791C740505DCEDE10086E5C6 /* DragWorldLine.java in Sources */ = {isa = PBXBuildFile; fileRef = 791C736705DCEDE00086E5C6 /* DragWorldLine.java */; };
		791C740605DCEDE10086E5C6 /* TextSelectableItem.java in Sources */ = {isa = PBXBuildFile; fileRef = 791C736805DCEDE00086E5C6 /* TextSelectableItem.java */; };
		791C740705DCEDE10086E5C6 /* ChoiceDialog.java in Sources */ = {isa = PBXBuildFile; fileRef = 791C736905DCEDE00086E5C6 /* ChoiceDialog.java */; };
		791C740805DCEDE10086E5C6 /* LineComponent.java in Sources */ = {isa = PBXBuildFile; fileRef = 791C736A05DCEDE00086E5C6 /* LineComponent.java */; };
		791C740905DCEDE10086E5C6 /* DisproofCanvas.java in Sources */ = {isa = PBXBuildFile; fileRef = 791C736B05DCEDE00086E5C6 /* DisproofCanvas.java */; };
		791C740A05DCEDE10086E5C6 /* FilePrefs.java in Sources */ = {isa = PBXBuildFile; fileRef = 791C736C05DCEDE00086E5C6 /* FilePrefs.java */; };
		791C740B05DCEDE10086E5C6 /* Alert.java in Sources */ = {isa = PBXBuildFile; fileRef = 791C736D05DCEDE00086E5C6 /* Alert.java */; };
		791C740C05DCEDE10086E5C6 /* AboutBox.java in Sources */ = {isa = PBXBuildFile; fileRef = 791C736E05DCEDE00086E5C6 /* AboutBox.java */; };
		791C740D05DCEDE10086E5C6 /* WorldLabel.java in Sources */ = {isa = PBXBuildFile; fileRef = 791C736F05DCEDE00086E5C6 /* WorldLabel.java */; };
		791C740E05DCEDE10086E5C6 /* JapeCanvas.java in Sources */ = {isa = PBXBuildFile; fileRef = 791C737005DCEDE00086E5C6 /* JapeCanvas.java */; };
		791C740F05DCEDE10086E5C6 /* Export.java in Sources */ = {isa = PBXBuildFile; fileRef = 791C737105DCEDE00086E5C6 /* Export.java */; };
		791C741005DCEDE10086E5C6 /* Flyback.java in Sources */ = {isa = PBXBuildFile; fileRef = 791C737205DCEDE00086E5C6 /* Flyback.java */; };
		791C741105DCEDE10086E5C6 /* TextItem.java in Sources */ = {isa = PBXBuildFile; fileRef = 791C737305DCEDE00086E5C6 /* TextItem.java */; };
		791C741205DCEDE10086E5C6 /* LabelTarget.java in Sources */ = {isa = PBXBuildFile; fileRef = 791C737405DCEDE00086E5C6 /* LabelTarget.java */; };
		791C741305DCEDE10086E5C6 /* SelectionIndicator.java in Sources */ = {isa = PBXBuildFile; fileRef = 791C737505DCEDE00086E5C6 /* SelectionIndicator.java */; };
		791C741405DCEDE10086E5C6 /* WorldItem.java in Sources */ = {isa = PBXBuildFile; fileRef = 791C737605DCEDE00086E5C6 /* WorldItem.java */; };
		791C741505DCEDE10086E5C6 /* MiscellaneousConstants.java in Sources */ = {isa = PBXBuildFile; fileRef = 791C737705DCEDE00086E5C6 /* MiscellaneousConstants.java */; };
		791C741605DCEDE10086E5C6 /* TextDimension.java in Sources */ = {isa = PBXBuildFile; fileRef = 791C737805DCEDE00086E5C6 /* TextDimension.java */; };
		791C741705DCEDE10086E5C6 /* Engine.java in Sources */ = {isa = PBXBuildFile; fileRef = 791C737905DCEDE00086E5C6 /* Engine.java */; };
		791C741805DCEDE10086E5C6 /* JapeWindow.java in Sources */ = {isa = PBXBuildFile; fileRef = 791C737A05DCEDE00086E5C6 /* JapeWindow.java */; };
		791C741905DCEDE10086E5C6 /* ControlWindow.java in Sources */ = {isa = PBXBuildFile; fileRef = 791C737B05DCEDE00086E5C6 /* ControlWindow.java */; };
		791C741A05DCEDE10086E5C6 /* RectItem.java in Sources */ = {isa = PBXBuildFile; fileRef = 791C737C05DCEDE00086E5C6 /* RectItem.java */; };
		791C741B05DCEDE10086E5C6 /* SelectionConstants.java in Sources */ = {isa = PBXBuildFile; fileRef = 791C737D05DCEDE00086E5C6 /* SelectionConstants.java */; };
		791C741C05DCEDE10086E5C6 /* ContainerWithOrigin.java in Sources */ = {isa = PBXBuildFile; fileRef = 791C737E05DCEDE00086E5C6 /* ContainerWithOrigin.java */; };
		791C741D05DCEDE10086E5C6 /* MinWaste.java in Sources */ = {isa = PBXBuildFile; fileRef = 791C737F05DCEDE00086E5C6 /* MinWaste.java */; };
		791C741E05DCEDE10086E5C6 /* DragComponent.java in Sources */ = {isa = PBXBuildFile; fileRef = 791C738005DCEDE00086E5C6 /* DragComponent.java */; };
		791C741F05DCEDE10086E5C6 /* TextDialog.java in Sources */ = {isa = PBXBuildFile; fileRef = 791C738105DCEDE00086E5C6 /* TextDialog.java */; };
		791C742005DCEDE10086E5C6 /* DebugVars.java in Sources */ = {isa = PBXBuildFile; fileRef = 791C738205DCEDE00086E5C6 /* DebugVars.java */; };
		791C742105DCEDE10086E5C6 /* JapeUtils.java in Sources */ = {isa = PBXBuildFile; fileRef = 791C738305DCEDE00086E5C6 /* JapeUtils.java */; };
		791C742205DCEDE10086E5C6 /* ProvisoCanvas.java in Sources */ = {isa = PBXBuildFile; fileRef = 791C738405DCEDE00086E5C6 /* ProvisoCanvas.java */; };
		791C742305DCEDE10086E5C6 /* PrintProof.java in Sources */ = {isa = PBXBuildFile; fileRef = 791C738505DCEDE00086E5C6 /* PrintProof.java */; };
		791C742405DCEDE10086E5C6 /* SelectableProofItem.java in Sources */ = {isa = PBXBuildFile; fileRef = 791C738605DCEDE00086E5C6 /* SelectableProofItem.java */; };
		791C742505DCEDE10086E5C6 /* WorldConnector.java in Sources */ = {isa = PBXBuildFile; fileRef = 791C738705DCEDE00086E5C6 /* WorldConnector.java */; };
		791C742605DCEDE10086E5C6 /* DirectedFormulaSelection.java in Sources */ = {isa = PBXBuildFile; fileRef = 791C738805DCEDE00086E5C6 /* DirectedFormulaSelection.java */; };
		791C742705DCEDE10086E5C6 /* MenuHolder.java in Sources */ = {isa = PBXBuildFile; fileRef = 791C738905DCEDE00086E5C6 /* MenuHolder.java */; };
		791C742905DCEDE10086E5C6 /* JapeMouseTextAdapter.java in Sources */ = {isa = PBXBuildFile; fileRef = 791C738B05DCEDE00086E5C6 /* JapeMouseTextAdapter.java */; };
		791C742A05DCEDE10086E5C6 /* ProtocolError.java in Sources */ = {isa = PBXBuildFile; fileRef = 791C738C05DCEDE00086E5C6 /* ProtocolError.java */; };
		791C742B05DCEDE10086E5C6 /* JapePrefs.java in Sources */ = {isa = PBXBuildFile; fileRef = 791C738D05DCEDE00086E5C6 /* JapePrefs.java */; };
		791C742C05DCEDE10086E5C6 /* ExportPic.java in Sources */ = {isa = PBXBuildFile; fileRef = 791C738E05DCEDE00086E5C6 /* ExportPic.java */; };
		791C742D05DCEDE10086E5C6 /* WorldCanvas.java in Sources */ = {isa = PBXBuildFile; fileRef = 791C738F05DCEDE00086E5C6 /* WorldCanvas.java */; };
		791C742E05DCEDE10086E5C6 /* DragLine.java in Sources */ = {isa = PBXBuildFile; fileRef = 791C739005DCEDE00086E5C6 /* DragLine.java */; };
		791C742F05DCEDE10086E5C6 /* EmphasisableItem.java in Sources */ = {isa = PBXBuildFile; fileRef = 791C739105DCEDE00086E5C6 /* EmphasisableItem.java */; };
		791C743005DCEDE10086E5C6 /* Logger.java in Sources */ = {isa = PBXBuildFile; fileRef = 791C739205DCEDE00086E5C6 /* Logger.java */; };
		7923783106104EE30084726D /* JapeFileFilter.java in Sources */ = {isa = PBXBuildFile; fileRef = 7923783006104EE30084726D /* JapeFileFilter.java */; };
		7923783206104EE40084726D /* JapeFileFilter.java in Sources */ = {isa = PBXBuildFile; fileRef = 7923783006104EE30084726D /* JapeFileFilter.java */; };
		792473B40650EC5700FCFD44 /* AnnotatedTextComponent.java in Sources */ = {isa = PBXBuildFile; fileRef = 792473B30650EC5700FCFD44 /* AnnotatedTextComponent.java */; };
		792473B50650EC5700FCFD44 /* AnnotatedTextComponent.java in Sources */ = {isa = PBXBuildFile; fileRef = 792473B30650EC5700FCFD44 /* AnnotatedTextComponent.java */; };
		7935695707EA0804006D0E33 /* FormulaTarget.java in Sources */ = {isa = PBXBuildFile; fileRef = 7935695607EA0804006D0E33 /* FormulaTarget.java */; };
		7935695807EA0804006D0E33 /* FormulaTarget.java in Sources */ = {isa = PBXBuildFile; fileRef = 7935695607EA0804006D0E33 /* FormulaTarget.java */; };
		794FC84F08697A34009A3D44 /* LocalSettings.java in Sources */ = {isa = PBXBuildFile; fileRef = F515B6180331DA6801A80116 /* LocalSettings.java */; };
		79A31804064BF8EF0096C4DA /* TextComponent.java in Sources */ = {isa = PBXBuildFile; fileRef = 79A31803064BF8EF0096C4DA /* TextComponent.java */; };
		79A31805064BF8EF0096C4DA /* TextComponent.java in Sources */ = {isa = PBXBuildFile; fileRef = 79A31803064BF8EF0096C4DA /* TextComponent.java */; };
		F5AB83260339F40E01A80116 /* Jape.icns in Resources */ = {isa = PBXBuildFile; fileRef = 10F9BF62FEEDA25E11DB9C8B /* Jape.icns */; };
		F5E5E7C403A79B4201A80116 /* japelogo.gif in JavaArchive */ = {isa = PBXBuildFile; fileRef = F5E5E7C303A79B4201A80116 /* japelogo.gif */; settings = {JAVA_ARCHIVE_SUBDIR = ""; }; };
		F5E5E7C503A79B4201A80116 /* japelogo.gif in Resources */ = {isa = PBXBuildFile; fileRef = F5E5E7C303A79B4201A80116 /* japelogo.gif */; };
		F5E5E7C903A79B5B01A80116 /* wastebin_disabled.jpg in JavaArchive */ = {isa = PBXBuildFile; fileRef = F5E5E7C603A79B5B01A80116 /* wastebin_disabled.jpg */; settings = {JAVA_ARCHIVE_SUBDIR = ""; }; };
		F5E5E7CA03A79B5B01A80116 /* wastebin_enabled.jpg in JavaArchive */ = {isa = PBXBuildFile; fileRef = F5E5E7C703A79B5B01A80116 /* wastebin_enabled.jpg */; settings = {JAVA_ARCHIVE_SUBDIR = ""; }; };
		F5E5E7CB03A79B5B01A80116 /* wastebin_selected.jpg in JavaArchive */ = {isa = PBXBuildFile; fileRef = F5E5E7C803A79B5B01A80116 /* wastebin_selected.jpg */; settings = {JAVA_ARCHIVE_SUBDIR = ""; }; };
		F5E5E7CC03A79B5B01A80116 /* wastebin_disabled.jpg in Resources */ = {isa = PBXBuildFile; fileRef = F5E5E7C603A79B5B01A80116 /* wastebin_disabled.jpg */; };
		F5E5E7CD03A79B5B01A80116 /* wastebin_enabled.jpg in Resources */ = {isa = PBXBuildFile; fileRef = F5E5E7C703A79B5B01A80116 /* wastebin_enabled.jpg */; };
		F5E5E7CE03A79B5B01A80116 /* wastebin_selected.jpg in Resources */ = {isa = PBXBuildFile; fileRef = F5E5E7C803A79B5B01A80116 /* wastebin_selected.jpg */; };
/* End PBXBuildFile section */

/* Begin PBXBuildStyle section */
		0E20B662001FAFA711DB9C8B /* Development */ = {
			isa = PBXBuildStyle;
			buildSettings = {
				COPY_PHASE_STRIP = NO;
				GCC_DYNAMIC_NO_PIC = NO;
				GCC_ENABLE_FIX_AND_CONTINUE = YES;
				GCC_GENERATE_DEBUGGING_SYMBOLS = YES;
				GCC_OPTIMIZATION_LEVEL = 0;
				GENERATE_PROFILING_CODE = YES;
				ZERO_LINK = YES;
			};
			name = Development;
		};
		0E20B663001FAFA711DB9C8B /* Deployment */ = {
			isa = PBXBuildStyle;
			buildSettings = {
				COPY_PHASE_STRIP = YES;
				GCC_ENABLE_FIX_AND_CONTINUE = NO;
				ZERO_LINK = NO;
			};
			name = Deployment;
		};
/* End PBXBuildStyle section */

/* Begin PBXFileReference section */
		06D05853FF24F2DB11DB9C8B /* Jape.app */ = {isa = PBXFileReference; explicitFileType = wrapper.application; path = Jape.app; sourceTree = BUILT_PRODUCTS_DIR; };
		10F9BF62FEEDA25E11DB9C8B /* Jape.icns */ = {isa = PBXFileReference; lastKnownFileType = image.icns; path = Jape.icns; sourceTree = SOURCE_ROOT; };
		7909AA7F07EDEFDF00FC10F3 /* DragIndicator.java */ = {isa = PBXFileReference; fileEncoding = 4; lastKnownFileType = sourcecode.java; name = DragIndicator.java; path = ../../java_GUI/uk/org/jape/DragIndicator.java; sourceTree = SOURCE_ROOT; };
		79135452067F2BC7002D81A7 /* LemmaDialog.java */ = {isa = PBXFileReference; fileEncoding = 4; lastKnownFileType = sourcecode.java; name = LemmaDialog.java; path = ../../java_GUI/uk/org/jape/LemmaDialog.java; sourceTree = SOURCE_ROOT; };
		791C734405DCEDE00086E5C6 /* ButtonPane.java */ = {isa = PBXFileReference; fileEncoding = 30; lastKnownFileType = sourcecode.java; name = ButtonPane.java; path = ../../java_GUI/uk/org/jape/ButtonPane.java; sourceTree = SOURCE_ROOT; };
		791C734505DCEDE00086E5C6 /* JapeMouseListener.java */ = {isa = PBXFileReference; fileEncoding = 30; lastKnownFileType = sourcecode.java; name = JapeMouseListener.java; path = ../../java_GUI/uk/org/jape/JapeMouseListener.java; sourceTree = SOURCE_ROOT; };
		791C734605DCEDE00086E5C6 /* ProtocolConstants.java */ = {isa = PBXFileReference; fileEncoding = 30; lastKnownFileType = sourcecode.java; name = ProtocolConstants.java; path = ../../java_GUI/uk/org/jape/ProtocolConstants.java; sourceTree = SOURCE_ROOT; };
		791C734705DCEDE00086E5C6 /* PosIntHashMap.java */ = {isa = PBXFileReference; fileEncoding = 30; lastKnownFileType = sourcecode.java; name = PosIntHashMap.java; path = ../../java_GUI/uk/org/jape/PosIntHashMap.java; sourceTree = SOURCE_ROOT; };
		791C734805DCEDE00086E5C6 /* SelectableItem.java */ = {isa = PBXFileReference; fileEncoding = 30; lastKnownFileType = sourcecode.java; name = SelectableItem.java; path = ../../java_GUI/uk/org/jape/SelectableItem.java; sourceTree = SOURCE_ROOT; };
		791C734905DCEDE00086E5C6 /* WasteBin.java */ = {isa = PBXFileReference; fileEncoding = 30; lastKnownFileType = sourcecode.java; name = WasteBin.java; path = ../../java_GUI/uk/org/jape/WasteBin.java; sourceTree = SOURCE_ROOT; };
		791C734A05DCEDE00086E5C6 /* LocalSettings.java */ = {isa = PBXFileReference; fileEncoding = 30; lastKnownFileType = sourcecode.java; name = LocalSettings.java; path = /Users/richard/cvsdownloads/jape/distrib/java_GUI/uk/org/jape/LocalSettings.java; sourceTree = "<absolute>"; };
		791C734B05DCEDE00086E5C6 /* CircleSelection.java */ = {isa = PBXFileReference; fileEncoding = 30; lastKnownFileType = sourcecode.java; name = CircleSelection.java; path = ../../java_GUI/uk/org/jape/CircleSelection.java; sourceTree = SOURCE_ROOT; };
		791C734C05DCEDE00086E5C6 /* FileChooser.java */ = {isa = PBXFileReference; fileEncoding = 30; lastKnownFileType = sourcecode.java; name = FileChooser.java; path = ../../java_GUI/uk/org/jape/FileChooser.java; sourceTree = SOURCE_ROOT; };
		791C734D05DCEDE00086E5C6 /* DragImage.java */ = {isa = PBXFileReference; fileEncoding = 30; lastKnownFileType = sourcecode.java; name = DragImage.java; path = ../../java_GUI/uk/org/jape/DragImage.java; sourceTree = SOURCE_ROOT; };
		791C734E05DCEDE00086E5C6 /* JapeMouseAdapter.java */ = {isa = PBXFileReference; fileEncoding = 30; lastKnownFileType = sourcecode.java; name = JapeMouseAdapter.java; path = ../../java_GUI/uk/org/jape/JapeMouseAdapter.java; sourceTree = SOURCE_ROOT; };
		791C734F05DCEDE00086E5C6 /* ProofWindow.java */ = {isa = PBXFileReference; fileEncoding = 30; lastKnownFileType = sourcecode.java; name = ProofWindow.java; path = ../../java_GUI/uk/org/jape/ProofWindow.java; sourceTree = SOURCE_ROOT; };
		791C735005DCEDE00086E5C6 /* Reply.java */ = {isa = PBXFileReference; fileEncoding = 30; lastKnownFileType = sourcecode.java; name = Reply.java; path = ../../java_GUI/uk/org/jape/Reply.java; sourceTree = SOURCE_ROOT; };
		791C735105DCEDE00086E5C6 /* PanelWindowData.java */ = {isa = PBXFileReference; fileEncoding = 30; lastKnownFileType = sourcecode.java; name = PanelWindowData.java; path = ../../java_GUI/uk/org/jape/PanelWindowData.java; sourceTree = SOURCE_ROOT; };
		791C735205DCEDE00086E5C6 /* Jape.java */ = {isa = PBXFileReference; fileEncoding = 30; lastKnownFileType = sourcecode.java; name = Jape.java; path = ../../java_GUI/uk/org/jape/Jape.java; sourceTree = SOURCE_ROOT; };
		791C735305DCEDE00086E5C6 /* TileTarget.java */ = {isa = PBXFileReference; fileEncoding = 30; lastKnownFileType = sourcecode.java; name = TileTarget.java; path = ../../java_GUI/uk/org/jape/TileTarget.java; sourceTree = SOURCE_ROOT; };
		791C735405DCEDE00086E5C6 /* SurrogateWindow.java */ = {isa = PBXFileReference; fileEncoding = 30; lastKnownFileType = sourcecode.java; name = SurrogateWindow.java; path = ../../java_GUI/uk/org/jape/SurrogateWindow.java; sourceTree = SOURCE_ROOT; };
		791C735505DCEDE00086E5C6 /* Dispatcher.java */ = {isa = PBXFileReference; fileEncoding = 30; lastKnownFileType = sourcecode.java; name = Dispatcher.java; path = ../../java_GUI/uk/org/jape/Dispatcher.java; sourceTree = SOURCE_ROOT; };
		791C735605DCEDE00086E5C6 /* LineTarget.java */ = {isa = PBXFileReference; fileEncoding = 30; lastKnownFileType = sourcecode.java; name = LineTarget.java; path = ../../java_GUI/uk/org/jape/LineTarget.java; sourceTree = SOURCE_ROOT; };
		791C735705DCEDE00086E5C6 /* DebugConstants.java */ = {isa = PBXFileReference; fileEncoding = 30; lastKnownFileType = sourcecode.java; name = DebugConstants.java; path = ../../java_GUI/uk/org/jape/DebugConstants.java; sourceTree = SOURCE_ROOT; };
		791C735805DCEDE00086E5C6 /* JapeMenu.java */ = {isa = PBXFileReference; fileEncoding = 30; lastKnownFileType = sourcecode.java; name = JapeMenu.java; path = ../../java_GUI/uk/org/jape/JapeMenu.java; sourceTree = SOURCE_ROOT; };
		791C735905DCEDE00086E5C6 /* WorldTarget.java */ = {isa = PBXFileReference; fileEncoding = 30; lastKnownFileType = sourcecode.java; name = WorldTarget.java; path = ../../java_GUI/uk/org/jape/WorldTarget.java; sourceTree = SOURCE_ROOT; };
		791C735A05DCEDE00086E5C6 /* ProofCanvas.java */ = {isa = PBXFileReference; fileEncoding = 30; lastKnownFileType = sourcecode.java; name = ProofCanvas.java; path = ../../java_GUI/uk/org/jape/ProofCanvas.java; sourceTree = SOURCE_ROOT; };
		791C735B05DCEDE00086E5C6 /* OutlineItem.java */ = {isa = PBXFileReference; fileEncoding = 30; lastKnownFileType = sourcecode.java; name = OutlineItem.java; path = ../../java_GUI/uk/org/jape/OutlineItem.java; sourceTree = SOURCE_ROOT; };
		791C735C05DCEDE00086E5C6 /* Images.java */ = {isa = PBXFileReference; fileEncoding = 30; lastKnownFileType = sourcecode.java; name = Images.java; path = ../../java_GUI/uk/org/jape/Images.java; sourceTree = SOURCE_ROOT; };
		791C735D05DCEDE00086E5C6 /* RectSelection.java */ = {isa = PBXFileReference; fileEncoding = 30; lastKnownFileType = sourcecode.java; name = RectSelection.java; path = ../../java_GUI/uk/org/jape/RectSelection.java; sourceTree = SOURCE_ROOT; };
		791C735E05DCEDE00086E5C6 /* Tile.java */ = {isa = PBXFileReference; fileEncoding = 30; lastKnownFileType = sourcecode.java; name = Tile.java; path = ../../java_GUI/uk/org/jape/Tile.java; sourceTree = SOURCE_ROOT; };
		791C736005DCEDE00086E5C6 /* DisproofPane.java */ = {isa = PBXFileReference; fileEncoding = 30; lastKnownFileType = sourcecode.java; name = DisproofPane.java; path = ../../java_GUI/uk/org/jape/DisproofPane.java; sourceTree = SOURCE_ROOT; };
		791C736105DCEDE00086E5C6 /* LineItem.java */ = {isa = PBXFileReference; fileEncoding = 30; lastKnownFileType = sourcecode.java; name = LineItem.java; path = ../../java_GUI/uk/org/jape/LineItem.java; sourceTree = SOURCE_ROOT; };
		791C736205DCEDE00086E5C6 /* DisplayItem.java */ = {isa = PBXFileReference; fileEncoding = 30; lastKnownFileType = sourcecode.java; name = DisplayItem.java; path = ../../java_GUI/uk/org/jape/DisplayItem.java; sourceTree = SOURCE_ROOT; };
		791C736305DCEDE00086E5C6 /* AnchoredScrollPane.java */ = {isa = PBXFileReference; fileEncoding = 30; lastKnownFileType = sourcecode.java; name = AnchoredScrollPane.java; path = ../../java_GUI/uk/org/jape/AnchoredScrollPane.java; sourceTree = SOURCE_ROOT; };
		791C736405DCEDE00086E5C6 /* CircleItem.java */ = {isa = PBXFileReference; fileEncoding = 30; lastKnownFileType = sourcecode.java; name = CircleItem.java; path = ../../java_GUI/uk/org/jape/CircleItem.java; sourceTree = SOURCE_ROOT; };
		791C736505DCEDE00086E5C6 /* JapeFont.java */ = {isa = PBXFileReference; fileEncoding = 30; lastKnownFileType = sourcecode.java; name = JapeFont.java; path = ../../java_GUI/uk/org/jape/JapeFont.java; sourceTree = SOURCE_ROOT; };
		791C736605DCEDE00086E5C6 /* WorldSelection.java */ = {isa = PBXFileReference; fileEncoding = 30; lastKnownFileType = sourcecode.java; name = WorldSelection.java; path = ../../java_GUI/uk/org/jape/WorldSelection.java; sourceTree = SOURCE_ROOT; };
		791C736705DCEDE00086E5C6 /* DragWorldLine.java */ = {isa = PBXFileReference; fileEncoding = 30; lastKnownFileType = sourcecode.java; name = DragWorldLine.java; path = ../../java_GUI/uk/org/jape/DragWorldLine.java; sourceTree = SOURCE_ROOT; };
		791C736805DCEDE00086E5C6 /* TextSelectableItem.java */ = {isa = PBXFileReference; fileEncoding = 30; lastKnownFileType = sourcecode.java; name = TextSelectableItem.java; path = ../../java_GUI/uk/org/jape/TextSelectableItem.java; sourceTree = SOURCE_ROOT; };
		791C736905DCEDE00086E5C6 /* ChoiceDialog.java */ = {isa = PBXFileReference; fileEncoding = 30; lastKnownFileType = sourcecode.java; name = ChoiceDialog.java; path = ../../java_GUI/uk/org/jape/ChoiceDialog.java; sourceTree = SOURCE_ROOT; };
		791C736A05DCEDE00086E5C6 /* LineComponent.java */ = {isa = PBXFileReference; fileEncoding = 30; lastKnownFileType = sourcecode.java; name = LineComponent.java; path = ../../java_GUI/uk/org/jape/LineComponent.java; sourceTree = SOURCE_ROOT; };
		791C736B05DCEDE00086E5C6 /* DisproofCanvas.java */ = {isa = PBXFileReference; fileEncoding = 30; lastKnownFileType = sourcecode.java; name = DisproofCanvas.java; path = ../../java_GUI/uk/org/jape/DisproofCanvas.java; sourceTree = SOURCE_ROOT; };
		791C736C05DCEDE00086E5C6 /* FilePrefs.java */ = {isa = PBXFileReference; fileEncoding = 30; lastKnownFileType = sourcecode.java; name = FilePrefs.java; path = ../../java_GUI/uk/org/jape/FilePrefs.java; sourceTree = SOURCE_ROOT; };
		791C736D05DCEDE00086E5C6 /* Alert.java */ = {isa = PBXFileReference; fileEncoding = 30; lastKnownFileType = sourcecode.java; name = Alert.java; path = ../../java_GUI/uk/org/jape/Alert.java; sourceTree = SOURCE_ROOT; };
		791C736E05DCEDE00086E5C6 /* AboutBox.java */ = {isa = PBXFileReference; fileEncoding = 30; lastKnownFileType = sourcecode.java; name = AboutBox.java; path = ../../java_GUI/uk/org/jape/AboutBox.java; sourceTree = SOURCE_ROOT; };
		791C736F05DCEDE00086E5C6 /* WorldLabel.java */ = {isa = PBXFileReference; fileEncoding = 30; lastKnownFileType = sourcecode.java; name = WorldLabel.java; path = ../../java_GUI/uk/org/jape/WorldLabel.java; sourceTree = SOURCE_ROOT; };
		791C737005DCEDE00086E5C6 /* JapeCanvas.java */ = {isa = PBXFileReference; fileEncoding = 30; lastKnownFileType = sourcecode.java; name = JapeCanvas.java; path = ../../java_GUI/uk/org/jape/JapeCanvas.java; sourceTree = SOURCE_ROOT; };
		791C737105DCEDE00086E5C6 /* Export.java */ = {isa = PBXFileReference; fileEncoding = 30; lastKnownFileType = sourcecode.java; name = Export.java; path = ../../java_GUI/uk/org/jape/Export.java; sourceTree = SOURCE_ROOT; };
		791C737205DCEDE00086E5C6 /* Flyback.java */ = {isa = PBXFileReference; fileEncoding = 30; lastKnownFileType = sourcecode.java; name = Flyback.java; path = ../../java_GUI/uk/org/jape/Flyback.java; sourceTree = SOURCE_ROOT; };
		791C737305DCEDE00086E5C6 /* TextItem.java */ = {isa = PBXFileReference; fileEncoding = 30; lastKnownFileType = sourcecode.java; name = TextItem.java; path = ../../java_GUI/uk/org/jape/TextItem.java; sourceTree = SOURCE_ROOT; };
		791C737405DCEDE00086E5C6 /* LabelTarget.java */ = {isa = PBXFileReference; fileEncoding = 30; lastKnownFileType = sourcecode.java; name = LabelTarget.java; path = ../../java_GUI/uk/org/jape/LabelTarget.java; sourceTree = SOURCE_ROOT; };
		791C737505DCEDE00086E5C6 /* SelectionIndicator.java */ = {isa = PBXFileReference; fileEncoding = 30; lastKnownFileType = sourcecode.java; name = SelectionIndicator.java; path = ../../java_GUI/uk/org/jape/SelectionIndicator.java; sourceTree = SOURCE_ROOT; };
		791C737605DCEDE00086E5C6 /* WorldItem.java */ = {isa = PBXFileReference; fileEncoding = 30; lastKnownFileType = sourcecode.java; name = WorldItem.java; path = ../../java_GUI/uk/org/jape/WorldItem.java; sourceTree = SOURCE_ROOT; };
		791C737705DCEDE00086E5C6 /* MiscellaneousConstants.java */ = {isa = PBXFileReference; fileEncoding = 30; lastKnownFileType = sourcecode.java; name = MiscellaneousConstants.java; path = ../../java_GUI/uk/org/jape/MiscellaneousConstants.java; sourceTree = SOURCE_ROOT; };
		791C737805DCEDE00086E5C6 /* TextDimension.java */ = {isa = PBXFileReference; fileEncoding = 30; lastKnownFileType = sourcecode.java; name = TextDimension.java; path = ../../java_GUI/uk/org/jape/TextDimension.java; sourceTree = SOURCE_ROOT; };
		791C737905DCEDE00086E5C6 /* Engine.java */ = {isa = PBXFileReference; fileEncoding = 30; lastKnownFileType = sourcecode.java; name = Engine.java; path = ../../java_GUI/uk/org/jape/Engine.java; sourceTree = SOURCE_ROOT; };
		791C737A05DCEDE00086E5C6 /* JapeWindow.java */ = {isa = PBXFileReference; fileEncoding = 30; lastKnownFileType = sourcecode.java; name = JapeWindow.java; path = ../../java_GUI/uk/org/jape/JapeWindow.java; sourceTree = SOURCE_ROOT; };
		791C737B05DCEDE00086E5C6 /* ControlWindow.java */ = {isa = PBXFileReference; fileEncoding = 30; lastKnownFileType = sourcecode.java; name = ControlWindow.java; path = ../../java_GUI/uk/org/jape/ControlWindow.java; sourceTree = SOURCE_ROOT; };
		791C737C05DCEDE00086E5C6 /* RectItem.java */ = {isa = PBXFileReference; fileEncoding = 30; lastKnownFileType = sourcecode.java; name = RectItem.java; path = ../../java_GUI/uk/org/jape/RectItem.java; sourceTree = SOURCE_ROOT; };
		791C737D05DCEDE00086E5C6 /* SelectionConstants.java */ = {isa = PBXFileReference; fileEncoding = 30; lastKnownFileType = sourcecode.java; name = SelectionConstants.java; path = ../../java_GUI/uk/org/jape/SelectionConstants.java; sourceTree = SOURCE_ROOT; };
		791C737E05DCEDE00086E5C6 /* ContainerWithOrigin.java */ = {isa = PBXFileReference; fileEncoding = 30; lastKnownFileType = sourcecode.java; name = ContainerWithOrigin.java; path = ../../java_GUI/uk/org/jape/ContainerWithOrigin.java; sourceTree = SOURCE_ROOT; };
		791C737F05DCEDE00086E5C6 /* MinWaste.java */ = {isa = PBXFileReference; fileEncoding = 30; lastKnownFileType = sourcecode.java; name = MinWaste.java; path = ../../java_GUI/uk/org/jape/MinWaste.java; sourceTree = SOURCE_ROOT; };
		791C738005DCEDE00086E5C6 /* DragComponent.java */ = {isa = PBXFileReference; fileEncoding = 30; lastKnownFileType = sourcecode.java; name = DragComponent.java; path = ../../java_GUI/uk/org/jape/DragComponent.java; sourceTree = SOURCE_ROOT; };
		791C738105DCEDE00086E5C6 /* TextDialog.java */ = {isa = PBXFileReference; fileEncoding = 30; lastKnownFileType = sourcecode.java; name = TextDialog.java; path = ../../java_GUI/uk/org/jape/TextDialog.java; sourceTree = SOURCE_ROOT; };
		791C738205DCEDE00086E5C6 /* DebugVars.java */ = {isa = PBXFileReference; fileEncoding = 30; lastKnownFileType = sourcecode.java; name = DebugVars.java; path = ../../java_GUI/uk/org/jape/DebugVars.java; sourceTree = SOURCE_ROOT; };
		791C738305DCEDE00086E5C6 /* JapeUtils.java */ = {isa = PBXFileReference; fileEncoding = 30; lastKnownFileType = sourcecode.java; name = JapeUtils.java; path = ../../java_GUI/uk/org/jape/JapeUtils.java; sourceTree = SOURCE_ROOT; };
		791C738405DCEDE00086E5C6 /* ProvisoCanvas.java */ = {isa = PBXFileReference; fileEncoding = 30; lastKnownFileType = sourcecode.java; name = ProvisoCanvas.java; path = ../../java_GUI/uk/org/jape/ProvisoCanvas.java; sourceTree = SOURCE_ROOT; };
		791C738505DCEDE00086E5C6 /* PrintProof.java */ = {isa = PBXFileReference; fileEncoding = 30; lastKnownFileType = sourcecode.java; name = PrintProof.java; path = ../../java_GUI/uk/org/jape/PrintProof.java; sourceTree = SOURCE_ROOT; };
		791C738605DCEDE00086E5C6 /* SelectableProofItem.java */ = {isa = PBXFileReference; fileEncoding = 30; lastKnownFileType = sourcecode.java; name = SelectableProofItem.java; path = ../../java_GUI/uk/org/jape/SelectableProofItem.java; sourceTree = SOURCE_ROOT; };
		791C738705DCEDE00086E5C6 /* WorldConnector.java */ = {isa = PBXFileReference; fileEncoding = 30; lastKnownFileType = sourcecode.java; name = WorldConnector.java; path = ../../java_GUI/uk/org/jape/WorldConnector.java; sourceTree = SOURCE_ROOT; };
		791C738805DCEDE00086E5C6 /* DirectedFormulaSelection.java */ = {isa = PBXFileReference; fileEncoding = 30; lastKnownFileType = sourcecode.java; name = DirectedFormulaSelection.java; path = ../../java_GUI/uk/org/jape/DirectedFormulaSelection.java; sourceTree = SOURCE_ROOT; };
		791C738905DCEDE00086E5C6 /* MenuHolder.java */ = {isa = PBXFileReference; fileEncoding = 30; lastKnownFileType = sourcecode.java; name = MenuHolder.java; path = ../../java_GUI/uk/org/jape/MenuHolder.java; sourceTree = SOURCE_ROOT; };
		791C738B05DCEDE00086E5C6 /* JapeMouseTextAdapter.java */ = {isa = PBXFileReference; fileEncoding = 30; lastKnownFileType = sourcecode.java; name = JapeMouseTextAdapter.java; path = ../../java_GUI/uk/org/jape/JapeMouseTextAdapter.java; sourceTree = SOURCE_ROOT; };
		791C738C05DCEDE00086E5C6 /* ProtocolError.java */ = {isa = PBXFileReference; fileEncoding = 30; lastKnownFileType = sourcecode.java; name = ProtocolError.java; path = ../../java_GUI/uk/org/jape/ProtocolError.java; sourceTree = SOURCE_ROOT; };
		791C738D05DCEDE00086E5C6 /* JapePrefs.java */ = {isa = PBXFileReference; fileEncoding = 30; lastKnownFileType = sourcecode.java; lineEnding = 0; name = JapePrefs.java; path = ../../java_GUI/uk/org/jape/JapePrefs.java; sourceTree = SOURCE_ROOT; };
		791C738E05DCEDE00086E5C6 /* ExportPic.java */ = {isa = PBXFileReference; fileEncoding = 30; lastKnownFileType = sourcecode.java; name = ExportPic.java; path = ../../java_GUI/uk/org/jape/ExportPic.java; sourceTree = SOURCE_ROOT; };
		791C738F05DCEDE00086E5C6 /* WorldCanvas.java */ = {isa = PBXFileReference; fileEncoding = 30; lastKnownFileType = sourcecode.java; name = WorldCanvas.java; path = ../../java_GUI/uk/org/jape/WorldCanvas.java; sourceTree = SOURCE_ROOT; };
		791C739005DCEDE00086E5C6 /* DragLine.java */ = {isa = PBXFileReference; fileEncoding = 30; lastKnownFileType = sourcecode.java; name = DragLine.java; path = ../../java_GUI/uk/org/jape/DragLine.java; sourceTree = SOURCE_ROOT; };
		791C739105DCEDE00086E5C6 /* EmphasisableItem.java */ = {isa = PBXFileReference; fileEncoding = 30; lastKnownFileType = sourcecode.java; name = EmphasisableItem.java; path = ../../java_GUI/uk/org/jape/EmphasisableItem.java; sourceTree = SOURCE_ROOT; };
		791C739205DCEDE00086E5C6 /* Logger.java */ = {isa = PBXFileReference; fileEncoding = 30; lastKnownFileType = sourcecode.java; name = Logger.java; path = ../../java_GUI/uk/org/jape/Logger.java; sourceTree = SOURCE_ROOT; };
		7923783006104EE30084726D /* JapeFileFilter.java */ = {isa = PBXFileReference; fileEncoding = 4; lastKnownFileType = sourcecode.java; name = JapeFileFilter.java; path = ../../java_GUI/uk/org/jape/JapeFileFilter.java; sourceTree = SOURCE_ROOT; };
		792473B30650EC5700FCFD44 /* AnnotatedTextComponent.java */ = {isa = PBXFileReference; fileEncoding = 30; lastKnownFileType = sourcecode.java; name = AnnotatedTextComponent.java; path = ../../java_GUI/uk/org/jape/AnnotatedTextComponent.java; sourceTree = SOURCE_ROOT; };
		7935695607EA0804006D0E33 /* FormulaTarget.java */ = {isa = PBXFileReference; fileEncoding = 4; lastKnownFileType = sourcecode.java; name = FormulaTarget.java; path = ../../java_GUI/uk/org/jape/FormulaTarget.java; sourceTree = SOURCE_ROOT; };
		79A31803064BF8EF0096C4DA /* TextComponent.java */ = {isa = PBXFileReference; fileEncoding = 4; lastKnownFileType = sourcecode.java; name = TextComponent.java; path = ../../java_GUI/uk/org/jape/TextComponent.java; sourceTree = SOURCE_ROOT; };
		F515B6180331DA6801A80116 /* LocalSettings.java */ = {isa = PBXFileReference; fileEncoding = 30; lastKnownFileType = sourcecode.java; path = LocalSettings.java; sourceTree = SOURCE_ROOT; };
		F5AB83170339F3B701A80116 /* nonlocalJape.app */ = {isa = PBXFileReference; explicitFileType = wrapper.application; path = nonlocalJape.app; sourceTree = BUILT_PRODUCTS_DIR; };
		F5E5E3BF035EE05E01A80116 /* ToDo */ = {isa = PBXFileReference; fileEncoding = 30; lastKnownFileType = text; name = ToDo; path = ../../java_GUI/ToDo; sourceTree = SOURCE_ROOT; };
		F5E5E7C303A79B4201A80116 /* japelogo.gif */ = {isa = PBXFileReference; lastKnownFileType = image.gif; name = japelogo.gif; path = ../../java_GUI/japelogo.gif; sourceTree = SOURCE_ROOT; };
		F5E5E7C603A79B5B01A80116 /* wastebin_disabled.jpg */ = {isa = PBXFileReference; lastKnownFileType = image.jpeg; name = wastebin_disabled.jpg; path = ../../java_GUI/wastebin_disabled.jpg; sourceTree = SOURCE_ROOT; };
		F5E5E7C703A79B5B01A80116 /* wastebin_enabled.jpg */ = {isa = PBXFileReference; lastKnownFileType = image.jpeg; name = wastebin_enabled.jpg; path = ../../java_GUI/wastebin_enabled.jpg; sourceTree = SOURCE_ROOT; };
		F5E5E7C803A79B5B01A80116 /* wastebin_selected.jpg */ = {isa = PBXFileReference; lastKnownFileType = image.jpeg; name = wastebin_selected.jpg; path = ../../java_GUI/wastebin_selected.jpg; sourceTree = SOURCE_ROOT; };
/* End PBXFileReference section */

/* Begin PBXFrameworksBuildPhase section */
		1601BCE2FEEE210811DB9C8B /* Frameworks */ = {
			isa = PBXFrameworksBuildPhase;
			buildActionMask = 2147483647;
			files = (
			);
			runOnlyForDeploymentPostprocessing = 0;
		};
		F5AB83150339F3B701A80116 /* Frameworks */ = {
			isa = PBXFrameworksBuildPhase;
			buildActionMask = 2147483647;
			files = (
			);
			runOnlyForDeploymentPostprocessing = 0;
		};
/* End PBXFrameworksBuildPhase section */

/* Begin PBXGroup section */
		01F12F4DFEC8CE2211DB9C8B = {
			isa = PBXGroup;
			children = (
				791C736E05DCEDE00086E5C6 /* AboutBox.java */,
				791C736D05DCEDE00086E5C6 /* Alert.java */,
				791C736305DCEDE00086E5C6 /* AnchoredScrollPane.java */,
				792473B30650EC5700FCFD44 /* AnnotatedTextComponent.java */,
				791C734405DCEDE00086E5C6 /* ButtonPane.java */,
				791C736905DCEDE00086E5C6 /* ChoiceDialog.java */,
				791C736405DCEDE00086E5C6 /* CircleItem.java */,
				791C734B05DCEDE00086E5C6 /* CircleSelection.java */,
				791C737E05DCEDE00086E5C6 /* ContainerWithOrigin.java */,
				791C737B05DCEDE00086E5C6 /* ControlWindow.java */,
				791C735705DCEDE00086E5C6 /* DebugConstants.java */,
				791C738205DCEDE00086E5C6 /* DebugVars.java */,
				791C738805DCEDE00086E5C6 /* DirectedFormulaSelection.java */,
				791C735505DCEDE00086E5C6 /* Dispatcher.java */,
				791C736205DCEDE00086E5C6 /* DisplayItem.java */,
				791C736B05DCEDE00086E5C6 /* DisproofCanvas.java */,
				791C736005DCEDE00086E5C6 /* DisproofPane.java */,
				791C738005DCEDE00086E5C6 /* DragComponent.java */,
				791C734D05DCEDE00086E5C6 /* DragImage.java */,
				7909AA7F07EDEFDF00FC10F3 /* DragIndicator.java */,
				791C739005DCEDE00086E5C6 /* DragLine.java */,
				791C736705DCEDE00086E5C6 /* DragWorldLine.java */,
				791C739105DCEDE00086E5C6 /* EmphasisableItem.java */,
				791C737905DCEDE00086E5C6 /* Engine.java */,
				791C737105DCEDE00086E5C6 /* Export.java */,
				791C738E05DCEDE00086E5C6 /* ExportPic.java */,
				791C734C05DCEDE00086E5C6 /* FileChooser.java */,
				791C736C05DCEDE00086E5C6 /* FilePrefs.java */,
				791C737205DCEDE00086E5C6 /* Flyback.java */,
				7935695607EA0804006D0E33 /* FormulaTarget.java */,
				791C735C05DCEDE00086E5C6 /* Images.java */,
				791C735205DCEDE00086E5C6 /* Jape.java */,
				791C737005DCEDE00086E5C6 /* JapeCanvas.java */,
				7923783006104EE30084726D /* JapeFileFilter.java */,
				791C736505DCEDE00086E5C6 /* JapeFont.java */,
				791C735805DCEDE00086E5C6 /* JapeMenu.java */,
				791C734E05DCEDE00086E5C6 /* JapeMouseAdapter.java */,
				791C734505DCEDE00086E5C6 /* JapeMouseListener.java */,
				791C738B05DCEDE00086E5C6 /* JapeMouseTextAdapter.java */,
				791C738D05DCEDE00086E5C6 /* JapePrefs.java */,
				791C738305DCEDE00086E5C6 /* JapeUtils.java */,
				791C737A05DCEDE00086E5C6 /* JapeWindow.java */,
				791C737405DCEDE00086E5C6 /* LabelTarget.java */,
				79135452067F2BC7002D81A7 /* LemmaDialog.java */,
				791C736A05DCEDE00086E5C6 /* LineComponent.java */,
				791C736105DCEDE00086E5C6 /* LineItem.java */,
				791C735605DCEDE00086E5C6 /* LineTarget.java */,
				F515B6180331DA6801A80116 /* LocalSettings.java */,
				791C734A05DCEDE00086E5C6 /* LocalSettings.java */,
				791C739205DCEDE00086E5C6 /* Logger.java */,
				791C738905DCEDE00086E5C6 /* MenuHolder.java */,
				791C737F05DCEDE00086E5C6 /* MinWaste.java */,
				791C737705DCEDE00086E5C6 /* MiscellaneousConstants.java */,
				791C735B05DCEDE00086E5C6 /* OutlineItem.java */,
				791C735105DCEDE00086E5C6 /* PanelWindowData.java */,
				791C734705DCEDE00086E5C6 /* PosIntHashMap.java */,
				791C738505DCEDE00086E5C6 /* PrintProof.java */,
				791C735A05DCEDE00086E5C6 /* ProofCanvas.java */,
				791C734F05DCEDE00086E5C6 /* ProofWindow.java */,
				791C738405DCEDE00086E5C6 /* ProvisoCanvas.java */,
				791C734605DCEDE00086E5C6 /* ProtocolConstants.java */,
				791C738C05DCEDE00086E5C6 /* ProtocolError.java */,
				791C737C05DCEDE00086E5C6 /* RectItem.java */,
				791C735D05DCEDE00086E5C6 /* RectSelection.java */,
				791C735005DCEDE00086E5C6 /* Reply.java */,
				791C734805DCEDE00086E5C6 /* SelectableItem.java */,
				791C738605DCEDE00086E5C6 /* SelectableProofItem.java */,
				791C737D05DCEDE00086E5C6 /* SelectionConstants.java */,
				791C737505DCEDE00086E5C6 /* SelectionIndicator.java */,
				791C735405DCEDE00086E5C6 /* SurrogateWindow.java */,
				79A31803064BF8EF0096C4DA /* TextComponent.java */,
				791C738105DCEDE00086E5C6 /* TextDialog.java */,
				791C737805DCEDE00086E5C6 /* TextDimension.java */,
				791C737305DCEDE00086E5C6 /* TextItem.java */,
				791C736805DCEDE00086E5C6 /* TextSelectableItem.java */,
				791C735E05DCEDE00086E5C6 /* Tile.java */,
				791C735305DCEDE00086E5C6 /* TileTarget.java */,
				791C734905DCEDE00086E5C6 /* WasteBin.java */,
				791C738F05DCEDE00086E5C6 /* WorldCanvas.java */,
				791C738705DCEDE00086E5C6 /* WorldConnector.java */,
				791C737605DCEDE00086E5C6 /* WorldItem.java */,
				791C736F05DCEDE00086E5C6 /* WorldLabel.java */,
				791C736605DCEDE00086E5C6 /* WorldSelection.java */,
				791C735905DCEDE00086E5C6 /* WorldTarget.java */,
				01F12F4FFEC8CEF111DB9C8B /* Products */,
				F5E5E3BF035EE05E01A80116 /* ToDo */,
				10F9BF62FEEDA25E11DB9C8B /* Jape.icns */,
				F5E5E7C303A79B4201A80116 /* japelogo.gif */,
				F5E5E7C603A79B5B01A80116 /* wastebin_disabled.jpg */,
				F5E5E7C703A79B5B01A80116 /* wastebin_enabled.jpg */,
				F5E5E7C803A79B5B01A80116 /* wastebin_selected.jpg */,
			);
			sourceTree = "<group>";
		};
		01F12F4FFEC8CEF111DB9C8B /* Products */ = {
			isa = PBXGroup;
			children = (
				06D05853FF24F2DB11DB9C8B /* Jape.app */,
				F5AB83170339F3B701A80116 /* nonlocalJape.app */,
			);
			name = Products;
			sourceTree = "<group>";
		};
/* End PBXGroup section */

/* Begin PBXJavaArchiveBuildPhase section */
		1601BCDEFEEE210811DB9C8B /* JavaArchive */ = {
			isa = PBXJavaArchiveBuildPhase;
			buildActionMask = 2147483647;
			files = (
				F5E5E7C403A79B4201A80116 /* japelogo.gif in JavaArchive */,
				F5E5E7C903A79B5B01A80116 /* wastebin_disabled.jpg in JavaArchive */,
				F5E5E7CA03A79B5B01A80116 /* wastebin_enabled.jpg in JavaArchive */,
				F5E5E7CB03A79B5B01A80116 /* wastebin_selected.jpg in JavaArchive */,
			);
			runOnlyForDeploymentPostprocessing = 0;
		};
		F5AB83140339F3B701A80116 /* JavaArchive */ = {
			isa = PBXJavaArchiveBuildPhase;
			buildActionMask = 2147483647;
			files = (
			);
			runOnlyForDeploymentPostprocessing = 0;
		};
/* End PBXJavaArchiveBuildPhase section */

/* Begin PBXProject section */
		01F12F4CFEC8CE2211DB9C8B /* Project object */ = {
			isa = PBXProject;
			buildConfigurationList = 797479F4088E9AEB001565A1 /* Build configuration list for PBXProject "Jape" */;
			buildSettings = {
			};
			buildStyles = (
				0E20B662001FAFA711DB9C8B /* Development */,
				0E20B663001FAFA711DB9C8B /* Deployment */,
			);
			hasScannedForEncodings = 1;
			mainGroup = 01F12F4DFEC8CE2211DB9C8B;
			productRefGroup = 01F12F4FFEC8CEF111DB9C8B /* Products */;
			projectDirPath = "";
			targets = (
				1601BCDBFEEE210811DB9C8B /* Jape */,
				F5AB83160339F3B701A80116 /* nonlocalJape */,
			);
		};
/* End PBXProject section */

/* Begin PBXResourcesBuildPhase section */
		1601BCDFFEEE210811DB9C8B /* Resources */ = {
			isa = PBXResourcesBuildPhase;
			buildActionMask = 2147483647;
			files = (
				010FB80D00814DD77F000001 /* Jape.icns in Resources */,
			);
			runOnlyForDeploymentPostprocessing = 0;
		};
		F5AB83130339F3B701A80116 /* Resources */ = {
			isa = PBXResourcesBuildPhase;
			buildActionMask = 2147483647;
			files = (
				F5AB83260339F40E01A80116 /* Jape.icns in Resources */,
				F5E5E7C503A79B4201A80116 /* japelogo.gif in Resources */,
				F5E5E7CC03A79B5B01A80116 /* wastebin_disabled.jpg in Resources */,
				F5E5E7CD03A79B5B01A80116 /* wastebin_enabled.jpg in Resources */,
				F5E5E7CE03A79B5B01A80116 /* wastebin_selected.jpg in Resources */,
			);
			runOnlyForDeploymentPostprocessing = 0;
		};
/* End PBXResourcesBuildPhase section */

/* Begin PBXSourcesBuildPhase section */
		1601BCDCFEEE210811DB9C8B /* Sources */ = {
			isa = PBXSourcesBuildPhase;
			buildActionMask = 2147483647;
			files = (
				791C73E205DCEDE10086E5C6 /* ButtonPane.java in Sources */,
				791C73E305DCEDE10086E5C6 /* JapeMouseListener.java in Sources */,
				791C73E405DCEDE10086E5C6 /* ProtocolConstants.java in Sources */,
				791C73E505DCEDE10086E5C6 /* PosIntHashMap.java in Sources */,
				791C73E605DCEDE10086E5C6 /* SelectableItem.java in Sources */,
				791C73E705DCEDE10086E5C6 /* WasteBin.java in Sources */,
				791C73E905DCEDE10086E5C6 /* CircleSelection.java in Sources */,
				791C73EA05DCEDE10086E5C6 /* FileChooser.java in Sources */,
				791C73EB05DCEDE10086E5C6 /* DragImage.java in Sources */,
				791C73EC05DCEDE10086E5C6 /* JapeMouseAdapter.java in Sources */,
				791C73ED05DCEDE10086E5C6 /* ProofWindow.java in Sources */,
				791C73EE05DCEDE10086E5C6 /* Reply.java in Sources */,
				791C73EF05DCEDE10086E5C6 /* PanelWindowData.java in Sources */,
				791C73F005DCEDE10086E5C6 /* Jape.java in Sources */,
				791C73F105DCEDE10086E5C6 /* TileTarget.java in Sources */,
				791C73F205DCEDE10086E5C6 /* SurrogateWindow.java in Sources */,
				791C73F305DCEDE10086E5C6 /* Dispatcher.java in Sources */,
				791C73F405DCEDE10086E5C6 /* LineTarget.java in Sources */,
				791C73F505DCEDE10086E5C6 /* DebugConstants.java in Sources */,
				791C73F605DCEDE10086E5C6 /* JapeMenu.java in Sources */,
				791C73F705DCEDE10086E5C6 /* WorldTarget.java in Sources */,
				791C73F805DCEDE10086E5C6 /* ProofCanvas.java in Sources */,
				791C73F905DCEDE10086E5C6 /* OutlineItem.java in Sources */,
				791C73FA05DCEDE10086E5C6 /* Images.java in Sources */,
				791C73FB05DCEDE10086E5C6 /* RectSelection.java in Sources */,
				791C73FC05DCEDE10086E5C6 /* Tile.java in Sources */,
				791C73FE05DCEDE10086E5C6 /* DisproofPane.java in Sources */,
				791C73FF05DCEDE10086E5C6 /* LineItem.java in Sources */,
				791C740005DCEDE10086E5C6 /* DisplayItem.java in Sources */,
				791C740105DCEDE10086E5C6 /* AnchoredScrollPane.java in Sources */,
				791C740205DCEDE10086E5C6 /* CircleItem.java in Sources */,
				791C740305DCEDE10086E5C6 /* JapeFont.java in Sources */,
				791C740405DCEDE10086E5C6 /* WorldSelection.java in Sources */,
				791C740505DCEDE10086E5C6 /* DragWorldLine.java in Sources */,
				791C740605DCEDE10086E5C6 /* TextSelectableItem.java in Sources */,
				791C740705DCEDE10086E5C6 /* ChoiceDialog.java in Sources */,
				791C740805DCEDE10086E5C6 /* LineComponent.java in Sources */,
				791C740905DCEDE10086E5C6 /* DisproofCanvas.java in Sources */,
				791C740A05DCEDE10086E5C6 /* FilePrefs.java in Sources */,
				791C740B05DCEDE10086E5C6 /* Alert.java in Sources */,
				791C740C05DCEDE10086E5C6 /* AboutBox.java in Sources */,
				791C740D05DCEDE10086E5C6 /* WorldLabel.java in Sources */,
				791C740E05DCEDE10086E5C6 /* JapeCanvas.java in Sources */,
				791C740F05DCEDE10086E5C6 /* Export.java in Sources */,
				791C741005DCEDE10086E5C6 /* Flyback.java in Sources */,
				791C741105DCEDE10086E5C6 /* TextItem.java in Sources */,
				791C741205DCEDE10086E5C6 /* LabelTarget.java in Sources */,
				791C741305DCEDE10086E5C6 /* SelectionIndicator.java in Sources */,
				791C741405DCEDE10086E5C6 /* WorldItem.java in Sources */,
				791C741505DCEDE10086E5C6 /* MiscellaneousConstants.java in Sources */,
				791C741605DCEDE10086E5C6 /* TextDimension.java in Sources */,
				791C741705DCEDE10086E5C6 /* Engine.java in Sources */,
				791C741805DCEDE10086E5C6 /* JapeWindow.java in Sources */,
				791C741905DCEDE10086E5C6 /* ControlWindow.java in Sources */,
				791C741A05DCEDE10086E5C6 /* RectItem.java in Sources */,
				791C741B05DCEDE10086E5C6 /* SelectionConstants.java in Sources */,
				791C741C05DCEDE10086E5C6 /* ContainerWithOrigin.java in Sources */,
				791C741D05DCEDE10086E5C6 /* MinWaste.java in Sources */,
				791C741E05DCEDE10086E5C6 /* DragComponent.java in Sources */,
				791C741F05DCEDE10086E5C6 /* TextDialog.java in Sources */,
				791C742005DCEDE10086E5C6 /* DebugVars.java in Sources */,
				791C742105DCEDE10086E5C6 /* JapeUtils.java in Sources */,
				791C742205DCEDE10086E5C6 /* ProvisoCanvas.java in Sources */,
				791C742305DCEDE10086E5C6 /* PrintProof.java in Sources */,
				791C742405DCEDE10086E5C6 /* SelectableProofItem.java in Sources */,
				791C742505DCEDE10086E5C6 /* WorldConnector.java in Sources */,
				791C742605DCEDE10086E5C6 /* DirectedFormulaSelection.java in Sources */,
				791C742705DCEDE10086E5C6 /* MenuHolder.java in Sources */,
				791C742905DCEDE10086E5C6 /* JapeMouseTextAdapter.java in Sources */,
				791C742A05DCEDE10086E5C6 /* ProtocolError.java in Sources */,
				791C742B05DCEDE10086E5C6 /* JapePrefs.java in Sources */,
				791C742C05DCEDE10086E5C6 /* ExportPic.java in Sources */,
				791C742D05DCEDE10086E5C6 /* WorldCanvas.java in Sources */,
				791C742E05DCEDE10086E5C6 /* DragLine.java in Sources */,
				791C742F05DCEDE10086E5C6 /* EmphasisableItem.java in Sources */,
				791C743005DCEDE10086E5C6 /* Logger.java in Sources */,
				7923783206104EE40084726D /* JapeFileFilter.java in Sources */,
				79A31805064BF8EF0096C4DA /* TextComponent.java in Sources */,
				792473B50650EC5700FCFD44 /* AnnotatedTextComponent.java in Sources */,
				79135453067F2BC7002D81A7 /* LemmaDialog.java in Sources */,
				7935695707EA0804006D0E33 /* FormulaTarget.java in Sources */,
				7909AA8007EDEFDF00FC10F3 /* DragIndicator.java in Sources */,
				794FC84F08697A34009A3D44 /* LocalSettings.java in Sources */,
			);
			runOnlyForDeploymentPostprocessing = 0;
		};
		F5AB83120339F3B701A80116 /* Sources */ = {
			isa = PBXSourcesBuildPhase;
			buildActionMask = 2147483647;
			files = (
				791C739305DCEDE00086E5C6 /* ButtonPane.java in Sources */,
				791C739405DCEDE00086E5C6 /* JapeMouseListener.java in Sources */,
				791C739505DCEDE00086E5C6 /* ProtocolConstants.java in Sources */,
				791C739605DCEDE00086E5C6 /* PosIntHashMap.java in Sources */,
				791C739705DCEDE00086E5C6 /* SelectableItem.java in Sources */,
				791C739805DCEDE00086E5C6 /* WasteBin.java in Sources */,
				791C739905DCEDE00086E5C6 /* LocalSettings.java in Sources */,
				791C739A05DCEDE00086E5C6 /* CircleSelection.java in Sources */,
				791C739B05DCEDE00086E5C6 /* FileChooser.java in Sources */,
				791C739C05DCEDE00086E5C6 /* DragImage.java in Sources */,
				791C739D05DCEDE00086E5C6 /* JapeMouseAdapter.java in Sources */,
				791C739E05DCEDE00086E5C6 /* ProofWindow.java in Sources */,
				791C739F05DCEDE00086E5C6 /* Reply.java in Sources */,
				791C73A005DCEDE00086E5C6 /* PanelWindowData.java in Sources */,
				791C73A105DCEDE00086E5C6 /* Jape.java in Sources */,
				791C73A205DCEDE00086E5C6 /* TileTarget.java in Sources */,
				791C73A305DCEDE00086E5C6 /* SurrogateWindow.java in Sources */,
				791C73A405DCEDE00086E5C6 /* Dispatcher.java in Sources */,
				791C73A505DCEDE00086E5C6 /* LineTarget.java in Sources */,
				791C73A605DCEDE00086E5C6 /* DebugConstants.java in Sources */,
				791C73A705DCEDE00086E5C6 /* JapeMenu.java in Sources */,
				791C73A805DCEDE00086E5C6 /* WorldTarget.java in Sources */,
				791C73A905DCEDE00086E5C6 /* ProofCanvas.java in Sources */,
				791C73AA05DCEDE00086E5C6 /* OutlineItem.java in Sources */,
				791C73AB05DCEDE00086E5C6 /* Images.java in Sources */,
				791C73AC05DCEDE00086E5C6 /* RectSelection.java in Sources */,
				791C73AD05DCEDE00086E5C6 /* Tile.java in Sources */,
				791C73AF05DCEDE00086E5C6 /* DisproofPane.java in Sources */,
				791C73B005DCEDE00086E5C6 /* LineItem.java in Sources */,
				791C73B105DCEDE00086E5C6 /* DisplayItem.java in Sources */,
				791C73B205DCEDE00086E5C6 /* AnchoredScrollPane.java in Sources */,
				791C73B305DCEDE00086E5C6 /* CircleItem.java in Sources */,
				791C73B405DCEDE00086E5C6 /* JapeFont.java in Sources */,
				791C73B505DCEDE00086E5C6 /* WorldSelection.java in Sources */,
				791C73B605DCEDE00086E5C6 /* DragWorldLine.java in Sources */,
				791C73B705DCEDE00086E5C6 /* TextSelectableItem.java in Sources */,
				791C73B805DCEDE00086E5C6 /* ChoiceDialog.java in Sources */,
				791C73B905DCEDE00086E5C6 /* LineComponent.java in Sources */,
				791C73BA05DCEDE00086E5C6 /* DisproofCanvas.java in Sources */,
				791C73BB05DCEDE00086E5C6 /* FilePrefs.java in Sources */,
				791C73BC05DCEDE00086E5C6 /* Alert.java in Sources */,
				791C73BD05DCEDE00086E5C6 /* AboutBox.java in Sources */,
				791C73BE05DCEDE00086E5C6 /* WorldLabel.java in Sources */,
				791C73BF05DCEDE00086E5C6 /* JapeCanvas.java in Sources */,
				791C73C005DCEDE00086E5C6 /* Export.java in Sources */,
				791C73C105DCEDE10086E5C6 /* Flyback.java in Sources */,
				791C73C205DCEDE10086E5C6 /* TextItem.java in Sources */,
				791C73C305DCEDE10086E5C6 /* LabelTarget.java in Sources */,
				791C73C405DCEDE10086E5C6 /* SelectionIndicator.java in Sources */,
				791C73C505DCEDE10086E5C6 /* WorldItem.java in Sources */,
				791C73C605DCEDE10086E5C6 /* MiscellaneousConstants.java in Sources */,
				791C73C705DCEDE10086E5C6 /* TextDimension.java in Sources */,
				791C73C805DCEDE10086E5C6 /* Engine.java in Sources */,
				791C73C905DCEDE10086E5C6 /* JapeWindow.java in Sources */,
				791C73CA05DCEDE10086E5C6 /* ControlWindow.java in Sources */,
				791C73CB05DCEDE10086E5C6 /* RectItem.java in Sources */,
				791C73CC05DCEDE10086E5C6 /* SelectionConstants.java in Sources */,
				791C73CD05DCEDE10086E5C6 /* ContainerWithOrigin.java in Sources */,
				791C73CE05DCEDE10086E5C6 /* MinWaste.java in Sources */,
				791C73CF05DCEDE10086E5C6 /* DragComponent.java in Sources */,
				791C73D005DCEDE10086E5C6 /* TextDialog.java in Sources */,
				791C73D105DCEDE10086E5C6 /* DebugVars.java in Sources */,
				791C73D205DCEDE10086E5C6 /* JapeUtils.java in Sources */,
				791C73D305DCEDE10086E5C6 /* ProvisoCanvas.java in Sources */,
				791C73D405DCEDE10086E5C6 /* PrintProof.java in Sources */,
				791C73D505DCEDE10086E5C6 /* SelectableProofItem.java in Sources */,
				791C73D605DCEDE10086E5C6 /* WorldConnector.java in Sources */,
				791C73D705DCEDE10086E5C6 /* DirectedFormulaSelection.java in Sources */,
				791C73D805DCEDE10086E5C6 /* MenuHolder.java in Sources */,
				791C73DA05DCEDE10086E5C6 /* JapeMouseTextAdapter.java in Sources */,
				791C73DB05DCEDE10086E5C6 /* ProtocolError.java in Sources */,
				791C73DC05DCEDE10086E5C6 /* JapePrefs.java in Sources */,
				791C73DD05DCEDE10086E5C6 /* ExportPic.java in Sources */,
				791C73DE05DCEDE10086E5C6 /* WorldCanvas.java in Sources */,
				791C73DF05DCEDE10086E5C6 /* DragLine.java in Sources */,
				791C73E005DCEDE10086E5C6 /* EmphasisableItem.java in Sources */,
				791C73E105DCEDE10086E5C6 /* Logger.java in Sources */,
				7923783106104EE30084726D /* JapeFileFilter.java in Sources */,
				79A31804064BF8EF0096C4DA /* TextComponent.java in Sources */,
				792473B40650EC5700FCFD44 /* AnnotatedTextComponent.java in Sources */,
				79135454067F2BC7002D81A7 /* LemmaDialog.java in Sources */,
				7935695807EA0804006D0E33 /* FormulaTarget.java in Sources */,
				7909AA8107EDEFDF00FC10F3 /* DragIndicator.java in Sources */,
			);
			runOnlyForDeploymentPostprocessing = 0;
		};
/* End PBXSourcesBuildPhase section */

/* Begin XCBuildConfiguration section */
		797479ED088E9AEB001565A1 /* Development */ = {
			isa = XCBuildConfiguration;
			buildSettings = {
				COPY_PHASE_STRIP = NO;
				GCC_DYNAMIC_NO_PIC = NO;
				GCC_ENABLE_FIX_AND_CONTINUE = YES;
				GCC_GENERATE_DEBUGGING_SYMBOLS = YES;
				GCC_OPTIMIZATION_LEVEL = 0;
				GENERATE_PROFILING_CODE = YES;
				JAVA_COMPILER = /usr/bin/javac;
				JAVA_COMPILER_DEPRECATED_WARNINGS = YES;
				JAVA_COMPILER_TARGET_VM_VERSION = 1.4;
				JAVA_ONLY = YES;
				JAVA_SOURCE_SUBDIR = .;
				PRODUCT_NAME = Jape;
				ZERO_LINK = YES;
			};
			name = Development;
		};
		797479EE088E9AEB001565A1 /* Deployment */ = {
			isa = XCBuildConfiguration;
			buildSettings = {
				COPY_PHASE_STRIP = YES;
				GCC_ENABLE_FIX_AND_CONTINUE = NO;
				JAVA_COMPILER = /usr/bin/javac;
				JAVA_COMPILER_DEPRECATED_WARNINGS = YES;
				JAVA_COMPILER_TARGET_VM_VERSION = 1.4;
				JAVA_ONLY = YES;
				JAVA_SOURCE_SUBDIR = .;
				PRODUCT_NAME = Jape;
				ZERO_LINK = NO;
			};
			name = Deployment;
		};
		797479EF088E9AEB001565A1 /* Default */ = {
			isa = XCBuildConfiguration;
			buildSettings = {
				JAVA_COMPILER = /usr/bin/javac;
				JAVA_COMPILER_DEPRECATED_WARNINGS = YES;
				JAVA_COMPILER_TARGET_VM_VERSION = 1.4;
				JAVA_ONLY = YES;
				JAVA_SOURCE_SUBDIR = .;
				PRODUCT_NAME = Jape;
			};
			name = Default;
		};
		797479F1088E9AEB001565A1 /* Development */ = {
			isa = XCBuildConfiguration;
			buildSettings = {
				COPY_PHASE_STRIP = NO;
				GCC_DYNAMIC_NO_PIC = NO;
				GCC_ENABLE_FIX_AND_CONTINUE = YES;
				GCC_GENERATE_DEBUGGING_SYMBOLS = YES;
				GCC_OPTIMIZATION_LEVEL = 0;
				GENERATE_PROFILING_CODE = YES;
				JAVA_COMPILER = /usr/bin/javac;
				JAVA_COMPILER_DEPRECATED_WARNINGS = YES;
				JAVA_COMPILER_TARGET_VM_VERSION = 1.4;
				JAVA_ONLY = YES;
				JAVA_SOURCE_SUBDIR = .;
				PRODUCT_NAME = nonlocalJape;
				ZERO_LINK = YES;
			};
			name = Development;
		};
		797479F2088E9AEB001565A1 /* Deployment */ = {
			isa = XCBuildConfiguration;
			buildSettings = {
				COPY_PHASE_STRIP = YES;
				GCC_ENABLE_FIX_AND_CONTINUE = NO;
				JAVA_COMPILER = /usr/bin/javac;
				JAVA_COMPILER_DEPRECATED_WARNINGS = YES;
				JAVA_COMPILER_TARGET_VM_VERSION = 1.4;
				JAVA_ONLY = YES;
				JAVA_SOURCE_SUBDIR = .;
				PRODUCT_NAME = nonlocalJape;
				ZERO_LINK = NO;
			};
			name = Deployment;
		};
		797479F3088E9AEB001565A1 /* Default */ = {
			isa = XCBuildConfiguration;
			buildSettings = {
				JAVA_COMPILER = /usr/bin/javac;
				JAVA_COMPILER_DEPRECATED_WARNINGS = YES;
				JAVA_COMPILER_TARGET_VM_VERSION = 1.4;
				JAVA_ONLY = YES;
				JAVA_SOURCE_SUBDIR = .;
				PRODUCT_NAME = nonlocalJape;
			};
			name = Default;
		};
		797479F5088E9AEB001565A1 /* Development */ = {
			isa = XCBuildConfiguration;
			buildSettings = {
			};
			name = Development;
		};
		797479F6088E9AEB001565A1 /* Deployment */ = {
			isa = XCBuildConfiguration;
			buildSettings = {
			};
			name = Deployment;
		};
		797479F7088E9AEB001565A1 /* Default */ = {
			isa = XCBuildConfiguration;
			buildSettings = {
			};
			name = Default;
		};
/* End XCBuildConfiguration section */

/* Begin XCConfigurationList section */
		797479EC088E9AEB001565A1 /* Build configuration list for PBXApplicationTarget "Jape" */ = {
			isa = XCConfigurationList;
			buildConfigurations = (
				797479ED088E9AEB001565A1 /* Development */,
				797479EE088E9AEB001565A1 /* Deployment */,
				797479EF088E9AEB001565A1 /* Default */,
			);
			defaultConfigurationIsVisible = 0;
			defaultConfigurationName = Default;
		};
		797479F0088E9AEB001565A1 /* Build configuration list for PBXApplicationTarget "nonlocalJape" */ = {
			isa = XCConfigurationList;
			buildConfigurations = (
				797479F1088E9AEB001565A1 /* Development */,
				797479F2088E9AEB001565A1 /* Deployment */,
				797479F3088E9AEB001565A1 /* Default */,
			);
			defaultConfigurationIsVisible = 0;
			defaultConfigurationName = Default;
		};
		797479F4088E9AEB001565A1 /* Build configuration list for PBXProject "Jape" */ = {
			isa = XCConfigurationList;
			buildConfigurations = (
				797479F5088E9AEB001565A1 /* Development */,
				797479F6088E9AEB001565A1 /* Deployment */,
				797479F7088E9AEB001565A1 /* Default */,
			);
			defaultConfigurationIsVisible = 0;
			defaultConfigurationName = Default;
		};
/* End XCConfigurationList section */
	};
	rootObject = 01F12F4CFEC8CE2211DB9C8B /* Project object */;
}
