// !$*UTF8*$!
{
	archiveVersion = 1;
	classes = {
	};
	objectVersion = 38;
	objects = {
		010FB80D00814DD77F000001 = {
			fileRef = 10F9BF62FEEDA25E11DB9C8B;
			isa = PBXBuildFile;
			settings = {
			};
		};
		01F12F4CFEC8CE2211DB9C8B = {
			buildStyles = (
				0E20B662001FAFA711DB9C8B,
				0E20B663001FAFA711DB9C8B,
			);
			isa = PBXProject;
			mainGroup = 01F12F4DFEC8CE2211DB9C8B;
			productRefGroup = 01F12F4FFEC8CEF111DB9C8B;
			projectDirPath = "";
			targets = (
				1601BCDBFEEE210811DB9C8B,
				F57AF4290339D74701A80116,
				F5892D2A0339DEA001A80116,
				F5AB83160339F3B701A80116,
			);
		};
		01F12F4DFEC8CE2211DB9C8B = {
			children = (
				01F12F4FFEC8CEF111DB9C8B,
				F5E5E3BF035EE05E01A80116,
				F515B6050331D98801A80116,
				F515B6060331D98801A80116,
				F502FBE7035D88BC01A80116,
				F560AEE2036D797301A80116,
				F5CC966D03438BFF01A80116,
				F516FFB5031F823A01A80117,
				F528CB2A0307C5B501A80116,
				F51F6C7B0360086701A80116,
				F586B1630326408D01A80117,
				F515B6080331D98801A80116,
				F560AEE6036D799701A80116,
				F560AEE7036D799701A80116,
				F51F6C7F036025C101A80116,
				F515B6090331D98801A80116,
				F516FFD2031F87F501A80117,
				F528CB2B0307C5B501A80116,
				10F9BF62FEEDA25E11DB9C8B,
				F531A7B7033213F801A80116,
				F50BD28C036EEC3A01A80116,
				F515B6180331DA6801A80116,
				F59F3D1C033773B101A80116,
				F5E5E3DE035EE1AC01A80116,
				F59988FE036976E501A80116,
				F560AEE8036D799701A80116,
				F5892D2D0339DED001A80116,
				F5C659BE0371CE3001A80117,
				F515B60B0331D98801A80116,
				F516FFB3031F822901A80117,
				F515B61A0332012801A80116,
				F515B60C0331D98801A80116,
				F560AEE9036D799701A80116,
				F560AEEA036D799701A80116,
				F5D80C8B036F044901A80116,
				F515B60D0331D98801A80116,
				F556EA5E0366E4B801A80116,
				F59989060369844F01A80116,
				F560AEEB036D799701A80116,
				F563B8B703372EA501A80116,
				F59F3D1A0337739A01A80116,
				F516FFBB031F827D01A80117,
				F516FFB9031F825B01A80117,
				F5E5E3E2035F171101A80116,
				F5EAC0DB036F473D01A80117,
				F5A024A303654B2601A80116,
			);
			isa = PBXGroup;
			refType = 4;
		};
		01F12F4FFEC8CEF111DB9C8B = {
			children = (
				06D05853FF24F2DB11DB9C8B,
				F57AF42A0339D74701A80116,
				F5892D2B0339DEA001A80116,
				F5AB83170339F3B701A80116,
			);
			isa = PBXGroup;
			name = Products;
			refType = 4;
		};
//010
//011
//012
//013
//014
//060
//061
//062
//063
//064
		06D05853FF24F2DB11DB9C8B = {
			isa = PBXApplicationReference;
			path = japeserver.app;
			refType = 3;
		};
//060
//061
//062
//063
//064
//0E0
//0E1
//0E2
//0E3
//0E4
		0E20B662001FAFA711DB9C8B = {
			buildRules = (
			);
			buildSettings = {
				COPY_PHASE_STRIP = NO;
			};
			isa = PBXBuildStyle;
			name = Development;
		};
		0E20B663001FAFA711DB9C8B = {
			buildRules = (
			);
			buildSettings = {
				COPY_PHASE_STRIP = YES;
			};
			isa = PBXBuildStyle;
			name = Deployment;
		};
//0E0
//0E1
//0E2
//0E3
//0E4
//100
//101
//102
//103
//104
		10F9BF62FEEDA25E11DB9C8B = {
			isa = PBXFileReference;
			path = japeserver.icns;
			refType = 4;
		};
//100
//101
//102
//103
//104
//160
//161
//162
//163
//164
		1601BCDBFEEE210811DB9C8B = {
			buildPhases = (
				1601BCDCFEEE210811DB9C8B,
				1601BCDEFEEE210811DB9C8B,
				1601BCDFFEEE210811DB9C8B,
				1601BCE2FEEE210811DB9C8B,
			);
			buildSettings = {
				JAVA_COMPILER = /usr/bin/javac;
				JAVA_COMPILER_DEPRECATED_WARNINGS = YES;
				JAVA_ONLY = YES;
				JAVA_SOURCE_SUBDIR = .;
				PRODUCT_NAME = japeserver;
			};
			dependencies = (
			);
			isa = PBXApplicationTarget;
			name = japeserver;
			productName = japeserver;
			productReference = 06D05853FF24F2DB11DB9C8B;
			productSettingsXML = "<?xml version=\"1.0\" encoding=\"UTF-8\"?>
<!DOCTYPE plist PUBLIC \"-//Apple Computer//DTD PLIST 1.0//EN\" \"http://www.apple.com/DTDs/PropertyList-1.0.dtd\">
<plist version=\"1.0\">
<dict>
	<key>CFBundleDevelopmentRegion</key>
	<string>English</string>
	<key>CFBundleExecutable</key>
	<string>japeserver</string>
	<key>CFBundleGetInfoString</key>
	<string></string>
	<key>CFBundleIconFile</key>
	<string>japeserver.icns</string>
	<key>CFBundleIdentifier</key>
	<string></string>
	<key>CFBundleInfoDictionaryVersion</key>
	<string>6.0</string>
	<key>CFBundleName</key>
	<string></string>
	<key>CFBundlePackageType</key>
	<string>APPL</string>
	<key>CFBundleShortVersionString</key>
	<string></string>
	<key>CFBundleSignature</key>
	<string>????</string>
	<key>CFBundleVersion</key>
	<string>0.1</string>
	<key>Java</key>
	<dict>
		<key>ClassPath</key>
		<string>$JAVAROOT/japeserver.jar</string>
		<key>MainClass</key>
		<string>japeserver</string>
		<key>Properties</key>
		<dict>
			<key>com.apple.macos.useScreenMenuBar</key>
			<string>true</string>
			<key>com.apple.mrj.application.apple.menu.about.name</key>
			<string>jape</string>
			<key>com.apple.mrj.application.growbox.intrudes</key>
			<string>false</string>
			<key>com.apple.mrj.application.live-resize</key>
			<string>true</string>
		</dict>
	</dict>
	<key>NSJavaNeeded</key>
	<string>YES</string>
	<key>NSJavaPath</key>
	<array>
		<string>japeserver.jar</string>
	</array>
	<key>NSJavaRoot</key>
	<string>Contents/Resources/Java</string>
</dict>
</plist>
";
			shouldUseHeadermap = 0;
		};
		1601BCDCFEEE210811DB9C8B = {
			buildActionMask = 2147483647;
			files = (
				F528CB2D0307C5B501A80116,
				F528CB2E0307C5B501A80116,
				F516FFB8031F824A01A80117,
				F516FFBC031F827D01A80117,
				F516FFD3031F87F501A80117,
				F586B1640326408D01A80117,
				F515B60F0331D98801A80116,
				F515B6110331D98801A80116,
				F515B6120331D98801A80116,
				F515B6140331D98801A80116,
				F515B6150331D98801A80116,
				F515B6160331D98801A80116,
				F515B6190331DA6801A80116,
				F515B61B0332012801A80116,
				F531A7B8033213F801A80116,
				F563B8B803372EA501A80116,
				F5CC966E03438BFF01A80116,
				F5865C6B035C34DD01A80116,
				F502FBE8035D88BC01A80116,
				F5E5E3B9035ED1EE01A80116,
				F5E5E3DF035EE1AC01A80116,
				F5E5E3E3035F171101A80116,
				F51F6C7C0360086701A80116,
				F51F6C80036025C101A80116,
				F51F6C830360266F01A80116,
				F5A024A403654B2601A80116,
				F556EA5F0366E4B801A80116,
				F59988FF036976E501A80116,
				F59989070369844F01A80116,
				F560AEE3036D797301A80116,
				F560AEEC036D799701A80116,
				F560AEED036D799701A80116,
				F560AEEE036D799701A80116,
				F560AEEF036D799701A80116,
				F560AEF0036D799701A80116,
				F560AEF1036D799701A80116,
				F50BD28D036EEC3A01A80116,
				F5D80C8C036F044901A80116,
				F5EAC0DC036F473D01A80117,
				F5C659BF0371CE3001A80117,
			);
			isa = PBXSourcesBuildPhase;
		};
		1601BCDEFEEE210811DB9C8B = {
			buildActionMask = 2147483647;
			files = (
			);
			isa = PBXJavaArchiveBuildPhase;
		};
		1601BCDFFEEE210811DB9C8B = {
			buildActionMask = 2147483647;
			files = (
				010FB80D00814DD77F000001,
			);
			isa = PBXResourcesBuildPhase;
		};
		1601BCE2FEEE210811DB9C8B = {
			buildActionMask = 2147483647;
			files = (
			);
			isa = PBXFrameworksBuildPhase;
		};
//160
//161
//162
//163
//164
//F50
//F51
//F52
//F53
//F54
		F502FBE7035D88BC01A80116 = {
			isa = PBXFileReference;
			name = AnchoredScrollPane.java;
			path = /Users/richard/cvsdownloads/jape/jape/java_japeserver/AnchoredScrollPane.java;
			refType = 0;
		};
		F502FBE8035D88BC01A80116 = {
			fileRef = F502FBE7035D88BC01A80116;
			isa = PBXBuildFile;
			settings = {
			};
		};
		F502FBE9035D88BC01A80116 = {
			fileRef = F502FBE7035D88BC01A80116;
			isa = PBXBuildFile;
			settings = {
			};
		};
		F502FBEA035D88BC01A80116 = {
			fileRef = F502FBE7035D88BC01A80116;
			isa = PBXBuildFile;
			settings = {
			};
		};
		F502FBEB035D88BC01A80116 = {
			fileRef = F502FBE7035D88BC01A80116;
			isa = PBXBuildFile;
			settings = {
			};
		};
		F50BD28C036EEC3A01A80116 = {
			isa = PBXFileReference;
			name = LineItem.java;
			path = /Users/richard/cvsdownloads/jape/jape/java_japeserver/LineItem.java;
			refType = 0;
		};
		F50BD28D036EEC3A01A80116 = {
			fileRef = F50BD28C036EEC3A01A80116;
			isa = PBXBuildFile;
			settings = {
			};
		};
		F50BD28E036EEC3A01A80116 = {
			fileRef = F50BD28C036EEC3A01A80116;
			isa = PBXBuildFile;
			settings = {
			};
		};
		F50BD28F036EEC3A01A80116 = {
			fileRef = F50BD28C036EEC3A01A80116;
			isa = PBXBuildFile;
			settings = {
			};
		};
		F515B6050331D98801A80116 = {
			isa = PBXFileReference;
			name = AboutBox.java;
			path = /Users/richard/cvsdownloads/jape/jape/java_japeserver/AboutBox.java;
			refType = 0;
		};
		F515B6060331D98801A80116 = {
			isa = PBXFileReference;
			name = Alert.java;
			path = /Users/richard/cvsdownloads/jape/jape/java_japeserver/Alert.java;
			refType = 0;
		};
		F515B6080331D98801A80116 = {
			isa = PBXFileReference;
			name = FileChooser.java;
			path = /Users/richard/cvsdownloads/jape/jape/java_japeserver/FileChooser.java;
			refType = 0;
		};
		F515B6090331D98801A80116 = {
			isa = PBXFileReference;
			name = JapeFont.java;
			path = /Users/richard/cvsdownloads/jape/jape/java_japeserver/JapeFont.java;
			refType = 0;
		};
		F515B60B0331D98801A80116 = {
			isa = PBXFileReference;
			name = PosIntHashMap.java;
			path = /Users/richard/cvsdownloads/jape/jape/java_japeserver/PosIntHashMap.java;
			refType = 0;
		};
		F515B60C0331D98801A80116 = {
			isa = PBXFileReference;
			name = ProtocolError.java;
			path = /Users/richard/cvsdownloads/jape/jape/java_japeserver/ProtocolError.java;
			refType = 0;
		};
		F515B60D0331D98801A80116 = {
			isa = PBXFileReference;
			name = Reply.java;
			path = /Users/richard/cvsdownloads/jape/jape/java_japeserver/Reply.java;
			refType = 0;
		};
		F515B60F0331D98801A80116 = {
			fileRef = F515B6060331D98801A80116;
			isa = PBXBuildFile;
			settings = {
			};
		};
		F515B6110331D98801A80116 = {
			fileRef = F515B6080331D98801A80116;
			isa = PBXBuildFile;
			settings = {
			};
		};
		F515B6120331D98801A80116 = {
			fileRef = F515B6090331D98801A80116;
			isa = PBXBuildFile;
			settings = {
			};
		};
		F515B6130331D98801A80116 = {
			fileRef = F515B60A0331D98801A80116;
			isa = PBXBuildFile;
			settings = {
			};
		};
		F515B6140331D98801A80116 = {
			fileRef = F515B60B0331D98801A80116;
			isa = PBXBuildFile;
			settings = {
			};
		};
		F515B6150331D98801A80116 = {
			fileRef = F515B60C0331D98801A80116;
			isa = PBXBuildFile;
			settings = {
			};
		};
		F515B6160331D98801A80116 = {
			fileRef = F515B60D0331D98801A80116;
			isa = PBXBuildFile;
			settings = {
			};
		};
		F515B6180331DA6801A80116 = {
			isa = PBXFileReference;
			path = LocalSettings.java;
			refType = 4;
		};
		F515B6190331DA6801A80116 = {
			fileRef = F515B6180331DA6801A80116;
			isa = PBXBuildFile;
			settings = {
			};
		};
		F515B61A0332012801A80116 = {
			isa = PBXFileReference;
			name = ProofWindow.java;
			path = /Users/richard/cvsdownloads/jape/jape/java_japeserver/ProofWindow.java;
			refType = 0;
		};
		F515B61B0332012801A80116 = {
			fileRef = F515B61A0332012801A80116;
			isa = PBXBuildFile;
			settings = {
			};
		};
		F516FFB3031F822901A80117 = {
			isa = PBXFileReference;
			name = ProofCanvas.java;
			path = /Users/richard/cvsdownloads/jape/jape/java_japeserver/ProofCanvas.java;
			refType = 0;
		};
		F516FFB5031F823A01A80117 = {
			isa = PBXFileReference;
			name = DebugConstants.java;
			path = /Users/richard/cvsdownloads/jape/jape/java_japeserver/DebugConstants.java;
			refType = 0;
		};
		F516FFB8031F824A01A80117 = {
			fileRef = F516FFB5031F823A01A80117;
			isa = PBXBuildFile;
			settings = {
			};
		};
		F516FFB9031F825B01A80117 = {
			isa = PBXFileReference;
			name = TextItem.java;
			path = /Users/richard/cvsdownloads/jape/jape/java_japeserver/TextItem.java;
			refType = 0;
		};
		F516FFBB031F827D01A80117 = {
			isa = PBXFileReference;
			name = TextDimension.java;
			path = /Users/richard/cvsdownloads/jape/jape/java_japeserver/TextDimension.java;
			refType = 0;
		};
		F516FFBC031F827D01A80117 = {
			fileRef = F516FFBB031F827D01A80117;
			isa = PBXBuildFile;
			settings = {
			};
		};
		F516FFD2031F87F501A80117 = {
			isa = PBXFileReference;
			name = JapeMenu.java;
			path = /Users/richard/cvsdownloads/jape/jape/java_japeserver/JapeMenu.java;
			refType = 0;
		};
		F516FFD3031F87F501A80117 = {
			fileRef = F516FFD2031F87F501A80117;
			isa = PBXBuildFile;
			settings = {
			};
		};
		F51F6C7B0360086701A80116 = {
			isa = PBXFileReference;
			name = DisplayItem.java;
			path = /Users/richard/cvsdownloads/jape/jape/java_japeserver/DisplayItem.java;
			refType = 0;
		};
		F51F6C7C0360086701A80116 = {
			fileRef = F51F6C7B0360086701A80116;
			isa = PBXBuildFile;
			settings = {
			};
		};
		F51F6C7D0360086701A80116 = {
			fileRef = F51F6C7B0360086701A80116;
			isa = PBXBuildFile;
			settings = {
			};
		};
		F51F6C7E0360086701A80116 = {
			fileRef = F51F6C7B0360086701A80116;
			isa = PBXBuildFile;
			settings = {
			};
		};
		F51F6C7F036025C101A80116 = {
			isa = PBXFileReference;
			name = JapeCanvas.java;
			path = /Users/richard/cvsdownloads/jape/jape/java_japeserver/JapeCanvas.java;
			refType = 0;
		};
		F51F6C80036025C101A80116 = {
			fileRef = F51F6C7F036025C101A80116;
			isa = PBXBuildFile;
			settings = {
			};
		};
		F51F6C81036025C101A80116 = {
			fileRef = F51F6C7F036025C101A80116;
			isa = PBXBuildFile;
			settings = {
			};
		};
		F51F6C82036025C101A80116 = {
			fileRef = F51F6C7F036025C101A80116;
			isa = PBXBuildFile;
			settings = {
			};
		};
		F51F6C830360266F01A80116 = {
			fileRef = F516FFB3031F822901A80117;
			isa = PBXBuildFile;
			settings = {
			};
		};
		F528CB2A0307C5B501A80116 = {
			fileEncoding = 4;
			isa = PBXFileReference;
			name = Dispatcher.java;
			path = /Users/richard/cvsdownloads/jape/jape/java_japeserver/Dispatcher.java;
			refType = 0;
		};
		F528CB2B0307C5B501A80116 = {
			isa = PBXFileReference;
			name = japeserver.java;
			path = /Users/richard/cvsdownloads/jape/jape/java_japeserver/japeserver.java;
			refType = 0;
		};
		F528CB2D0307C5B501A80116 = {
			fileRef = F528CB2A0307C5B501A80116;
			isa = PBXBuildFile;
			settings = {
			};
		};
		F528CB2E0307C5B501A80116 = {
			fileRef = F528CB2B0307C5B501A80116;
			isa = PBXBuildFile;
			settings = {
			};
		};
		F531A7B7033213F801A80116 = {
			isa = PBXFileReference;
			name = JapeWindow.java;
			path = /Users/richard/cvsdownloads/jape/jape/java_japeserver/JapeWindow.java;
			refType = 0;
		};
		F531A7B8033213F801A80116 = {
			fileRef = F531A7B7033213F801A80116;
			isa = PBXBuildFile;
			settings = {
			};
		};
		F556EA5E0366E4B801A80116 = {
			isa = PBXFileReference;
			name = SelectionConstants.java;
			path = /Users/richard/cvsdownloads/jape/jape/java_japeserver/SelectionConstants.java;
			refType = 0;
		};
		F556EA5F0366E4B801A80116 = {
			fileRef = F556EA5E0366E4B801A80116;
			isa = PBXBuildFile;
			settings = {
			};
		};
		F556EA600366E4B801A80116 = {
			fileRef = F556EA5E0366E4B801A80116;
			isa = PBXBuildFile;
			settings = {
			};
		};
		F556EA610366E4B801A80116 = {
			fileRef = F556EA5E0366E4B801A80116;
			isa = PBXBuildFile;
			settings = {
			};
		};
		F560AEE2036D797301A80116 = {
			isa = PBXFileReference;
			name = ConclusionItem.java;
			path = /Users/richard/cvsdownloads/jape/jape/java_japeserver/ConclusionItem.java;
			refType = 0;
		};
		F560AEE3036D797301A80116 = {
			fileRef = F560AEE2036D797301A80116;
			isa = PBXBuildFile;
			settings = {
			};
		};
		F560AEE4036D797301A80116 = {
			fileRef = F560AEE2036D797301A80116;
			isa = PBXBuildFile;
			settings = {
			};
		};
		F560AEE5036D797301A80116 = {
			fileRef = F560AEE2036D797301A80116;
			isa = PBXBuildFile;
			settings = {
			};
		};
		F560AEE6036D799701A80116 = {
			isa = PBXFileReference;
			name = HypConcItem.java;
			path = /Users/richard/cvsdownloads/jape/jape/java_japeserver/HypConcItem.java;
			refType = 0;
		};
		F560AEE7036D799701A80116 = {
			isa = PBXFileReference;
			name = HypothesisItem.java;
			path = /Users/richard/cvsdownloads/jape/jape/java_japeserver/HypothesisItem.java;
			refType = 0;
		};
		F560AEE8036D799701A80116 = {
			isa = PBXFileReference;
			name = MouseInteractionListener.java;
			path = /Users/richard/cvsdownloads/jape/jape/java_japeserver/MouseInteractionListener.java;
			refType = 0;
		};
		F560AEE9036D799701A80116 = {
			isa = PBXFileReference;
			name = ProtocolConstants.java;
			path = /Users/richard/cvsdownloads/jape/jape/java_japeserver/ProtocolConstants.java;
			refType = 0;
		};
		F560AEEA036D799701A80116 = {
			isa = PBXFileReference;
			name = ReasonItem.java;
			path = /Users/richard/cvsdownloads/jape/jape/java_japeserver/ReasonItem.java;
			refType = 0;
		};
		F560AEEB036D799701A80116 = {
			isa = PBXFileReference;
			name = SelectableProofItem.java;
			path = /Users/richard/cvsdownloads/jape/jape/java_japeserver/SelectableProofItem.java;
			refType = 0;
		};
		F560AEEC036D799701A80116 = {
			fileRef = F560AEE6036D799701A80116;
			isa = PBXBuildFile;
			settings = {
			};
		};
		F560AEED036D799701A80116 = {
			fileRef = F560AEE7036D799701A80116;
			isa = PBXBuildFile;
			settings = {
			};
		};
		F560AEEE036D799701A80116 = {
			fileRef = F560AEE8036D799701A80116;
			isa = PBXBuildFile;
			settings = {
			};
		};
		F560AEEF036D799701A80116 = {
			fileRef = F560AEE9036D799701A80116;
			isa = PBXBuildFile;
			settings = {
			};
		};
		F560AEF0036D799701A80116 = {
			fileRef = F560AEEA036D799701A80116;
			isa = PBXBuildFile;
			settings = {
			};
		};
		F560AEF1036D799701A80116 = {
			fileRef = F560AEEB036D799701A80116;
			isa = PBXBuildFile;
			settings = {
			};
		};
		F560AEF2036D799701A80116 = {
			fileRef = F560AEE6036D799701A80116;
			isa = PBXBuildFile;
			settings = {
			};
		};
		F560AEF3036D799701A80116 = {
			fileRef = F560AEE7036D799701A80116;
			isa = PBXBuildFile;
			settings = {
			};
		};
		F560AEF4036D799701A80116 = {
			fileRef = F560AEE8036D799701A80116;
			isa = PBXBuildFile;
			settings = {
			};
		};
		F560AEF5036D799701A80116 = {
			fileRef = F560AEE9036D799701A80116;
			isa = PBXBuildFile;
			settings = {
			};
		};
		F560AEF6036D799701A80116 = {
			fileRef = F560AEEA036D799701A80116;
			isa = PBXBuildFile;
			settings = {
			};
		};
		F560AEF7036D799701A80116 = {
			fileRef = F560AEEB036D799701A80116;
			isa = PBXBuildFile;
			settings = {
			};
		};
		F560AEF8036D799701A80116 = {
			fileRef = F560AEE6036D799701A80116;
			isa = PBXBuildFile;
			settings = {
			};
		};
		F560AEF9036D799701A80116 = {
			fileRef = F560AEE7036D799701A80116;
			isa = PBXBuildFile;
			settings = {
			};
		};
		F560AEFA036D799701A80116 = {
			fileRef = F560AEE8036D799701A80116;
			isa = PBXBuildFile;
			settings = {
			};
		};
		F560AEFB036D799701A80116 = {
			fileRef = F560AEE9036D799701A80116;
			isa = PBXBuildFile;
			settings = {
			};
		};
		F560AEFC036D799701A80116 = {
			fileRef = F560AEEA036D799701A80116;
			isa = PBXBuildFile;
			settings = {
			};
		};
		F560AEFD036D799701A80116 = {
			fileRef = F560AEEB036D799701A80116;
			isa = PBXBuildFile;
			settings = {
			};
		};
		F563B8B703372EA501A80116 = {
			isa = PBXFileReference;
			name = SurrogateWindow.java;
			path = /Users/richard/cvsdownloads/jape/jape/java_japeserver/SurrogateWindow.java;
			refType = 0;
		};
		F563B8B803372EA501A80116 = {
			fileRef = F563B8B703372EA501A80116;
			isa = PBXBuildFile;
			settings = {
			};
		};
		F5672A9E035D648201A80116 = {
			fileRef = F5CC966D03438BFF01A80116;
			isa = PBXBuildFile;
			settings = {
			};
		};
		F57AF4250339D74701A80116 = {
			buildActionMask = 2147483647;
			files = (
				F57AF42D0339D7CF01A80116,
				F57AF42E0339D7CF01A80116,
				F57AF42F0339D7D201A80116,
				F57AF4320339D7DB01A80116,
				F57AF4330339D7F801A80116,
				F5CC966F03438BFF01A80116,
				F502FBE9035D88BC01A80116,
				F5E5E3E0035EE1AC01A80116,
				F5E5E3E4035F171101A80116,
				F51F6C7D0360086701A80116,
				F51F6C81036025C101A80116,
				F5A024A503654B2601A80116,
				F556EA600366E4B801A80116,
				F5998900036976E501A80116,
				F59989080369844F01A80116,
				F560AEE4036D797301A80116,
				F560AEF2036D799701A80116,
				F560AEF3036D799701A80116,
				F560AEF4036D799701A80116,
				F560AEF5036D799701A80116,
				F560AEF6036D799701A80116,
				F560AEF7036D799701A80116,
				F50BD28E036EEC3A01A80116,
				F5D80C8D036F044901A80116,
				F5EAC0DD036F473D01A80117,
			);
			isa = PBXSourcesBuildPhase;
		};
		F57AF4260339D74701A80116 = {
			buildActionMask = 2147483647;
			files = (
			);
			isa = PBXResourcesBuildPhase;
		};
		F57AF4270339D74701A80116 = {
			buildActionMask = 2147483647;
			files = (
			);
			isa = PBXJavaArchiveBuildPhase;
		};
		F57AF4280339D74701A80116 = {
			buildActionMask = 2147483647;
			files = (
			);
			isa = PBXFrameworksBuildPhase;
		};
		F57AF4290339D74701A80116 = {
			buildPhases = (
				F57AF4250339D74701A80116,
				F57AF4260339D74701A80116,
				F57AF4270339D74701A80116,
				F57AF4280339D74701A80116,
			);
			buildSettings = {
				JAVA_COMPILER = /usr/bin/javac;
				JAVA_ONLY = YES;
				JAVA_SOURCE_SUBDIR = .;
				OTHER_CFLAGS = "";
				OTHER_LDFLAGS = "";
				OTHER_REZFLAGS = "";
				PRODUCT_NAME = testjape;
				SECTORDER_FLAGS = "";
				WARNING_CFLAGS = "-Wmost -Wno-four-char-constants -Wno-unknown-pragmas";
				WRAPPER_EXTENSION = app;
			};
			dependencies = (
			);
			isa = PBXApplicationTarget;
			name = testjape;
			productInstallPath = "$(USER_APPS_DIR)";
			productName = testjape;
			productReference = F57AF42A0339D74701A80116;
			productSettingsXML = "<?xml version=\"1.0\" encoding=\"UTF-8\"?>
<!DOCTYPE plist PUBLIC \"-//Apple Computer//DTD PLIST 1.0//EN\" \"http://www.apple.com/DTDs/PropertyList-1.0.dtd\">
<plist version=\"1.0\">
<dict>
	<key>CFBundleDevelopmentRegion</key>
	<string>English</string>
	<key>CFBundleExecutable</key>
	<string></string>
	<key>CFBundleGetInfoString</key>
	<string></string>
	<key>CFBundleIconFile</key>
	<string></string>
	<key>CFBundleIdentifier</key>
	<string></string>
	<key>CFBundleInfoDictionaryVersion</key>
	<string>6.0</string>
	<key>CFBundleName</key>
	<string></string>
	<key>CFBundlePackageType</key>
	<string>APPL</string>
	<key>CFBundleShortVersionString</key>
	<string></string>
	<key>CFBundleSignature</key>
	<string>????</string>
	<key>CFBundleVersion</key>
	<string>0.0.1d1</string>
	<key>Java</key>
	<dict>
		<key>ClassPath</key>
		<array>
			<string>$JAVAROOT/testjape.jar</string>
		</array>
		<key>MainClass</key>
		<string>testjape</string>
	</dict>
	<key>NSJavaNeeded</key>
	<string>YES</string>
	<key>NSJavaPath</key>
	<array>
		<string>testjape.jar</string>
	</array>
	<key>NSJavaRoot</key>
	<string>Contents/Resources/Java</string>
</dict>
</plist>
";
			shouldUseHeadermap = 0;
		};
		F57AF42A0339D74701A80116 = {
			isa = PBXApplicationReference;
			path = testjape.app;
			refType = 3;
		};
		F57AF42D0339D7CF01A80116 = {
			fileRef = F516FFB9031F825B01A80117;
			isa = PBXBuildFile;
			settings = {
			};
		};
		F57AF42E0339D7CF01A80116 = {
			fileRef = F516FFBB031F827D01A80117;
			isa = PBXBuildFile;
			settings = {
			};
		};
		F57AF42F0339D7D201A80116 = {
			fileRef = F516FFB3031F822901A80117;
			isa = PBXBuildFile;
			settings = {
			};
		};
		F57AF4320339D7DB01A80116 = {
			fileRef = F516FFB5031F823A01A80117;
			isa = PBXBuildFile;
			settings = {
			};
		};
		F57AF4330339D7F801A80116 = {
			fileRef = F59F3D1A0337739A01A80116;
			isa = PBXBuildFile;
			settings = {
			};
		};
		F5865C6B035C34DD01A80116 = {
			fileRef = F515B6050331D98801A80116;
			isa = PBXBuildFile;
			settings = {
			};
		};
		F586B1630326408D01A80117 = {
			isa = PBXFileReference;
			name = ExampleFileFilter.java;
			path = /Users/richard/cvsdownloads/jape/jape/java_japeserver/ExampleFileFilter.java;
			refType = 0;
		};
		F586B1640326408D01A80117 = {
			fileRef = F586B1630326408D01A80117;
			isa = PBXBuildFile;
			settings = {
			};
		};
		F5892D260339DEA001A80116 = {
			buildActionMask = 2147483647;
			files = (
				F5892D2E0339DED001A80116,
				F5672A9E035D648201A80116,
				F502FBEA035D88BC01A80116,
			);
			isa = PBXSourcesBuildPhase;
		};
		F5892D270339DEA001A80116 = {
			buildActionMask = 2147483647;
			files = (
			);
			isa = PBXResourcesBuildPhase;
		};
		F5892D280339DEA001A80116 = {
			buildActionMask = 2147483647;
			files = (
			);
			isa = PBXJavaArchiveBuildPhase;
		};
		F5892D290339DEA001A80116 = {
			buildActionMask = 2147483647;
			files = (
			);
			isa = PBXFrameworksBuildPhase;
		};
		F5892D2A0339DEA001A80116 = {
			buildPhases = (
				F5892D260339DEA001A80116,
				F5892D270339DEA001A80116,
				F5892D280339DEA001A80116,
				F5892D290339DEA001A80116,
			);
			buildSettings = {
				JAVA_COMPILER = /usr/bin/javac;
				JAVA_COMPILER_DEPRECATED_WARNINGS = YES;
				JAVA_ONLY = YES;
				JAVA_SOURCE_SUBDIR = .;
				OTHER_CFLAGS = "";
				OTHER_LDFLAGS = "";
				OTHER_REZFLAGS = "";
				PRODUCT_NAME = nonewindowswing;
				SECTORDER_FLAGS = "";
				WARNING_CFLAGS = "-Wmost -Wno-four-char-constants -Wno-unknown-pragmas";
				WRAPPER_EXTENSION = app;
			};
			dependencies = (
			);
			isa = PBXApplicationTarget;
			name = nonewindowswing;
			productInstallPath = "$(USER_APPS_DIR)";
			productName = nonewindow;
			productReference = F5892D2B0339DEA001A80116;
			productSettingsXML = "<?xml version=\"1.0\" encoding=\"UTF-8\"?>
<!DOCTYPE plist PUBLIC \"-//Apple Computer//DTD PLIST 1.0//EN\" \"http://www.apple.com/DTDs/PropertyList-1.0.dtd\">
<plist version=\"1.0\">
<dict>
	<key>CFBundleDevelopmentRegion</key>
	<string>English</string>
	<key>CFBundleExecutable</key>
	<string>nonewindowswing</string>
	<key>CFBundleGetInfoString</key>
	<string></string>
	<key>CFBundleIconFile</key>
	<string></string>
	<key>CFBundleIdentifier</key>
	<string></string>
	<key>CFBundleInfoDictionaryVersion</key>
	<string>6.0</string>
	<key>CFBundleName</key>
	<string></string>
	<key>CFBundlePackageType</key>
	<string>APPL</string>
	<key>CFBundleShortVersionString</key>
	<string></string>
	<key>CFBundleSignature</key>
	<string>????</string>
	<key>CFBundleVersion</key>
	<string>0.0.1d1</string>
	<key>Java</key>
	<dict>
		<key>ClassPath</key>
		<array>
			<string>$JAVAROOT/nonewindowswing.jar</string>
		</array>
		<key>MainClass</key>
		<string>NoneWindowSwing</string>
	</dict>
	<key>NSJavaNeeded</key>
	<string>YES</string>
	<key>NSJavaPath</key>
	<array>
		<string>nonewindowswing.jar</string>
	</array>
	<key>NSJavaRoot</key>
	<string>Contents/Resources/Java</string>
</dict>
</plist>
";
			shouldUseHeadermap = 0;
		};
		F5892D2B0339DEA001A80116 = {
			isa = PBXApplicationReference;
			path = nonewindowswing.app;
			refType = 3;
		};
		F5892D2D0339DED001A80116 = {
			isa = PBXFileReference;
			name = NoneWindowSwing.java;
			path = /Users/richard/cvsdownloads/jape/jape/java_japeserver/NoneWindowSwing.java;
			refType = 0;
		};
		F5892D2E0339DED001A80116 = {
			fileRef = F5892D2D0339DED001A80116;
			isa = PBXBuildFile;
			settings = {
			};
		};
		F59988FE036976E501A80116 = {
			isa = PBXFileReference;
			name = MouseInteractionAdapter.java;
			path = /Users/richard/cvsdownloads/jape/jape/java_japeserver/MouseInteractionAdapter.java;
			refType = 0;
		};
		F59988FF036976E501A80116 = {
			fileRef = F59988FE036976E501A80116;
			isa = PBXBuildFile;
			settings = {
			};
		};
		F5998900036976E501A80116 = {
			fileRef = F59988FE036976E501A80116;
			isa = PBXBuildFile;
			settings = {
			};
		};
		F5998901036976E501A80116 = {
			fileRef = F59988FE036976E501A80116;
			isa = PBXBuildFile;
			settings = {
			};
		};
		F59989060369844F01A80116 = {
			isa = PBXFileReference;
			name = SelectableItem.java;
			path = /Users/richard/cvsdownloads/jape/jape/java_japeserver/SelectableItem.java;
			refType = 0;
		};
		F59989070369844F01A80116 = {
			fileRef = F59989060369844F01A80116;
			isa = PBXBuildFile;
			settings = {
			};
		};
		F59989080369844F01A80116 = {
			fileRef = F59989060369844F01A80116;
			isa = PBXBuildFile;
			settings = {
			};
		};
		F59989090369844F01A80116 = {
			fileRef = F59989060369844F01A80116;
			isa = PBXBuildFile;
			settings = {
			};
		};
		F59F3D1A0337739A01A80116 = {
			isa = PBXFileReference;
			name = testjape.java;
			path = /Users/richard/cvsdownloads/jape/jape/java_japeserver/testjape.java;
			refType = 0;
		};
		F59F3D1C033773B101A80116 = {
			isa = PBXFileReference;
			name = LocalSettings.java;
			path = /Users/richard/cvsdownloads/jape/jape/java_japeserver/LocalSettings.java;
			refType = 0;
		};
		F5A024A303654B2601A80116 = {
			isa = PBXFileReference;
			name = Viewportable.java;
			path = /Users/richard/cvsdownloads/jape/jape/java_japeserver/Viewportable.java;
			refType = 0;
		};
		F5A024A403654B2601A80116 = {
			fileRef = F5A024A303654B2601A80116;
			isa = PBXBuildFile;
			settings = {
			};
		};
		F5A024A503654B2601A80116 = {
			fileRef = F5A024A303654B2601A80116;
			isa = PBXBuildFile;
			settings = {
			};
		};
		F5A024A603654B2601A80116 = {
			fileRef = F5A024A303654B2601A80116;
			isa = PBXBuildFile;
			settings = {
			};
		};
		F5AB83120339F3B701A80116 = {
			buildActionMask = 2147483647;
			files = (
				F5AB83190339F3FE01A80116,
				F5AB831A0339F3FF01A80116,
				F5AB831D0339F40201A80116,
				F5AB831E0339F40301A80116,
				F5AB831F0339F40401A80116,
				F5AB83200339F40501A80116,
				F5AB83220339F40701A80116,
				F5AB83230339F40801A80116,
				F5AB83240339F40901A80116,
				F5AB83250339F40A01A80116,
				F5AB83270339F41001A80116,
				F5AB83280339F41201A80116,
				F5AB83290339F41401A80116,
				F5AB832A0339F41501A80116,
				F5AB832B0339F41601A80116,
				F5AB832C0339F41701A80116,
				F5AB832D0339F41801A80116,
				F5AB832E0339F41A01A80116,
				F5AB832F0339F41B01A80116,
				F5AB83300339F41D01A80116,
				F5CC967103438BFF01A80116,
				F502FBEB035D88BC01A80116,
				F5E5E3E1035EE1AC01A80116,
				F5E5E3E5035F171101A80116,
				F51F6C7E0360086701A80116,
				F51F6C82036025C101A80116,
				F5A024A603654B2601A80116,
				F556EA610366E4B801A80116,
				F5998901036976E501A80116,
				F59989090369844F01A80116,
				F560AEE5036D797301A80116,
				F560AEF8036D799701A80116,
				F560AEF9036D799701A80116,
				F560AEFA036D799701A80116,
				F560AEFB036D799701A80116,
				F560AEFC036D799701A80116,
				F560AEFD036D799701A80116,
				F50BD28F036EEC3A01A80116,
				F5D80C8E036F044901A80116,
				F5EAC0DE036F473D01A80117,
			);
			isa = PBXSourcesBuildPhase;
		};
		F5AB83130339F3B701A80116 = {
			buildActionMask = 2147483647;
			files = (
				F5AB83260339F40E01A80116,
			);
			isa = PBXResourcesBuildPhase;
		};
		F5AB83140339F3B701A80116 = {
			buildActionMask = 2147483647;
			files = (
			);
			isa = PBXJavaArchiveBuildPhase;
		};
		F5AB83150339F3B701A80116 = {
			buildActionMask = 2147483647;
			files = (
			);
			isa = PBXFrameworksBuildPhase;
		};
		F5AB83160339F3B701A80116 = {
			buildPhases = (
				F5AB83120339F3B701A80116,
				F5AB83130339F3B701A80116,
				F5AB83140339F3B701A80116,
				F5AB83150339F3B701A80116,
			);
			buildSettings = {
				JAVA_COMPILER = /usr/bin/javac;
				JAVA_ONLY = YES;
				JAVA_SOURCE_SUBDIR = .;
				OTHER_CFLAGS = "";
				OTHER_LDFLAGS = "";
				OTHER_REZFLAGS = "";
				PRODUCT_NAME = nonlocaljapeserver;
				SECTORDER_FLAGS = "";
				WARNING_CFLAGS = "-Wmost -Wno-four-char-constants -Wno-unknown-pragmas";
				WRAPPER_EXTENSION = app;
			};
			dependencies = (
			);
			isa = PBXApplicationTarget;
			name = nonlocaljapeserver;
			productInstallPath = "$(USER_APPS_DIR)";
			productName = nonlocaljapeserver;
			productReference = F5AB83170339F3B701A80116;
			productSettingsXML = "<?xml version=\"1.0\" encoding=\"UTF-8\"?>
<!DOCTYPE plist PUBLIC \"-//Apple Computer//DTD PLIST 1.0//EN\" \"http://www.apple.com/DTDs/PropertyList-1.0.dtd\">
<plist version=\"1.0\">
<dict>
	<key>CFBundleDevelopmentRegion</key>
	<string>English</string>
	<key>CFBundleExecutable</key>
	<string></string>
	<key>CFBundleGetInfoString</key>
	<string></string>
	<key>CFBundleIconFile</key>
	<string></string>
	<key>CFBundleIdentifier</key>
	<string></string>
	<key>CFBundleInfoDictionaryVersion</key>
	<string>6.0</string>
	<key>CFBundleName</key>
	<string></string>
	<key>CFBundlePackageType</key>
	<string>APPL</string>
	<key>CFBundleShortVersionString</key>
	<string></string>
	<key>CFBundleSignature</key>
	<string>????</string>
	<key>CFBundleVersion</key>
	<string>0.0.1d1</string>
	<key>Java</key>
	<dict>
		<key>ClassPath</key>
		<array>
			<string>$JAVAROOT/nonlocaljapeserver.jar</string>
		</array>
		<key>MainClass</key>
		<string>japeserver</string>
	</dict>
	<key>NSJavaNeeded</key>
	<string>YES</string>
	<key>NSJavaPath</key>
	<array>
		<string>nonlocaljapeserver.jar</string>
	</array>
	<key>NSJavaRoot</key>
	<string>Contents/Resources/Java</string>
</dict>
</plist>
";
			shouldUseHeadermap = 0;
		};
		F5AB83170339F3B701A80116 = {
			isa = PBXApplicationReference;
			path = nonlocaljapeserver.app;
			refType = 3;
		};
		F5AB83190339F3FE01A80116 = {
			fileRef = F515B6050331D98801A80116;
			isa = PBXBuildFile;
			settings = {
			};
		};
		F5AB831A0339F3FF01A80116 = {
			fileRef = F515B6060331D98801A80116;
			isa = PBXBuildFile;
			settings = {
			};
		};
		F5AB831D0339F40201A80116 = {
			fileRef = F516FFB5031F823A01A80117;
			isa = PBXBuildFile;
			settings = {
			};
		};
		F5AB831E0339F40301A80116 = {
			fileRef = F528CB2A0307C5B501A80116;
			isa = PBXBuildFile;
			settings = {
			};
		};
		F5AB831F0339F40401A80116 = {
			fileRef = F586B1630326408D01A80117;
			isa = PBXBuildFile;
			settings = {
			};
		};
		F5AB83200339F40501A80116 = {
			fileRef = F515B6080331D98801A80116;
			isa = PBXBuildFile;
			settings = {
			};
		};
		F5AB83220339F40701A80116 = {
			fileRef = F515B6090331D98801A80116;
			isa = PBXBuildFile;
			settings = {
			};
		};
		F5AB83230339F40801A80116 = {
			fileRef = F516FFD2031F87F501A80117;
			isa = PBXBuildFile;
			settings = {
			};
		};
		F5AB83240339F40901A80116 = {
			fileRef = F531A7B7033213F801A80116;
			isa = PBXBuildFile;
			settings = {
			};
		};
		F5AB83250339F40A01A80116 = {
			fileRef = F528CB2B0307C5B501A80116;
			isa = PBXBuildFile;
			settings = {
			};
		};
		F5AB83260339F40E01A80116 = {
			fileRef = 10F9BF62FEEDA25E11DB9C8B;
			isa = PBXBuildFile;
			settings = {
			};
		};
		F5AB83270339F41001A80116 = {
			fileRef = F59F3D1C033773B101A80116;
			isa = PBXBuildFile;
			settings = {
			};
		};
		F5AB83280339F41201A80116 = {
			fileRef = F515B60A0331D98801A80116;
			isa = PBXBuildFile;
			settings = {
			};
		};
		F5AB83290339F41401A80116 = {
			fileRef = F515B60B0331D98801A80116;
			isa = PBXBuildFile;
			settings = {
			};
		};
		F5AB832A0339F41501A80116 = {
			fileRef = F516FFB3031F822901A80117;
			isa = PBXBuildFile;
			settings = {
			};
		};
		F5AB832B0339F41601A80116 = {
			fileRef = F515B61A0332012801A80116;
			isa = PBXBuildFile;
			settings = {
			};
		};
		F5AB832C0339F41701A80116 = {
			fileRef = F515B60C0331D98801A80116;
			isa = PBXBuildFile;
			settings = {
			};
		};
		F5AB832D0339F41801A80116 = {
			fileRef = F563B8B703372EA501A80116;
			isa = PBXBuildFile;
			settings = {
			};
		};
		F5AB832E0339F41A01A80116 = {
			fileRef = F516FFBB031F827D01A80117;
			isa = PBXBuildFile;
			settings = {
			};
		};
		F5AB832F0339F41B01A80116 = {
			fileRef = F515B60D0331D98801A80116;
			isa = PBXBuildFile;
			settings = {
			};
		};
		F5AB83300339F41D01A80116 = {
			fileRef = F516FFB9031F825B01A80117;
			isa = PBXBuildFile;
			settings = {
			};
		};
		F5CC966D03438BFF01A80116 = {
			isa = PBXFileReference;
			name = ContainerWithOrigin.java;
			path = /Users/richard/cvsdownloads/jape/jape/java_japeserver/ContainerWithOrigin.java;
			refType = 0;
		};
		F5CC966E03438BFF01A80116 = {
			fileRef = F5CC966D03438BFF01A80116;
			isa = PBXBuildFile;
			settings = {
			};
		};
		F5CC966F03438BFF01A80116 = {
			fileRef = F5CC966D03438BFF01A80116;
			isa = PBXBuildFile;
			settings = {
			};
		};
		F5CC967103438BFF01A80116 = {
			fileRef = F5CC966D03438BFF01A80116;
			isa = PBXBuildFile;
			settings = {
			};
		};
		F5D80C8B036F044901A80116 = {
			isa = PBXFileReference;
			name = RectItem.java;
			path = /Users/richard/cvsdownloads/jape/jape/java_japeserver/RectItem.java;
			refType = 0;
		};
		F5D80C8C036F044901A80116 = {
			fileRef = F5D80C8B036F044901A80116;
			isa = PBXBuildFile;
			settings = {
			};
		};
		F5D80C8D036F044901A80116 = {
			fileRef = F5D80C8B036F044901A80116;
			isa = PBXBuildFile;
			settings = {
			};
		};
		F5D80C8E036F044901A80116 = {
			fileRef = F5D80C8B036F044901A80116;
			isa = PBXBuildFile;
			settings = {
			};
		};
		F5E5E3B9035ED1EE01A80116 = {
			fileRef = F516FFB9031F825B01A80117;
			isa = PBXBuildFile;
			settings = {
			};
		};
		F5E5E3BF035EE05E01A80116 = {
			isa = PBXFileReference;
			name = ToDo;
			path = /Users/richard/cvsdownloads/jape/jape/java_japeserver/ToDo;
			refType = 0;
		};
		F5E5E3DE035EE1AC01A80116 = {
			isa = PBXFileReference;
			name = MinWaste.java;
			path = /Users/richard/cvsdownloads/jape/jape/java_japeserver/MinWaste.java;
			refType = 0;
		};
		F5E5E3DF035EE1AC01A80116 = {
			fileRef = F5E5E3DE035EE1AC01A80116;
			isa = PBXBuildFile;
			settings = {
			};
		};
		F5E5E3E0035EE1AC01A80116 = {
			fileRef = F5E5E3DE035EE1AC01A80116;
			isa = PBXBuildFile;
			settings = {
			};
		};
		F5E5E3E1035EE1AC01A80116 = {
			fileRef = F5E5E3DE035EE1AC01A80116;
			isa = PBXBuildFile;
			settings = {
			};
		};
		F5E5E3E2035F171101A80116 = {
			isa = PBXFileReference;
			name = TextSelectableItem.java;
			path = /Users/richard/cvsdownloads/jape/jape/java_japeserver/TextSelectableItem.java;
			refType = 0;
		};
		F5E5E3E3035F171101A80116 = {
			fileRef = F5E5E3E2035F171101A80116;
			isa = PBXBuildFile;
			settings = {
			};
		};
		F5E5E3E4035F171101A80116 = {
			fileRef = F5E5E3E2035F171101A80116;
			isa = PBXBuildFile;
			settings = {
			};
		};
		F5E5E3E5035F171101A80116 = {
			fileRef = F5E5E3E2035F171101A80116;
			isa = PBXBuildFile;
			settings = {
			};
		};
		F5EAC0DB036F473D01A80117 = {
			isa = PBXFileReference;
			name = TextSelectableProofItem.java;
			path = /Users/richard/cvsdownloads/jape/jape/java_japeserver/TextSelectableProofItem.java;
			refType = 0;
		};
		F5EAC0DC036F473D01A80117 = {
			fileRef = F5EAC0DB036F473D01A80117;
			isa = PBXBuildFile;
			settings = {
			};
		};
		F5EAC0DD036F473D01A80117 = {
			fileRef = F5EAC0DB036F473D01A80117;
			isa = PBXBuildFile;
			settings = {
			};
		};
		F5EAC0DE036F473D01A80117 = {
			fileRef = F5EAC0DB036F473D01A80117;
			isa = PBXBuildFile;
			settings = {
			};
		};
	};
	rootObject = 01F12F4CFEC8CE2211DB9C8B;
}
