// !$*UTF8*$!
{
	archiveVersion = 1;
	classes = {
	};
	objectVersion = 38;
	objects = {
		010FB80D00814DD77F000001 = {
			fileRef = 10F9BF62FEEDA25E11DB9C8B;
			isa = PBXBuildFile;
			settings = {
			};
		};
		01F12F4CFEC8CE2211DB9C8B = {
			buildStyles = (
				0E20B662001FAFA711DB9C8B,
				0E20B663001FAFA711DB9C8B,
			);
			isa = PBXProject;
			mainGroup = 01F12F4DFEC8CE2211DB9C8B;
			productRefGroup = 01F12F4FFEC8CEF111DB9C8B;
			projectDirPath = "";
			targets = (
				1601BCDBFEEE210811DB9C8B,
				F5AB83160339F3B701A80116,
			);
		};
		01F12F4DFEC8CE2211DB9C8B = {
			children = (
				01F12F4FFEC8CEF111DB9C8B,
				F5E5E3BF035EE05E01A80116,
				F515B6050331D98801A80116,
				F515B6060331D98801A80116,
				F502FBE7035D88BC01A80116,
				F5152729037BD50101A80116,
				F560AEE2036D797301A80116,
				F5CC966D03438BFF01A80116,
				F516FFB5031F823A01A80117,
				F528CB2A0307C5B501A80116,
				F51F6C7B0360086701A80116,
				F58AB2BF0377FD2D01A80116,
				F58AB2C503780DAC01A80116,
				F58AB2C203780C4001A80116,
				F58AB2C80378188901A80116,
				F57EF912039507ED01A80116,
				F5E142E0039E1E4001A80116,
				F5158C91039E2C6101A80116,
				F515271D037BB83201A80116,
				F586B1630326408D01A80117,
				F515B6080331D98801A80116,
				F5F50C890394DDCB01A80116,
				F560AEE6036D799701A80116,
				F560AEE7036D799701A80116,
				F51F6C7F036025C101A80116,
				F5B9B5BC038B969501A80116,
				F515B6090331D98801A80116,
				F516FFD2031F87F501A80117,
				F59988FE036976E501A80116,
				F560AEE8036D799701A80116,
				F57E549C038BB91A01A80116,
				F528CB2B0307C5B501A80116,
				10F9BF62FEEDA25E11DB9C8B,
				F531A7B7033213F801A80116,
				F52B56B7039D296801A80116,
				F574B00903968EBA01A80116,
				F50BD28C036EEC3A01A80116,
				F515B6180331DA6801A80116,
				F59F3D1C033773B101A80116,
				F5E5E3DE035EE1AC01A80116,
				F5F50C860394DC6601A80116,
				F592908503728EA101A80117,
				F515B60B0331D98801A80116,
				F5152720037BB90501A80116,
				F516FFB3031F822901A80117,
				F515B61A0332012801A80116,
				F560AEE9036D799701A80116,
				F515B60C0331D98801A80116,
				F560AEEA036D799701A80116,
				F5D80C8B036F044901A80116,
				F515B60D0331D98801A80116,
				F556EA5E0366E4B801A80116,
				F59989060369844F01A80116,
				F560AEEB036D799701A80116,
				F563B8B703372EA501A80116,
				F52ED06F039BAC4001A80116,
				F516FFBB031F827D01A80117,
				F516FFB9031F825B01A80117,
				F5E5E3E2035F171101A80116,
				F5EAC0DB036F473D01A80117,
				F57E7E00037FBF5401A80116,
				F5F50C8F0394EBCF01A80116,
				F54C942A039D03FB01A80116,
				F5152723037BC71E01A80116,
				F5DFE22903953DAD01A80116,
				F5152726037BCC1A01A80116,
				F52B56B1039D210801A80116,
				F57EF90F039503AE01A80116,
				F5158C94039E321E01A80116,
			);
			isa = PBXGroup;
			refType = 4;
		};
		01F12F4FFEC8CEF111DB9C8B = {
			children = (
				06D05853FF24F2DB11DB9C8B,
				F5AB83170339F3B701A80116,
			);
			isa = PBXGroup;
			name = Products;
			refType = 4;
		};
//010
//011
//012
//013
//014
//060
//061
//062
//063
//064
		06D05853FF24F2DB11DB9C8B = {
			isa = PBXApplicationReference;
			path = japeserver.app;
			refType = 3;
		};
//060
//061
//062
//063
//064
//0E0
//0E1
//0E2
//0E3
//0E4
		0E20B662001FAFA711DB9C8B = {
			buildRules = (
			);
			buildSettings = {
				COPY_PHASE_STRIP = NO;
			};
			isa = PBXBuildStyle;
			name = Development;
		};
		0E20B663001FAFA711DB9C8B = {
			buildRules = (
			);
			buildSettings = {
				COPY_PHASE_STRIP = YES;
			};
			isa = PBXBuildStyle;
			name = Deployment;
		};
//0E0
//0E1
//0E2
//0E3
//0E4
//100
//101
//102
//103
//104
		10F9BF62FEEDA25E11DB9C8B = {
			isa = PBXFileReference;
			path = japeserver.icns;
			refType = 2;
		};
//100
//101
//102
//103
//104
//160
//161
//162
//163
//164
		1601BCDBFEEE210811DB9C8B = {
			buildPhases = (
				1601BCDCFEEE210811DB9C8B,
				1601BCDEFEEE210811DB9C8B,
				1601BCDFFEEE210811DB9C8B,
				1601BCE2FEEE210811DB9C8B,
			);
			buildSettings = {
				JAVA_COMPILER = /usr/bin/javac;
				JAVA_COMPILER_DEPRECATED_WARNINGS = YES;
				JAVA_COMPILER_TARGET_VM_VERSION = 1.3;
				JAVA_ONLY = YES;
				JAVA_SOURCE_SUBDIR = .;
				PRODUCT_NAME = japeserver;
			};
			dependencies = (
			);
			isa = PBXApplicationTarget;
			name = japeserver;
			productName = japeserver;
			productReference = 06D05853FF24F2DB11DB9C8B;
			productSettingsXML = "<?xml version=\"1.0\" encoding=\"UTF-8\"?>
<!DOCTYPE plist PUBLIC \"-//Apple Computer//DTD PLIST 1.0//EN\" \"http://www.apple.com/DTDs/PropertyList-1.0.dtd\">
<plist version=\"1.0\">
<dict>
	<key>CFBundleDevelopmentRegion</key>
	<string>English</string>
	<key>CFBundleExecutable</key>
	<string>japeserver</string>
	<key>CFBundleGetInfoString</key>
	<string></string>
	<key>CFBundleIconFile</key>
	<string>japeserver.icns</string>
	<key>CFBundleIdentifier</key>
	<string></string>
	<key>CFBundleInfoDictionaryVersion</key>
	<string>6.0</string>
	<key>CFBundleName</key>
	<string></string>
	<key>CFBundlePackageType</key>
	<string>APPL</string>
	<key>CFBundleShortVersionString</key>
	<string></string>
	<key>CFBundleSignature</key>
	<string>????</string>
	<key>CFBundleVersion</key>
	<string>0.1</string>
	<key>Java</key>
	<dict>
		<key>ClassPath</key>
		<string>$JAVAROOT/japeserver.jar</string>
		<key>MainClass</key>
		<string>japeserver</string>
		<key>Properties</key>
		<dict>
			<key>com.apple.macos.useScreenMenuBar</key>
			<string>true</string>
			<key>com.apple.mrj.application.apple.menu.about.name</key>
			<string>jape</string>
			<key>com.apple.mrj.application.growbox.intrudes</key>
			<string>false</string>
			<key>com.apple.mrj.application.live-resize</key>
			<string>true</string>
		</dict>
	</dict>
	<key>NSJavaNeeded</key>
	<string>YES</string>
	<key>NSJavaPath</key>
	<array>
		<string>japeserver.jar</string>
	</array>
	<key>NSJavaRoot</key>
	<string>Contents/Resources/Java</string>
</dict>
</plist>
";
			shouldUseHeadermap = 0;
		};
		1601BCDCFEEE210811DB9C8B = {
			buildActionMask = 2147483647;
			files = (
				F528CB2D0307C5B501A80116,
				F528CB2E0307C5B501A80116,
				F516FFB8031F824A01A80117,
				F516FFBC031F827D01A80117,
				F516FFD3031F87F501A80117,
				F586B1640326408D01A80117,
				F515B60F0331D98801A80116,
				F515B6110331D98801A80116,
				F515B6120331D98801A80116,
				F515B6140331D98801A80116,
				F515B6150331D98801A80116,
				F515B6160331D98801A80116,
				F515B6190331DA6801A80116,
				F515B61B0332012801A80116,
				F531A7B8033213F801A80116,
				F563B8B803372EA501A80116,
				F5CC966E03438BFF01A80116,
				F5865C6B035C34DD01A80116,
				F502FBE8035D88BC01A80116,
				F5E5E3B9035ED1EE01A80116,
				F5E5E3DF035EE1AC01A80116,
				F5E5E3E3035F171101A80116,
				F51F6C7C0360086701A80116,
				F51F6C80036025C101A80116,
				F51F6C830360266F01A80116,
				F556EA5F0366E4B801A80116,
				F59988FF036976E501A80116,
				F59989070369844F01A80116,
				F560AEE3036D797301A80116,
				F560AEEC036D799701A80116,
				F560AEED036D799701A80116,
				F560AEEE036D799701A80116,
				F560AEEF036D799701A80116,
				F560AEF0036D799701A80116,
				F560AEF1036D799701A80116,
				F50BD28D036EEC3A01A80116,
				F5D80C8C036F044901A80116,
				F5EAC0DC036F473D01A80117,
				F592908603728EA101A80117,
				F58AB2C00377FD2D01A80116,
				F58AB2C303780C4001A80116,
				F58AB2C603780DAC01A80116,
				F58AB2C90378188901A80116,
				F515271E037BB83201A80116,
				F5152721037BB90501A80116,
				F5152724037BC71E01A80116,
				F5152727037BCC1A01A80116,
				F515272A037BD50101A80116,
				F57E7E01037FBF5401A80116,
				F5B9B5BD038B969501A80116,
				F57E549D038BB91A01A80116,
				F5F50C870394DC6601A80116,
				F5F50C8A0394DDCB01A80116,
				F5F50C900394EBCF01A80116,
				F57EF910039503AE01A80116,
				F57EF913039507ED01A80116,
				F5DFE22A03953DAD01A80116,
				F574B00A03968EBA01A80116,
				F52ED070039BAC4001A80116,
				F54C942B039D03FB01A80116,
				F52B56B2039D210801A80116,
				F52B56B8039D296801A80116,
				F5E142E1039E1E4001A80116,
				F5158C92039E2C6101A80116,
				F5158C95039E321E01A80116,
			);
			isa = PBXSourcesBuildPhase;
			runOnlyForDeploymentPostprocessing = 0;
		};
		1601BCDEFEEE210811DB9C8B = {
			buildActionMask = 2147483647;
			files = (
			);
			isa = PBXJavaArchiveBuildPhase;
			runOnlyForDeploymentPostprocessing = 0;
		};
		1601BCDFFEEE210811DB9C8B = {
			buildActionMask = 2147483647;
			files = (
				010FB80D00814DD77F000001,
			);
			isa = PBXResourcesBuildPhase;
			runOnlyForDeploymentPostprocessing = 0;
		};
		1601BCE2FEEE210811DB9C8B = {
			buildActionMask = 2147483647;
			files = (
			);
			isa = PBXFrameworksBuildPhase;
			runOnlyForDeploymentPostprocessing = 0;
		};
//160
//161
//162
//163
//164
//F50
//F51
//F52
//F53
//F54
		F502FBE7035D88BC01A80116 = {
			isa = PBXFileReference;
			name = AnchoredScrollPane.java;
			path = ../../java_japeserver/AnchoredScrollPane.java;
			refType = 2;
		};
		F502FBE8035D88BC01A80116 = {
			fileRef = F502FBE7035D88BC01A80116;
			isa = PBXBuildFile;
			settings = {
			};
		};
		F502FBEB035D88BC01A80116 = {
			fileRef = F502FBE7035D88BC01A80116;
			isa = PBXBuildFile;
			settings = {
			};
		};
		F50BD28C036EEC3A01A80116 = {
			isa = PBXFileReference;
			name = LineItem.java;
			path = ../../java_japeserver/LineItem.java;
			refType = 2;
		};
		F50BD28D036EEC3A01A80116 = {
			fileRef = F50BD28C036EEC3A01A80116;
			isa = PBXBuildFile;
			settings = {
			};
		};
		F50BD28F036EEC3A01A80116 = {
			fileRef = F50BD28C036EEC3A01A80116;
			isa = PBXBuildFile;
			settings = {
			};
		};
		F515271D037BB83201A80116 = {
			isa = PBXFileReference;
			name = EmphasisableItem.java;
			path = ../../java_japeserver/EmphasisableItem.java;
			refType = 2;
		};
		F515271E037BB83201A80116 = {
			fileRef = F515271D037BB83201A80116;
			isa = PBXBuildFile;
			settings = {
			};
		};
		F515271F037BB83201A80116 = {
			fileRef = F515271D037BB83201A80116;
			isa = PBXBuildFile;
			settings = {
			};
		};
		F5152720037BB90501A80116 = {
			isa = PBXFileReference;
			name = Preferences.java;
			path = ../../java_japeserver/Preferences.java;
			refType = 2;
		};
		F5152721037BB90501A80116 = {
			fileRef = F5152720037BB90501A80116;
			isa = PBXBuildFile;
			settings = {
			};
		};
		F5152722037BB90501A80116 = {
			fileRef = F5152720037BB90501A80116;
			isa = PBXBuildFile;
			settings = {
			};
		};
		F5152723037BC71E01A80116 = {
			isa = PBXFileReference;
			name = WorldCanvas.java;
			path = ../../java_japeserver/WorldCanvas.java;
			refType = 2;
		};
		F5152724037BC71E01A80116 = {
			fileRef = F5152723037BC71E01A80116;
			isa = PBXBuildFile;
			settings = {
			};
		};
		F5152725037BC71E01A80116 = {
			fileRef = F5152723037BC71E01A80116;
			isa = PBXBuildFile;
			settings = {
			};
		};
		F5152726037BCC1A01A80116 = {
			isa = PBXFileReference;
			name = WorldItem.java;
			path = ../../java_japeserver/WorldItem.java;
			refType = 2;
		};
		F5152727037BCC1A01A80116 = {
			fileRef = F5152726037BCC1A01A80116;
			isa = PBXBuildFile;
			settings = {
			};
		};
		F5152728037BCC1A01A80116 = {
			fileRef = F5152726037BCC1A01A80116;
			isa = PBXBuildFile;
			settings = {
			};
		};
		F5152729037BD50101A80116 = {
			isa = PBXFileReference;
			name = CircleItem.java;
			path = ../../java_japeserver/CircleItem.java;
			refType = 2;
		};
		F515272A037BD50101A80116 = {
			fileRef = F5152729037BD50101A80116;
			isa = PBXBuildFile;
			settings = {
			};
		};
		F515272B037BD50101A80116 = {
			fileRef = F5152729037BD50101A80116;
			isa = PBXBuildFile;
			settings = {
			};
		};
		F5158C91039E2C6101A80116 = {
			isa = PBXFileReference;
			name = DragWorldLine.java;
			path = /Users/richard/cvsdownloads/jape/jape/java_japeserver/DragWorldLine.java;
			refType = 0;
		};
		F5158C92039E2C6101A80116 = {
			fileRef = F5158C91039E2C6101A80116;
			isa = PBXBuildFile;
			settings = {
			};
		};
		F5158C93039E2C6101A80116 = {
			fileRef = F5158C91039E2C6101A80116;
			isa = PBXBuildFile;
			settings = {
			};
		};
		F5158C94039E321E01A80116 = {
			isa = PBXFileReference;
			name = DragLine.java;
			path = /Users/richard/cvsdownloads/jape/jape/java_japeserver/DragLine.java;
			refType = 0;
		};
		F5158C95039E321E01A80116 = {
			fileRef = F5158C94039E321E01A80116;
			isa = PBXBuildFile;
			settings = {
			};
		};
		F5158C96039E321E01A80116 = {
			fileRef = F5158C94039E321E01A80116;
			isa = PBXBuildFile;
			settings = {
			};
		};
		F515B6050331D98801A80116 = {
			isa = PBXFileReference;
			name = AboutBox.java;
			path = ../../java_japeserver/AboutBox.java;
			refType = 2;
		};
		F515B6060331D98801A80116 = {
			isa = PBXFileReference;
			name = Alert.java;
			path = ../../java_japeserver/Alert.java;
			refType = 2;
		};
		F515B6080331D98801A80116 = {
			isa = PBXFileReference;
			name = FileChooser.java;
			path = ../../java_japeserver/FileChooser.java;
			refType = 2;
		};
		F515B6090331D98801A80116 = {
			isa = PBXFileReference;
			name = JapeFont.java;
			path = ../../java_japeserver/JapeFont.java;
			refType = 2;
		};
		F515B60B0331D98801A80116 = {
			isa = PBXFileReference;
			name = PosIntHashMap.java;
			path = ../../java_japeserver/PosIntHashMap.java;
			refType = 2;
		};
		F515B60C0331D98801A80116 = {
			isa = PBXFileReference;
			name = ProtocolError.java;
			path = ../../java_japeserver/ProtocolError.java;
			refType = 2;
		};
		F515B60D0331D98801A80116 = {
			isa = PBXFileReference;
			name = Reply.java;
			path = ../../java_japeserver/Reply.java;
			refType = 2;
		};
		F515B60F0331D98801A80116 = {
			fileRef = F515B6060331D98801A80116;
			isa = PBXBuildFile;
			settings = {
			};
		};
		F515B6110331D98801A80116 = {
			fileRef = F515B6080331D98801A80116;
			isa = PBXBuildFile;
			settings = {
			};
		};
		F515B6120331D98801A80116 = {
			fileRef = F515B6090331D98801A80116;
			isa = PBXBuildFile;
			settings = {
			};
		};
		F515B6140331D98801A80116 = {
			fileRef = F515B60B0331D98801A80116;
			isa = PBXBuildFile;
			settings = {
			};
		};
		F515B6150331D98801A80116 = {
			fileRef = F515B60C0331D98801A80116;
			isa = PBXBuildFile;
			settings = {
			};
		};
		F515B6160331D98801A80116 = {
			fileRef = F515B60D0331D98801A80116;
			isa = PBXBuildFile;
			settings = {
			};
		};
		F515B6180331DA6801A80116 = {
			isa = PBXFileReference;
			path = LocalSettings.java;
			refType = 2;
		};
		F515B6190331DA6801A80116 = {
			fileRef = F515B6180331DA6801A80116;
			isa = PBXBuildFile;
			settings = {
			};
		};
		F515B61A0332012801A80116 = {
			isa = PBXFileReference;
			name = ProofWindow.java;
			path = ../../java_japeserver/ProofWindow.java;
			refType = 2;
		};
		F515B61B0332012801A80116 = {
			fileRef = F515B61A0332012801A80116;
			isa = PBXBuildFile;
			settings = {
			};
		};
		F516FFB3031F822901A80117 = {
			isa = PBXFileReference;
			name = ProofCanvas.java;
			path = ../../java_japeserver/ProofCanvas.java;
			refType = 2;
		};
		F516FFB5031F823A01A80117 = {
			isa = PBXFileReference;
			name = DebugConstants.java;
			path = ../../java_japeserver/DebugConstants.java;
			refType = 2;
		};
		F516FFB8031F824A01A80117 = {
			fileRef = F516FFB5031F823A01A80117;
			isa = PBXBuildFile;
			settings = {
			};
		};
		F516FFB9031F825B01A80117 = {
			isa = PBXFileReference;
			name = TextItem.java;
			path = ../../java_japeserver/TextItem.java;
			refType = 2;
		};
		F516FFBB031F827D01A80117 = {
			isa = PBXFileReference;
			name = TextDimension.java;
			path = ../../java_japeserver/TextDimension.java;
			refType = 2;
		};
		F516FFBC031F827D01A80117 = {
			fileRef = F516FFBB031F827D01A80117;
			isa = PBXBuildFile;
			settings = {
			};
		};
		F516FFD2031F87F501A80117 = {
			isa = PBXFileReference;
			name = JapeMenu.java;
			path = ../../java_japeserver/JapeMenu.java;
			refType = 2;
		};
		F516FFD3031F87F501A80117 = {
			fileRef = F516FFD2031F87F501A80117;
			isa = PBXBuildFile;
			settings = {
			};
		};
		F51F6C7B0360086701A80116 = {
			isa = PBXFileReference;
			name = DisplayItem.java;
			path = ../../java_japeserver/DisplayItem.java;
			refType = 2;
		};
		F51F6C7C0360086701A80116 = {
			fileRef = F51F6C7B0360086701A80116;
			isa = PBXBuildFile;
			settings = {
			};
		};
		F51F6C7E0360086701A80116 = {
			fileRef = F51F6C7B0360086701A80116;
			isa = PBXBuildFile;
			settings = {
			};
		};
		F51F6C7F036025C101A80116 = {
			isa = PBXFileReference;
			name = JapeCanvas.java;
			path = ../../java_japeserver/JapeCanvas.java;
			refType = 2;
		};
		F51F6C80036025C101A80116 = {
			fileRef = F51F6C7F036025C101A80116;
			isa = PBXBuildFile;
			settings = {
			};
		};
		F51F6C82036025C101A80116 = {
			fileRef = F51F6C7F036025C101A80116;
			isa = PBXBuildFile;
			settings = {
			};
		};
		F51F6C830360266F01A80116 = {
			fileRef = F516FFB3031F822901A80117;
			isa = PBXBuildFile;
			settings = {
			};
		};
		F528CB2A0307C5B501A80116 = {
			fileEncoding = 4;
			isa = PBXFileReference;
			name = Dispatcher.java;
			path = ../../java_japeserver/Dispatcher.java;
			refType = 2;
		};
		F528CB2B0307C5B501A80116 = {
			isa = PBXFileReference;
			name = japeserver.java;
			path = ../../java_japeserver/japeserver.java;
			refType = 2;
		};
		F528CB2D0307C5B501A80116 = {
			fileRef = F528CB2A0307C5B501A80116;
			isa = PBXBuildFile;
			settings = {
			};
		};
		F528CB2E0307C5B501A80116 = {
			fileRef = F528CB2B0307C5B501A80116;
			isa = PBXBuildFile;
			settings = {
			};
		};
		F52B56B1039D210801A80116 = {
			isa = PBXFileReference;
			name = WorldLabel.java;
			path = /Users/richard/cvsdownloads/jape/jape/java_japeserver/WorldLabel.java;
			refType = 0;
		};
		F52B56B2039D210801A80116 = {
			fileRef = F52B56B1039D210801A80116;
			isa = PBXBuildFile;
			settings = {
			};
		};
		F52B56B3039D210801A80116 = {
			fileRef = F52B56B1039D210801A80116;
			isa = PBXBuildFile;
			settings = {
			};
		};
		F52B56B7039D296801A80116 = {
			isa = PBXFileReference;
			name = LabelTarget.java;
			path = /Users/richard/cvsdownloads/jape/jape/java_japeserver/LabelTarget.java;
			refType = 0;
		};
		F52B56B8039D296801A80116 = {
			fileRef = F52B56B7039D296801A80116;
			isa = PBXBuildFile;
			settings = {
			};
		};
		F52B56B9039D296801A80116 = {
			fileRef = F52B56B7039D296801A80116;
			isa = PBXBuildFile;
			settings = {
			};
		};
		F52ED06F039BAC4001A80116 = {
			isa = PBXFileReference;
			name = Target.java;
			path = /Users/richard/cvsdownloads/jape/jape/java_japeserver/Target.java;
			refType = 0;
		};
		F52ED070039BAC4001A80116 = {
			fileRef = F52ED06F039BAC4001A80116;
			isa = PBXBuildFile;
			settings = {
			};
		};
		F52ED071039BAC4001A80116 = {
			fileRef = F52ED06F039BAC4001A80116;
			isa = PBXBuildFile;
			settings = {
			};
		};
		F531A7B7033213F801A80116 = {
			isa = PBXFileReference;
			name = JapeWindow.java;
			path = ../../java_japeserver/JapeWindow.java;
			refType = 2;
		};
		F531A7B8033213F801A80116 = {
			fileRef = F531A7B7033213F801A80116;
			isa = PBXBuildFile;
			settings = {
			};
		};
		F54C942A039D03FB01A80116 = {
			isa = PBXFileReference;
			name = WasteBin.java;
			path = /Users/richard/cvsdownloads/jape/jape/java_japeserver/WasteBin.java;
			refType = 0;
		};
		F54C942B039D03FB01A80116 = {
			fileRef = F54C942A039D03FB01A80116;
			isa = PBXBuildFile;
			settings = {
			};
		};
		F54C942C039D03FB01A80116 = {
			fileRef = F54C942A039D03FB01A80116;
			isa = PBXBuildFile;
			settings = {
			};
		};
		F556EA5E0366E4B801A80116 = {
			isa = PBXFileReference;
			name = SelectionConstants.java;
			path = ../../java_japeserver/SelectionConstants.java;
			refType = 2;
		};
		F556EA5F0366E4B801A80116 = {
			fileRef = F556EA5E0366E4B801A80116;
			isa = PBXBuildFile;
			settings = {
			};
		};
		F556EA610366E4B801A80116 = {
			fileRef = F556EA5E0366E4B801A80116;
			isa = PBXBuildFile;
			settings = {
			};
		};
		F560AEE2036D797301A80116 = {
			isa = PBXFileReference;
			name = ConclusionItem.java;
			path = ../../java_japeserver/ConclusionItem.java;
			refType = 2;
		};
		F560AEE3036D797301A80116 = {
			fileRef = F560AEE2036D797301A80116;
			isa = PBXBuildFile;
			settings = {
			};
		};
		F560AEE5036D797301A80116 = {
			fileRef = F560AEE2036D797301A80116;
			isa = PBXBuildFile;
			settings = {
			};
		};
		F560AEE6036D799701A80116 = {
			isa = PBXFileReference;
			name = HypConcItem.java;
			path = ../../java_japeserver/HypConcItem.java;
			refType = 2;
		};
		F560AEE7036D799701A80116 = {
			isa = PBXFileReference;
			name = HypothesisItem.java;
			path = ../../java_japeserver/HypothesisItem.java;
			refType = 2;
		};
		F560AEE8036D799701A80116 = {
			isa = PBXFileReference;
			name = JapeMouseListener.java;
			path = ../../java_japeserver/JapeMouseListener.java;
			refType = 2;
		};
		F560AEE9036D799701A80116 = {
			isa = PBXFileReference;
			name = ProtocolConstants.java;
			path = ../../java_japeserver/ProtocolConstants.java;
			refType = 2;
		};
		F560AEEA036D799701A80116 = {
			isa = PBXFileReference;
			name = ReasonItem.java;
			path = ../../java_japeserver/ReasonItem.java;
			refType = 2;
		};
		F560AEEB036D799701A80116 = {
			isa = PBXFileReference;
			name = SelectableProofItem.java;
			path = ../../java_japeserver/SelectableProofItem.java;
			refType = 2;
		};
		F560AEEC036D799701A80116 = {
			fileRef = F560AEE6036D799701A80116;
			isa = PBXBuildFile;
			settings = {
			};
		};
		F560AEED036D799701A80116 = {
			fileRef = F560AEE7036D799701A80116;
			isa = PBXBuildFile;
			settings = {
			};
		};
		F560AEEE036D799701A80116 = {
			fileRef = F560AEE8036D799701A80116;
			isa = PBXBuildFile;
			settings = {
			};
		};
		F560AEEF036D799701A80116 = {
			fileRef = F560AEE9036D799701A80116;
			isa = PBXBuildFile;
			settings = {
			};
		};
		F560AEF0036D799701A80116 = {
			fileRef = F560AEEA036D799701A80116;
			isa = PBXBuildFile;
			settings = {
			};
		};
		F560AEF1036D799701A80116 = {
			fileRef = F560AEEB036D799701A80116;
			isa = PBXBuildFile;
			settings = {
			};
		};
		F560AEF8036D799701A80116 = {
			fileRef = F560AEE6036D799701A80116;
			isa = PBXBuildFile;
			settings = {
			};
		};
		F560AEF9036D799701A80116 = {
			fileRef = F560AEE7036D799701A80116;
			isa = PBXBuildFile;
			settings = {
			};
		};
		F560AEFA036D799701A80116 = {
			fileRef = F560AEE8036D799701A80116;
			isa = PBXBuildFile;
			settings = {
			};
		};
		F560AEFB036D799701A80116 = {
			fileRef = F560AEE9036D799701A80116;
			isa = PBXBuildFile;
			settings = {
			};
		};
		F560AEFC036D799701A80116 = {
			fileRef = F560AEEA036D799701A80116;
			isa = PBXBuildFile;
			settings = {
			};
		};
		F560AEFD036D799701A80116 = {
			fileRef = F560AEEB036D799701A80116;
			isa = PBXBuildFile;
			settings = {
			};
		};
		F563B8B703372EA501A80116 = {
			isa = PBXFileReference;
			name = SurrogateWindow.java;
			path = ../../java_japeserver/SurrogateWindow.java;
			refType = 2;
		};
		F563B8B803372EA501A80116 = {
			fileRef = F563B8B703372EA501A80116;
			isa = PBXBuildFile;
			settings = {
			};
		};
		F574B00903968EBA01A80116 = {
			isa = PBXFileReference;
			name = LineComponent.java;
			path = ../../java_japeserver/LineComponent.java;
			refType = 2;
		};
		F574B00A03968EBA01A80116 = {
			fileRef = F574B00903968EBA01A80116;
			isa = PBXBuildFile;
			settings = {
			};
		};
		F574B00B03968EBA01A80116 = {
			fileRef = F574B00903968EBA01A80116;
			isa = PBXBuildFile;
			settings = {
			};
		};
		F57E549C038BB91A01A80116 = {
			isa = PBXFileReference;
			name = JapeMouseTextAdapter.java;
			path = ../../java_japeserver/JapeMouseTextAdapter.java;
			refType = 2;
		};
		F57E549D038BB91A01A80116 = {
			fileRef = F57E549C038BB91A01A80116;
			isa = PBXBuildFile;
			settings = {
			};
		};
		F57E549E038BB91A01A80116 = {
			fileRef = F57E549C038BB91A01A80116;
			isa = PBXBuildFile;
			settings = {
			};
		};
		F57E7E00037FBF5401A80116 = {
			isa = PBXFileReference;
			name = Tile.java;
			path = ../../java_japeserver/Tile.java;
			refType = 2;
		};
		F57E7E01037FBF5401A80116 = {
			fileRef = F57E7E00037FBF5401A80116;
			isa = PBXBuildFile;
			settings = {
			};
		};
		F57E7E02037FBF5401A80116 = {
			fileRef = F57E7E00037FBF5401A80116;
			isa = PBXBuildFile;
			settings = {
			};
		};
		F57EF90F039503AE01A80116 = {
			isa = PBXFileReference;
			name = WorldTarget.java;
			path = ../../java_japeserver/WorldTarget.java;
			refType = 2;
		};
		F57EF910039503AE01A80116 = {
			fileRef = F57EF90F039503AE01A80116;
			isa = PBXBuildFile;
			settings = {
			};
		};
		F57EF911039503AE01A80116 = {
			fileRef = F57EF90F039503AE01A80116;
			isa = PBXBuildFile;
			settings = {
			};
		};
		F57EF912039507ED01A80116 = {
			isa = PBXFileReference;
			name = DragComponent.java;
			path = ../../java_japeserver/DragComponent.java;
			refType = 2;
		};
		F57EF913039507ED01A80116 = {
			fileRef = F57EF912039507ED01A80116;
			isa = PBXBuildFile;
			settings = {
			};
		};
		F57EF914039507ED01A80116 = {
			fileRef = F57EF912039507ED01A80116;
			isa = PBXBuildFile;
			settings = {
			};
		};
		F5865C6B035C34DD01A80116 = {
			fileRef = F515B6050331D98801A80116;
			isa = PBXBuildFile;
			settings = {
			};
		};
		F586B1630326408D01A80117 = {
			isa = PBXFileReference;
			name = ExampleFileFilter.java;
			path = ../../java_japeserver/ExampleFileFilter.java;
			refType = 2;
		};
		F586B1640326408D01A80117 = {
			fileRef = F586B1630326408D01A80117;
			isa = PBXBuildFile;
			settings = {
			};
		};
		F58AB2BF0377FD2D01A80116 = {
			isa = PBXFileReference;
			name = DisproofCanvas.java;
			path = ../../java_japeserver/DisproofCanvas.java;
			refType = 2;
		};
		F58AB2C00377FD2D01A80116 = {
			fileRef = F58AB2BF0377FD2D01A80116;
			isa = PBXBuildFile;
			settings = {
			};
		};
		F58AB2C10377FD2D01A80116 = {
			fileRef = F58AB2BF0377FD2D01A80116;
			isa = PBXBuildFile;
			settings = {
			};
		};
		F58AB2C203780C4001A80116 = {
			isa = PBXFileReference;
			name = DisproofHypItem.java;
			path = ../../java_japeserver/DisproofHypItem.java;
			refType = 2;
		};
		F58AB2C303780C4001A80116 = {
			fileRef = F58AB2C203780C4001A80116;
			isa = PBXBuildFile;
			settings = {
			};
		};
		F58AB2C403780C4001A80116 = {
			fileRef = F58AB2C203780C4001A80116;
			isa = PBXBuildFile;
			settings = {
			};
		};
		F58AB2C503780DAC01A80116 = {
			isa = PBXFileReference;
			name = DisproofConcItem.java;
			path = ../../java_japeserver/DisproofConcItem.java;
			refType = 2;
		};
		F58AB2C603780DAC01A80116 = {
			fileRef = F58AB2C503780DAC01A80116;
			isa = PBXBuildFile;
			settings = {
			};
		};
		F58AB2C703780DAC01A80116 = {
			fileRef = F58AB2C503780DAC01A80116;
			isa = PBXBuildFile;
			settings = {
			};
		};
		F58AB2C80378188901A80116 = {
			isa = PBXFileReference;
			name = DisproofPane.java;
			path = ../../java_japeserver/DisproofPane.java;
			refType = 2;
		};
		F58AB2C90378188901A80116 = {
			fileRef = F58AB2C80378188901A80116;
			isa = PBXBuildFile;
			settings = {
			};
		};
		F58AB2CA0378188901A80116 = {
			fileRef = F58AB2C80378188901A80116;
			isa = PBXBuildFile;
			settings = {
			};
		};
		F592908503728EA101A80117 = {
			isa = PBXFileReference;
			name = PanelWindowData.java;
			path = ../../java_japeserver/PanelWindowData.java;
			refType = 2;
		};
		F592908603728EA101A80117 = {
			fileRef = F592908503728EA101A80117;
			isa = PBXBuildFile;
			settings = {
			};
		};
		F592908803728EA101A80117 = {
			fileRef = F592908503728EA101A80117;
			isa = PBXBuildFile;
			settings = {
			};
		};
		F59988FE036976E501A80116 = {
			isa = PBXFileReference;
			name = JapeMouseAdapter.java;
			path = ../../java_japeserver/JapeMouseAdapter.java;
			refType = 2;
		};
		F59988FF036976E501A80116 = {
			fileRef = F59988FE036976E501A80116;
			isa = PBXBuildFile;
			settings = {
			};
		};
		F5998901036976E501A80116 = {
			fileRef = F59988FE036976E501A80116;
			isa = PBXBuildFile;
			settings = {
			};
		};
		F59989060369844F01A80116 = {
			isa = PBXFileReference;
			name = SelectableItem.java;
			path = ../../java_japeserver/SelectableItem.java;
			refType = 2;
		};
		F59989070369844F01A80116 = {
			fileRef = F59989060369844F01A80116;
			isa = PBXBuildFile;
			settings = {
			};
		};
		F59989090369844F01A80116 = {
			fileRef = F59989060369844F01A80116;
			isa = PBXBuildFile;
			settings = {
			};
		};
		F59F3D1C033773B101A80116 = {
			isa = PBXFileReference;
			name = LocalSettings.java;
			path = ../../java_japeserver/LocalSettings.java;
			refType = 2;
		};
		F5AB83120339F3B701A80116 = {
			buildActionMask = 2147483647;
			files = (
				F5AB83190339F3FE01A80116,
				F5AB831A0339F3FF01A80116,
				F5AB831D0339F40201A80116,
				F5AB831E0339F40301A80116,
				F5AB831F0339F40401A80116,
				F5AB83200339F40501A80116,
				F5AB83220339F40701A80116,
				F5AB83230339F40801A80116,
				F5AB83240339F40901A80116,
				F5AB83250339F40A01A80116,
				F5AB83270339F41001A80116,
				F5AB83290339F41401A80116,
				F5AB832A0339F41501A80116,
				F5AB832B0339F41601A80116,
				F5AB832C0339F41701A80116,
				F5AB832D0339F41801A80116,
				F5AB832E0339F41A01A80116,
				F5AB832F0339F41B01A80116,
				F5AB83300339F41D01A80116,
				F5CC967103438BFF01A80116,
				F502FBEB035D88BC01A80116,
				F5E5E3E1035EE1AC01A80116,
				F5E5E3E5035F171101A80116,
				F51F6C7E0360086701A80116,
				F51F6C82036025C101A80116,
				F556EA610366E4B801A80116,
				F5998901036976E501A80116,
				F59989090369844F01A80116,
				F560AEE5036D797301A80116,
				F560AEF8036D799701A80116,
				F560AEF9036D799701A80116,
				F560AEFA036D799701A80116,
				F560AEFB036D799701A80116,
				F560AEFC036D799701A80116,
				F560AEFD036D799701A80116,
				F50BD28F036EEC3A01A80116,
				F5D80C8E036F044901A80116,
				F5EAC0DE036F473D01A80117,
				F592908803728EA101A80117,
				F58AB2C10377FD2D01A80116,
				F58AB2C403780C4001A80116,
				F58AB2C703780DAC01A80116,
				F58AB2CA0378188901A80116,
				F515271F037BB83201A80116,
				F5152722037BB90501A80116,
				F5152725037BC71E01A80116,
				F5152728037BCC1A01A80116,
				F515272B037BD50101A80116,
				F57E7E02037FBF5401A80116,
				F5B9B5BE038B969501A80116,
				F57E549E038BB91A01A80116,
				F5F50C880394DC6601A80116,
				F5F50C8B0394DDCB01A80116,
				F5F50C910394EBCF01A80116,
				F57EF911039503AE01A80116,
				F57EF914039507ED01A80116,
				F5DFE22B03953DAD01A80116,
				F574B00B03968EBA01A80116,
				F52ED071039BAC4001A80116,
				F54C942C039D03FB01A80116,
				F52B56B3039D210801A80116,
				F52B56B9039D296801A80116,
				F5E142E2039E1E4001A80116,
				F5158C93039E2C6101A80116,
				F5158C96039E321E01A80116,
			);
			isa = PBXSourcesBuildPhase;
			runOnlyForDeploymentPostprocessing = 0;
		};
		F5AB83130339F3B701A80116 = {
			buildActionMask = 2147483647;
			files = (
				F5AB83260339F40E01A80116,
			);
			isa = PBXResourcesBuildPhase;
			runOnlyForDeploymentPostprocessing = 0;
		};
		F5AB83140339F3B701A80116 = {
			buildActionMask = 2147483647;
			files = (
			);
			isa = PBXJavaArchiveBuildPhase;
			runOnlyForDeploymentPostprocessing = 0;
		};
		F5AB83150339F3B701A80116 = {
			buildActionMask = 2147483647;
			files = (
			);
			isa = PBXFrameworksBuildPhase;
			runOnlyForDeploymentPostprocessing = 0;
		};
		F5AB83160339F3B701A80116 = {
			buildPhases = (
				F5AB83120339F3B701A80116,
				F5AB83130339F3B701A80116,
				F5AB83140339F3B701A80116,
				F5AB83150339F3B701A80116,
			);
			buildSettings = {
				JAVA_COMPILER = /usr/bin/javac;
				JAVA_ONLY = YES;
				JAVA_SOURCE_SUBDIR = .;
				OTHER_CFLAGS = "";
				OTHER_LDFLAGS = "";
				OTHER_REZFLAGS = "";
				PRODUCT_NAME = nonlocaljapeserver;
				SECTORDER_FLAGS = "";
				WARNING_CFLAGS = "-Wmost -Wno-four-char-constants -Wno-unknown-pragmas";
				WRAPPER_EXTENSION = app;
			};
			dependencies = (
			);
			isa = PBXApplicationTarget;
			name = nonlocaljapeserver;
			productInstallPath = "$(USER_APPS_DIR)";
			productName = nonlocaljapeserver;
			productReference = F5AB83170339F3B701A80116;
			productSettingsXML = "<?xml version=\"1.0\" encoding=\"UTF-8\"?>
<!DOCTYPE plist PUBLIC \"-//Apple Computer//DTD PLIST 1.0//EN\" \"http://www.apple.com/DTDs/PropertyList-1.0.dtd\">
<plist version=\"1.0\">
<dict>
	<key>CFBundleDevelopmentRegion</key>
	<string>English</string>
	<key>CFBundleExecutable</key>
	<string></string>
	<key>CFBundleGetInfoString</key>
	<string></string>
	<key>CFBundleIconFile</key>
	<string></string>
	<key>CFBundleIdentifier</key>
	<string></string>
	<key>CFBundleInfoDictionaryVersion</key>
	<string>6.0</string>
	<key>CFBundleName</key>
	<string></string>
	<key>CFBundlePackageType</key>
	<string>APPL</string>
	<key>CFBundleShortVersionString</key>
	<string></string>
	<key>CFBundleSignature</key>
	<string>????</string>
	<key>CFBundleVersion</key>
	<string>0.0.1d1</string>
	<key>Java</key>
	<dict>
		<key>ClassPath</key>
		<array>
			<string>$JAVAROOT/nonlocaljapeserver.jar</string>
		</array>
		<key>MainClass</key>
		<string>japeserver</string>
	</dict>
	<key>NSJavaNeeded</key>
	<string>YES</string>
	<key>NSJavaPath</key>
	<array>
		<string>nonlocaljapeserver.jar</string>
	</array>
	<key>NSJavaRoot</key>
	<string>Contents/Resources/Java</string>
</dict>
</plist>
";
			shouldUseHeadermap = 0;
		};
		F5AB83170339F3B701A80116 = {
			isa = PBXApplicationReference;
			path = nonlocaljapeserver.app;
			refType = 3;
		};
		F5AB83190339F3FE01A80116 = {
			fileRef = F515B6050331D98801A80116;
			isa = PBXBuildFile;
			settings = {
			};
		};
		F5AB831A0339F3FF01A80116 = {
			fileRef = F515B6060331D98801A80116;
			isa = PBXBuildFile;
			settings = {
			};
		};
		F5AB831D0339F40201A80116 = {
			fileRef = F516FFB5031F823A01A80117;
			isa = PBXBuildFile;
			settings = {
			};
		};
		F5AB831E0339F40301A80116 = {
			fileRef = F528CB2A0307C5B501A80116;
			isa = PBXBuildFile;
			settings = {
			};
		};
		F5AB831F0339F40401A80116 = {
			fileRef = F586B1630326408D01A80117;
			isa = PBXBuildFile;
			settings = {
			};
		};
		F5AB83200339F40501A80116 = {
			fileRef = F515B6080331D98801A80116;
			isa = PBXBuildFile;
			settings = {
			};
		};
		F5AB83220339F40701A80116 = {
			fileRef = F515B6090331D98801A80116;
			isa = PBXBuildFile;
			settings = {
			};
		};
		F5AB83230339F40801A80116 = {
			fileRef = F516FFD2031F87F501A80117;
			isa = PBXBuildFile;
			settings = {
			};
		};
		F5AB83240339F40901A80116 = {
			fileRef = F531A7B7033213F801A80116;
			isa = PBXBuildFile;
			settings = {
			};
		};
		F5AB83250339F40A01A80116 = {
			fileRef = F528CB2B0307C5B501A80116;
			isa = PBXBuildFile;
			settings = {
			};
		};
		F5AB83260339F40E01A80116 = {
			fileRef = 10F9BF62FEEDA25E11DB9C8B;
			isa = PBXBuildFile;
			settings = {
			};
		};
		F5AB83270339F41001A80116 = {
			fileRef = F59F3D1C033773B101A80116;
			isa = PBXBuildFile;
			settings = {
			};
		};
		F5AB83290339F41401A80116 = {
			fileRef = F515B60B0331D98801A80116;
			isa = PBXBuildFile;
			settings = {
			};
		};
		F5AB832A0339F41501A80116 = {
			fileRef = F516FFB3031F822901A80117;
			isa = PBXBuildFile;
			settings = {
			};
		};
		F5AB832B0339F41601A80116 = {
			fileRef = F515B61A0332012801A80116;
			isa = PBXBuildFile;
			settings = {
			};
		};
		F5AB832C0339F41701A80116 = {
			fileRef = F515B60C0331D98801A80116;
			isa = PBXBuildFile;
			settings = {
			};
		};
		F5AB832D0339F41801A80116 = {
			fileRef = F563B8B703372EA501A80116;
			isa = PBXBuildFile;
			settings = {
			};
		};
		F5AB832E0339F41A01A80116 = {
			fileRef = F516FFBB031F827D01A80117;
			isa = PBXBuildFile;
			settings = {
			};
		};
		F5AB832F0339F41B01A80116 = {
			fileRef = F515B60D0331D98801A80116;
			isa = PBXBuildFile;
			settings = {
			};
		};
		F5AB83300339F41D01A80116 = {
			fileRef = F516FFB9031F825B01A80117;
			isa = PBXBuildFile;
			settings = {
			};
		};
		F5B9B5BC038B969501A80116 = {
			isa = PBXFileReference;
			name = JapeCharEncoding.java;
			path = ../../java_japeserver/JapeCharEncoding.java;
			refType = 2;
		};
		F5B9B5BD038B969501A80116 = {
			fileRef = F5B9B5BC038B969501A80116;
			isa = PBXBuildFile;
			settings = {
			};
		};
		F5B9B5BE038B969501A80116 = {
			fileRef = F5B9B5BC038B969501A80116;
			isa = PBXBuildFile;
			settings = {
			};
		};
		F5CC966D03438BFF01A80116 = {
			isa = PBXFileReference;
			name = ContainerWithOrigin.java;
			path = ../../java_japeserver/ContainerWithOrigin.java;
			refType = 2;
		};
		F5CC966E03438BFF01A80116 = {
			fileRef = F5CC966D03438BFF01A80116;
			isa = PBXBuildFile;
			settings = {
			};
		};
		F5CC967103438BFF01A80116 = {
			fileRef = F5CC966D03438BFF01A80116;
			isa = PBXBuildFile;
			settings = {
			};
		};
		F5D80C8B036F044901A80116 = {
			isa = PBXFileReference;
			name = RectItem.java;
			path = ../../java_japeserver/RectItem.java;
			refType = 2;
		};
		F5D80C8C036F044901A80116 = {
			fileRef = F5D80C8B036F044901A80116;
			isa = PBXBuildFile;
			settings = {
			};
		};
		F5D80C8E036F044901A80116 = {
			fileRef = F5D80C8B036F044901A80116;
			isa = PBXBuildFile;
			settings = {
			};
		};
		F5DFE22903953DAD01A80116 = {
			isa = PBXFileReference;
			name = WorldConnector.java;
			path = ../../java_japeserver/WorldConnector.java;
			refType = 2;
		};
		F5DFE22A03953DAD01A80116 = {
			fileRef = F5DFE22903953DAD01A80116;
			isa = PBXBuildFile;
			settings = {
			};
		};
		F5DFE22B03953DAD01A80116 = {
			fileRef = F5DFE22903953DAD01A80116;
			isa = PBXBuildFile;
			settings = {
			};
		};
		F5E142E0039E1E4001A80116 = {
			isa = PBXFileReference;
			name = DragImage.java;
			path = /Users/richard/cvsdownloads/jape/jape/java_japeserver/DragImage.java;
			refType = 0;
		};
		F5E142E1039E1E4001A80116 = {
			fileRef = F5E142E0039E1E4001A80116;
			isa = PBXBuildFile;
			settings = {
			};
		};
		F5E142E2039E1E4001A80116 = {
			fileRef = F5E142E0039E1E4001A80116;
			isa = PBXBuildFile;
			settings = {
			};
		};
		F5E5E3B9035ED1EE01A80116 = {
			fileRef = F516FFB9031F825B01A80117;
			isa = PBXBuildFile;
			settings = {
			};
		};
		F5E5E3BF035EE05E01A80116 = {
			isa = PBXFileReference;
			name = ToDo;
			path = ../../java_japeserver/ToDo;
			refType = 2;
		};
		F5E5E3DE035EE1AC01A80116 = {
			isa = PBXFileReference;
			name = MinWaste.java;
			path = ../../java_japeserver/MinWaste.java;
			refType = 2;
		};
		F5E5E3DF035EE1AC01A80116 = {
			fileRef = F5E5E3DE035EE1AC01A80116;
			isa = PBXBuildFile;
			settings = {
			};
		};
		F5E5E3E1035EE1AC01A80116 = {
			fileRef = F5E5E3DE035EE1AC01A80116;
			isa = PBXBuildFile;
			settings = {
			};
		};
		F5E5E3E2035F171101A80116 = {
			isa = PBXFileReference;
			name = TextSelectableItem.java;
			path = ../../java_japeserver/TextSelectableItem.java;
			refType = 2;
		};
		F5E5E3E3035F171101A80116 = {
			fileRef = F5E5E3E2035F171101A80116;
			isa = PBXBuildFile;
			settings = {
			};
		};
		F5E5E3E5035F171101A80116 = {
			fileRef = F5E5E3E2035F171101A80116;
			isa = PBXBuildFile;
			settings = {
			};
		};
		F5EAC0DB036F473D01A80117 = {
			isa = PBXFileReference;
			name = TextSelectableProofItem.java;
			path = ../../java_japeserver/TextSelectableProofItem.java;
			refType = 2;
		};
		F5EAC0DC036F473D01A80117 = {
			fileRef = F5EAC0DB036F473D01A80117;
			isa = PBXBuildFile;
			settings = {
			};
		};
		F5EAC0DE036F473D01A80117 = {
			fileRef = F5EAC0DB036F473D01A80117;
			isa = PBXBuildFile;
			settings = {
			};
		};
		F5F50C860394DC6601A80116 = {
			isa = PBXFileReference;
			name = MiscellaneousConstants.java;
			path = ../../java_japeserver/MiscellaneousConstants.java;
			refType = 2;
		};
		F5F50C870394DC6601A80116 = {
			fileRef = F5F50C860394DC6601A80116;
			isa = PBXBuildFile;
			settings = {
			};
		};
		F5F50C880394DC6601A80116 = {
			fileRef = F5F50C860394DC6601A80116;
			isa = PBXBuildFile;
			settings = {
			};
		};
		F5F50C890394DDCB01A80116 = {
			isa = PBXFileReference;
			name = Flyback.java;
			path = ../../java_japeserver/Flyback.java;
			refType = 2;
		};
		F5F50C8A0394DDCB01A80116 = {
			fileRef = F5F50C890394DDCB01A80116;
			isa = PBXBuildFile;
			settings = {
			};
		};
		F5F50C8B0394DDCB01A80116 = {
			fileRef = F5F50C890394DDCB01A80116;
			isa = PBXBuildFile;
			settings = {
			};
		};
		F5F50C8F0394EBCF01A80116 = {
			isa = PBXFileReference;
			name = TileTarget.java;
			path = ../../java_japeserver/TileTarget.java;
			refType = 2;
		};
		F5F50C900394EBCF01A80116 = {
			fileRef = F5F50C8F0394EBCF01A80116;
			isa = PBXBuildFile;
			settings = {
			};
		};
		F5F50C910394EBCF01A80116 = {
			fileRef = F5F50C8F0394EBCF01A80116;
			isa = PBXBuildFile;
			settings = {
			};
		};
	};
	rootObject = 01F12F4CFEC8CE2211DB9C8B;
}
